{
  "version": 2,
  "dependencies": {
    "net10.0": {
      "AwesomeAssertions": {
        "type": "Direct",
        "requested": "[9.6.0, )",
        "resolved": "9.6.0",
        "contentHash": "8kdtgI+tZIgP46ncnk650/dU4JSrn+n2Dkic8FvjIFn72P6Nv1Afyr5F8F3PsokHg1GBSBVo1/Z+eZOrU5esSA=="
      },
      "coverlet.collector": {
        "type": "Direct",
        "requested": "[10.0.1, )",
        "resolved": "10.0.1",
        "contentHash": "27jXSV/0DbVqF5jDrAxuQFZ9oaz6gmG03p8ttxAFk+X0M4woFYj7MoWDLCna5EGLb0CE6OE7X6ZH3Wt5smTtaA=="
      },
      "Microsoft.EntityFrameworkCore.InMemory": {
        "type": "Direct",
        "requested": "[9.0.19, )",
        "resolved": "9.0.19",
        "contentHash": "6hAGqYywlgbpF+9mNNnoVQ1cU5bMIJdWxF6G4RuTtK4REGXi2Kg6J3UF8tFU0fFZWVp2gpTIi6G/lmDKD7VoVQ==",
        "dependencies": {
          "Microsoft.EntityFrameworkCore": "9.0.19",
          "Microsoft.Extensions.Caching.Memory": "9.0.19",
          "Microsoft.Extensions.Logging": "9.0.19"
        }
      },
      "Microsoft.Extensions.DependencyInjection": {
        "type": "Direct",
        "requested": "[10.0.11, )",
        "resolved": "10.0.11",
        "contentHash": "PSmotV19c7E3lKed++uYo1kSiXFI+uTl37CBSrhq+CfLC3FCHjG7R91+xPnNehQfHS1b0Tzo/CCLPWH3qaEheg==",
        "dependencies": {
          "Microsoft.Extensions.DependencyInjection.Abstractions": "10.0.11"
        }
      },
      "Microsoft.NET.Test.Sdk": {
        "type": "Direct",
        "requested": "[18.9.0, )",
        "resolved": "18.9.0",
        "contentHash": "xIzVXa/VpKXqDWzyC/5Hw8JbFY5u9k3Jc53CpcjBiOXvkQGio484LD9FNwOiGUSMDcYL3Rcw9sNgGi5WrswlPQ==",
        "dependencies": {
          "Microsoft.CodeCoverage": "18.9.0",
          "Microsoft.TestPlatform.TestHost": "18.9.0"
        }
      },
      "Testcontainers.PostgreSql": {
        "type": "Direct",
        "requested": "[4.14.0, )",
        "resolved": "4.14.0",
        "contentHash": "OPHWR9oCW89yuNxJjUo8Xtwrk0bcOdzFOE2Ryo01GAf/3WEzD+0j0gmdKSxx5kBprCdlbXurBJyaV7nSLPyWKQ==",
        "dependencies": {
          "Testcontainers": "4.14.0"
        }
      },
      "xunit": {
        "type": "Direct",
        "requested": "[2.9.3, )",
        "resolved": "2.9.3",
        "contentHash": "TlXQBinK35LpOPKHAqbLY4xlEen9TBafjs0V5KnA4wZsoQLQJiirCR4CbIXvOH8NzkW4YeJKP5P/Bnrodm0h9Q==",
        "dependencies": {
          "xunit.analyzers": "1.18.0",
          "xunit.assert": "2.9.3",
          "xunit.core": "[2.9.3]"
        }
      },
      "xunit.runner.visualstudio": {
        "type": "Direct",
        "requested": "[4.0.0, )",
        "resolved": "4.0.0",
        "contentHash": "kzLFyBYUnoidpGOXvpNOfIo8C92gVgVR6X8ncHwhcrDYugiOut5rrhDkr0L3cWHd7J2pKXf6LgaeXoBBDlx1ag=="
      },
      "Azure.Core": {
        "type": "Transitive",
        "resolved": "1.38.0",
        "contentHash": "IuEgCoVA0ef7E4pQtpC3+TkPbzaoQfa77HlfJDmfuaJUCVJmn7fT0izamZiryW5sYUFKizsftIxMkXKbgIcPMQ==",
        "dependencies": {
          "Microsoft.Bcl.AsyncInterfaces": "1.1.1",
          "System.ClientModel": "1.0.0",
          "System.Memory.Data": "1.0.2"
        }
      },
      "Azure.Identity": {
        "type": "Transitive",
        "resolved": "1.11.4",
        "contentHash": "Sf4BoE6Q3jTgFkgBkx7qztYOFELBCo+wQgpYDwal/qJ1unBH73ywPztIJKXBXORRzAeNijsuxhk94h0TIMvfYg==",
        "dependencies": {
          "Azure.Core": "1.38.0",
          "Microsoft.Identity.Client": "4.61.3",
          "Microsoft.Identity.Client.Extensions.Msal": "4.61.3",
          "System.Security.Cryptography.ProtectedData": "4.7.0"
        }
      },
      "BouncyCastle.Cryptography": {
        "type": "Transitive",
        "resolved": "2.7.0",
        "contentHash": "U+12df8UEWHgBi04YVf/Lgi2dy3SItlIYvHjjEVa/BngCQIzDCDRBk50DDByCfDvSbe5pRNFr3b7UrVK2kMcLw=="
      },
      "Docker.DotNet.Enhanced": {
        "type": "Transitive",
        "resolved": "4.3.3",
        "contentHash": "nGicLwvd42FhRk+khY5uS6cx49ErNdwYKnYBg0F4m4BDKLp/R77AVmmN9xAiqI3W/wN5ZCHkdUhgxf5ORkZuFQ==",
        "dependencies": {
          "Docker.DotNet.Enhanced.Handler.Abstractions": "4.3.3",
          "Docker.DotNet.Enhanced.LegacyHttp": "4.3.3",
          "Docker.DotNet.Enhanced.NPipe": "4.3.3",
          "Docker.DotNet.Enhanced.NativeHttp": "4.3.3",
          "Docker.DotNet.Enhanced.Unix": "4.3.3",
          "Microsoft.Extensions.Logging.Abstractions": "8.0.3"
        }
      },
      "Docker.DotNet.Enhanced.Handler.Abstractions": {
        "type": "Transitive",
        "resolved": "4.3.3",
        "contentHash": "9Cp8hOgtynixcDoAs9lnEaQosluojSYmiW3fsLsLIVfZjlq/fznSIZNUhnmyT4Xo1Iyuok/y49WL/25O47u0Pw==",
        "dependencies": {
          "Microsoft.Extensions.Logging.Abstractions": "8.0.3"
        }
      },
      "Docker.DotNet.Enhanced.LegacyHttp": {
        "type": "Transitive",
        "resolved": "4.3.3",
        "contentHash": "7j3M16emv9PAQN7VwFn23xLYNj8GJmwPOcogveHkaWnOCqiC+anRaNKQwqIBNApM1AuwZKivehTKTPmmrjUUnw==",
        "dependencies": {
          "Docker.DotNet.Enhanced.Handler.Abstractions": "4.3.3"
        }
      },
      "Docker.DotNet.Enhanced.NativeHttp": {
        "type": "Transitive",
        "resolved": "4.3.3",
        "contentHash": "iNzK+jRFeEMobSA7l/h4ARwCKOOefOWtVN5/RB0ft6/6H6IQXvVUuOgGyZAjYLBT7TsyClRYno2B904f3dtBuQ==",
        "dependencies": {
          "Docker.DotNet.Enhanced.Handler.Abstractions": "4.3.3"
        }
      },
      "Docker.DotNet.Enhanced.NPipe": {
        "type": "Transitive",
        "resolved": "4.3.3",
        "contentHash": "ZTLYufuEfY0e6qLOgeH9QgXx2KYuoABRVaY5A8rsggyLgYqbDj9rCRfVAhHPCUv83S7pVxDHy+Tvm/BnxjWVpg==",
        "dependencies": {
          "Docker.DotNet.Enhanced.Handler.Abstractions": "4.3.3"
        }
      },
      "Docker.DotNet.Enhanced.Unix": {
        "type": "Transitive",
        "resolved": "4.3.3",
        "contentHash": "ypo8qNbmvHw1t9VfpRTMogCw2vht6VjkXzlGYUUeP2H2bf83USURdla1maW1njn2oq2rfLUFOGMfmt+A37QU2w==",
        "dependencies": {
          "Docker.DotNet.Enhanced.Handler.Abstractions": "4.3.3"
        }
      },
      "Docker.DotNet.Enhanced.X509": {
        "type": "Transitive",
        "resolved": "4.3.3",
        "contentHash": "oBDibWezEv4hgj3RIQxI3DVcxkNV1MdrD0d/jhjUu+h3DL+qc0wlkQva15kkwMatXmC/hWp1VP0DMoFXe+BmEw==",
        "dependencies": {
          "Docker.DotNet.Enhanced.Handler.Abstractions": "4.3.3"
        }
      },
      "Microsoft.Bcl.AsyncInterfaces": {
        "type": "Transitive",
        "resolved": "1.1.1",
        "contentHash": "yuvf07qFWFqtK3P/MRkEKLhn5r2UbSpVueRziSqj0yJQIKFwG1pq9mOayK3zE5qZCTs0CbrwL9M6R8VwqyGy2w=="
      },
      "Microsoft.CodeCoverage": {
        "type": "Transitive",
        "resolved": "18.9.0",
        "contentHash": "MtegCIKGuG0r/LCdIjoR1HgzCGIUBhR3aNdbtQpts5vMXQuqBDZ2Jsd2uFKoHFM2XrQV6ZrDf3F5oLi3SLTp8w=="
      },
      "Microsoft.Data.SqlClient": {
        "type": "Transitive",
        "resolved": "5.1.6",
        "contentHash": "+pz7gIPh5ydsBcQvivt4R98PwJXer86fyQBBToIBLxZ5kuhW4N13Ijz87s9WpuPtF1vh4JesYCgpDPAOgkMhdg==",
        "dependencies": {
          "Azure.Identity": "1.11.4",
          "Microsoft.Data.SqlClient.SNI.runtime": "5.1.1",
          "Microsoft.Identity.Client": "4.61.3",
          "Microsoft.IdentityModel.JsonWebTokens": "6.35.0",
          "Microsoft.IdentityModel.Protocols.OpenIdConnect": "6.35.0",
          "Microsoft.SqlServer.Server": "1.0.0",
          "System.Configuration.ConfigurationManager": "6.0.1",
          "System.Runtime.Caching": "6.0.0"
        }
      },
      "Microsoft.Data.SqlClient.SNI.runtime": {
        "type": "Transitive",
        "resolved": "5.1.1",
        "contentHash": "wNGM5ZTQCa2blc9ikXQouybGiyMd6IHPVJvAlBEPtr6JepZEOYeDxGyprYvFVeOxlCXs7avridZQ0nYkHzQWCQ=="
      },
      "Microsoft.Data.Sqlite.Core": {
        "type": "Transitive",
        "resolved": "9.0.19",
        "contentHash": "Gja5rRIseFecLqPX9QjmZV5sHL8+wFv3jBHDq7rFCqpjKPFrBN3O/8wp1Hjb9cfSwLR2xpa+O7x0/yUrX/xGDQ==",
        "dependencies": {
          "SQLitePCLRaw.core": "2.1.12"
        }
      },
      "Microsoft.EntityFrameworkCore.Abstractions": {
        "type": "Transitive",
        "resolved": "9.0.19",
        "contentHash": "igPnmVL3DU2ZH/4DNeQqWttNrQpwwg0q6MWj5peZxtl0QVMDSeFtnt2yhhdSffklZKYsAFko1sh/va3z4y7S6A=="
      },
      "Microsoft.EntityFrameworkCore.Analyzers": {
        "type": "Transitive",
        "resolved": "9.0.19",
        "contentHash": "yI5dQuvigJ6ICQECOlJDtrsUYcuDryv3qsZK1i6ZA/IzMzZ/VPkDzjE4r2LivuyVSGnkDRkH2cp4LmrhXARRKw=="
      },
      "Microsoft.EntityFrameworkCore.Relational": {
        "type": "Transitive",
        "resolved": "9.0.19",
        "contentHash": "KAfYGG4LWRNn1G/vMRydxgOjuZoWUvdd5raUcIia/HPg1jUjlQzS386nUx5gt3YfKxpFJaCGxdsQ1nCZWuYR8A==",
        "dependencies": {
          "Microsoft.EntityFrameworkCore": "9.0.19",
          "Microsoft.Extensions.Caching.Memory": "9.0.19",
          "Microsoft.Extensions.Configuration.Abstractions": "9.0.19",
          "Microsoft.Extensions.Logging": "9.0.19"
        }
      },
      "Microsoft.EntityFrameworkCore.Sqlite.Core": {
        "type": "Transitive",
        "resolved": "9.0.19",
        "contentHash": "yguHtfJ00c6yx8cP6s7bkNOYBXg4xOq8mnlv0k9JHJe0wUTKUtZ5nULr9MndVrd8uGEhHpOot43v8rZKhC9mfw==",
        "dependencies": {
          "Microsoft.Data.Sqlite.Core": "9.0.19",
          "Microsoft.EntityFrameworkCore.Relational": "9.0.19",
          "Microsoft.Extensions.Caching.Memory": "9.0.19",
          "Microsoft.Extensions.Configuration.Abstractions": "9.0.19",
          "Microsoft.Extensions.DependencyModel": "9.0.19",
          "Microsoft.Extensions.Logging": "9.0.19",
          "SQLitePCLRaw.core": "2.1.12"
        }
      },
      "Microsoft.Extensions.Caching.Abstractions": {
        "type": "Transitive",
        "resolved": "9.0.19",
        "contentHash": "qe/6m6wxRG+N5xTf4Z3lDBAiVu6oBCUyADJ5OzlFgukD9Vg/6zB3MNnNEFA7amZg8hjcS6F4OZBRmB07A+gmHQ==",
        "dependencies": {
          "Microsoft.Extensions.Primitives": "9.0.19"
        }
      },
      "Microsoft.Extensions.Caching.Memory": {
        "type": "Transitive",
        "resolved": "9.0.19",
        "contentHash": "Y0w5LkBqWkDh5vYTKM+QKlzxpqegEtP86oDhFMXgx4tDkWL2t+rl4h2vxBHkvBtM/gM6PoLK9QCrnoclXtHtVQ==",
        "dependencies": {
          "Microsoft.Extensions.Caching.Abstractions": "9.0.19",
          "Microsoft.Extensions.DependencyInjection.Abstractions": "9.0.19",
          "Microsoft.Extensions.Logging.Abstractions": "9.0.19",
          "Microsoft.Extensions.Options": "9.0.19",
          "Microsoft.Extensions.Primitives": "9.0.19"
        }
      },
      "Microsoft.Extensions.Configuration.Abstractions": {
        "type": "Transitive",
        "resolved": "10.0.11",
        "contentHash": "fVi053xdpda9Em7vSkmgVxO/PtgC2m78ekReKWsgcyskqY0U82Bz/MONwxpGzI0hElYKJfw+fupqMVeKW3fSaA==",
        "dependencies": {
          "Microsoft.Extensions.Primitives": "10.0.11"
        }
      },
      "Microsoft.Extensions.DependencyModel": {
        "type": "Transitive",
        "resolved": "9.0.19",
        "contentHash": "Jpe5up2VLMkjKavOXZzWRXBvy8SUPoFCRuVkq1wYrtVwtzuFEc7saw02dltASs5T8DXp6Ff/DPzmU95mDOiw6g=="
      },
      "Microsoft.Extensions.Diagnostics.Abstractions": {
        "type": "Transitive",
        "resolved": "10.0.11",
        "contentHash": "se7Kx8QpJEt+nf26L4qIVAofGTDr1wbexxsh/Fm3Xc04xUkqUXK06KUS7FLwSQYSjqb7q9n+T7MEcXYBhI1Y5g==",
        "dependencies": {
          "Microsoft.Extensions.DependencyInjection.Abstractions": "10.0.11",
          "Microsoft.Extensions.Options": "10.0.11"
        }
      },
      "Microsoft.Extensions.FileProviders.Abstractions": {
        "type": "Transitive",
        "resolved": "10.0.11",
        "contentHash": "JOjac6SQQgZmdmB8WGEw61/7siqMZoWJMkmq2p1goJGxqI59lO6oB4bOl0jNsbaPBdYy5Mlkb+6U7T4+CjnD8Q==",
        "dependencies": {
          "Microsoft.Extensions.Primitives": "10.0.11"
        }
      },
      "Microsoft.Extensions.Logging.Abstractions": {
        "type": "Transitive",
        "resolved": "10.0.11",
        "contentHash": "Ljd0Uxoq5XpScD2Bg0nM/r3mwx7Ao5Uq24eo2ARxbGvqJ7Zht6rt2cJtwVRH4Cv+1ZVMdXz6TB43KbpmsxRrvQ==",
        "dependencies": {
          "Microsoft.Extensions.DependencyInjection.Abstractions": "10.0.11"
        }
      },
      "Microsoft.Extensions.Options": {
        "type": "Transitive",
        "resolved": "10.0.11",
        "contentHash": "eY1GAKcTfD2maP27J84X9IovT3yjHJ2dVDzPmDg6/XqYvt3jMzJhtfQCLjG9pVsZGAd+8DQ2QrjaDcs2+VQLGw==",
        "dependencies": {
          "Microsoft.Extensions.DependencyInjection.Abstractions": "10.0.11",
          "Microsoft.Extensions.Primitives": "10.0.11"
        }
      },
      "Microsoft.Extensions.Primitives": {
        "type": "Transitive",
        "resolved": "10.0.11",
        "contentHash": "SXcz+kF+4Oo9b1+55zntpJFYfwb1jw66ioxptyNOOTDc8g2FHnBFWjZpsWfCvZIhzr0x+4e2trVTs4OKwQfBtw=="
      },
      "Microsoft.Identity.Client": {
        "type": "Transitive",
        "resolved": "4.61.3",
        "contentHash": "naJo/Qm35Caaoxp5utcw+R8eU8ZtLz2ALh8S+gkekOYQ1oazfCQMWVT4NJ/FnHzdIJlm8dMz0oMpMGCabx5odA==",
        "dependencies": {
          "Microsoft.IdentityModel.Abstractions": "6.35.0"
        }
      },
      "Microsoft.Identity.Client.Extensions.Msal": {
        "type": "Transitive",
        "resolved": "4.61.3",
        "contentHash": "PWnJcznrSGr25MN8ajlc2XIDW4zCFu0U6FkpaNLEWLgd1NgFCp5uDY3mqLDgM8zCN8hqj8yo5wHYfLB2HjcdGw==",
        "dependencies": {
          "Microsoft.Identity.Client": "4.61.3",
          "System.Security.Cryptography.ProtectedData": "4.5.0"
        }
      },
      "Microsoft.IdentityModel.Abstractions": {
        "type": "Transitive",
        "resolved": "6.35.0",
        "contentHash": "xuR8E4Rd96M41CnUSCiOJ2DBh+z+zQSmyrYHdYhD6K4fXBcQGVnRCFQ0efROUYpP+p0zC1BLKr0JRpVuujTZSg=="
      },
      "Microsoft.IdentityModel.JsonWebTokens": {
        "type": "Transitive",
        "resolved": "6.35.0",
        "contentHash": "9wxai3hKgZUb4/NjdRKfQd0QJvtXKDlvmGMYACbEC8DFaicMFCFhQFZq9ZET1kJLwZahf2lfY5Gtcpsx8zYzbg==",
        "dependencies": {
          "Microsoft.IdentityModel.Tokens": "6.35.0"
        }
      },
      "Microsoft.IdentityModel.Logging": {
        "type": "Transitive",
        "resolved": "6.35.0",
        "contentHash": "jePrSfGAmqT81JDCNSY+fxVWoGuJKt9e6eJ+vT7+quVS55nWl//jGjUQn4eFtVKt4rt5dXaleZdHRB9J9AJZ7Q==",
        "dependencies": {
          "Microsoft.IdentityModel.Abstractions": "6.35.0"
        }
      },
      "Microsoft.IdentityModel.Protocols": {
        "type": "Transitive",
        "resolved": "6.35.0",
        "contentHash": "BPQhlDzdFvv1PzaUxNSk+VEPwezlDEVADIKmyxubw7IiELK18uJ06RQ9QKKkds30XI+gDu9n8j24XQ8w7fjWcg==",
        "dependencies": {
          "Microsoft.IdentityModel.Logging": "6.35.0",
          "Microsoft.IdentityModel.Tokens": "6.35.0"
        }
      },
      "Microsoft.IdentityModel.Protocols.OpenIdConnect": {
        "type": "Transitive",
        "resolved": "6.35.0",
        "contentHash": "LMtVqnECCCdSmyFoCOxIE5tXQqkOLrvGrL7OxHg41DIm1bpWtaCdGyVcTAfOQpJXvzND9zUKIN/lhngPkYR8vg==",
        "dependencies": {
          "Microsoft.IdentityModel.Protocols": "6.35.0",
          "System.IdentityModel.Tokens.Jwt": "6.35.0"
        }
      },
      "Microsoft.IdentityModel.Tokens": {
        "type": "Transitive",
        "resolved": "6.35.0",
        "contentHash": "RN7lvp7s3Boucg1NaNAbqDbxtlLj5Qeb+4uSS1TeK5FSBVM40P4DKaTKChT43sHyKfh7V0zkrMph6DdHvyA4bg==",
        "dependencies": {
          "Microsoft.IdentityModel.Logging": "6.35.0"
        }
      },
      "Microsoft.SqlServer.Server": {
        "type": "Transitive",
        "resolved": "1.0.0",
        "contentHash": "N4KeF3cpcm1PUHym1RmakkzfkEv3GRMyofVv40uXsQhCQeglr2OHNcUk2WOG51AKpGO8ynGpo9M/kFXSzghwug=="
      },
      "Microsoft.TestPlatform.ObjectModel": {
        "type": "Transitive",
        "resolved": "18.9.0",
        "contentHash": "Fz/qXC52VXXopzHj7v2reCKcCqSxkTDCkEDfkNAH0vni/7qK/KLMiEYtRmnUanxO2F2g2zZZ60qCpxF0AF7URA=="
      },
      "Microsoft.TestPlatform.TestHost": {
        "type": "Transitive",
        "resolved": "18.9.0",
        "contentHash": "Oq+Pma/J86aZL72t71bcESvDszDsTjUfl6PIsuDdPoKTHZfNMhKamCfLD5fKx51W/u0KozXtJo2/3fnt0sgPxg==",
        "dependencies": {
          "Microsoft.TestPlatform.ObjectModel": "18.9.0"
        }
      },
      "Microsoft.Win32.SystemEvents": {
        "type": "Transitive",
        "resolved": "6.0.0",
        "contentHash": "hqTM5628jSsQiv+HGpiq3WKBl2c8v1KZfby2J6Pr7pEPlK9waPdgEO6b8A/+/xn/yZ9ulv8HuqK71ONy2tg67A=="
      },
      "MySqlConnector": {
        "type": "Transitive",
        "resolved": "2.4.0",
        "contentHash": "78M+gVOjbdZEDIyXQqcA7EYlCGS3tpbUELHvn6638A2w0pkPI625ixnzsa5staAd3N9/xFmPJtkKDYwsXpFi/w==",
        "dependencies": {
          "Microsoft.Extensions.DependencyInjection.Abstractions": "8.0.2",
          "Microsoft.Extensions.Logging.Abstractions": "8.0.2"
        }
      },
      "SharpZipLib": {
        "type": "Transitive",
        "resolved": "1.4.2",
        "contentHash": "yjj+3zgz8zgXpiiC3ZdF/iyTBbz2fFvMxZFEBPUcwZjIvXOf37Ylm+K58hqMfIBt5JgU/Z2uoUS67JmTLe973A=="
      },
      "SQLitePCLRaw.core": {
        "type": "Transitive",
        "resolved": "2.1.13",
        "contentHash": "2joofoinuHBFs0nMX3nKuXgxpXryRkCOdM2Ua6HBqQLLy6IW+5f28ZI+HAvMyF8vG7XfNz/lwfBfE6V4juru8Q=="
      },
      "SQLitePCLRaw.lib.e_sqlite3": {
        "type": "Transitive",
        "resolved": "2.1.13",
        "contentHash": "D2UAuiGxFYBqeRXjjjGgvJ5UQifzn6wefmSqeKU7XcNGKLbJRP6X7kcPZ6opOBJGdCIlgbSxTvDpBbLvsN594A=="
      },
      "SQLitePCLRaw.provider.e_sqlite3": {
        "type": "Transitive",
        "resolved": "2.1.13",
        "contentHash": "ZU60dSqoSNRe49KcQDUmOVgdRtjITOssVXFtiISs+zJXDI4D2Sndwpn2NOtzDQNPu0ZAvpoLPQ+GLKv6iEZn8Q==",
        "dependencies": {
          "SQLitePCLRaw.core": "2.1.13"
        }
      },
      "SSH.NET": {
        "type": "Transitive",
        "resolved": "2026.0.0",
        "contentHash": "Yu9dirPq8l3oaat0+OQ7K0nUf5MmYltpia5UGqsApTG4zTPvBC1cxbNnC3NERij26dUST0A3Ef1QdHSn5ArbWQ==",
        "dependencies": {
          "BouncyCastle.Cryptography": "2.7.0",
          "Microsoft.Extensions.Logging.Abstractions": "8.0.3"
        }
      },
      "System.ClientModel": {
        "type": "Transitive",
        "resolved": "1.0.0",
        "contentHash": "I3CVkvxeqFYjIVEP59DnjbeoGNfo/+SZrCLpRz2v/g0gpCHaEMPtWSY0s9k/7jR1rAsLNg2z2u1JRB76tPjnIw==",
        "dependencies": {
          "System.Memory.Data": "1.0.2"
        }
      },
      "System.Configuration.ConfigurationManager": {
        "type": "Transitive",
        "resolved": "6.0.1",
        "contentHash": "jXw9MlUu/kRfEU0WyTptAVueupqIeE3/rl0EZDMlf8pcvJnitQ8HeVEp69rZdaStXwTV72boi/Bhw8lOeO+U2w==",
        "dependencies": {
          "System.Security.Cryptography.ProtectedData": "6.0.0",
          "System.Security.Permissions": "6.0.0"
        }
      },
      "System.Drawing.Common": {
        "type": "Transitive",
        "resolved": "6.0.0",
        "contentHash": "NfuoKUiP2nUWwKZN6twGqXioIe1zVD0RIj2t976A+czLHr2nY454RwwXs6JU9Htc6mwqL6Dn/nEL3dpVf2jOhg==",
        "dependencies": {
          "Microsoft.Win32.SystemEvents": "6.0.0"
        }
      },
      "System.IdentityModel.Tokens.Jwt": {
        "type": "Transitive",
        "resolved": "6.35.0",
        "contentHash": "yxGIQd3BFK7F6S62/7RdZk3C/mfwyVxvh6ngd1VYMBmbJ1YZZA9+Ku6suylVtso0FjI0wbElpJ0d27CdsyLpBQ==",
        "dependencies": {
          "Microsoft.IdentityModel.JsonWebTokens": "6.35.0",
          "Microsoft.IdentityModel.Tokens": "6.35.0"
        }
      },
      "System.Memory.Data": {
        "type": "Transitive",
        "resolved": "1.0.2",
        "contentHash": "JGkzeqgBsiZwKJZ1IxPNsDFZDhUvuEdX8L8BDC8N3KOj+6zMcNU28CNN59TpZE/VJYy9cP+5M+sbxtWJx3/xtw=="
      },
      "System.Runtime.Caching": {
        "type": "Transitive",
        "resolved": "6.0.0",
        "contentHash": "E0e03kUp5X2k+UAoVl6efmI7uU7JRBWi5EIdlQ7cr0NpBGjHG4fWII35PgsBY9T4fJQ8E4QPsL0rKksU9gcL5A==",
        "dependencies": {
          "System.Configuration.ConfigurationManager": "6.0.0"
        }
      },
      "System.Security.Cryptography.ProtectedData": {
        "type": "Transitive",
        "resolved": "6.0.0",
        "contentHash": "rp1gMNEZpvx9vP0JW0oHLxlf8oSiQgtno77Y4PLUBjSiDYoD77Y8uXHr1Ea5XG4/pIKhqAdxZ8v8OTUtqo9PeQ=="
      },
      "System.Security.Permissions": {
        "type": "Transitive",
        "resolved": "6.0.0",
        "contentHash": "T/uuc7AklkDoxmcJ7LGkyX1CcSviZuLCa4jg3PekfJ7SU0niF0IVTXwUiNVP9DSpzou2PpxJ+eNY2IfDM90ZCg==",
        "dependencies": {
          "System.Windows.Extensions": "6.0.0"
        }
      },
      "System.Threading.RateLimiting": {
        "type": "Transitive",
        "resolved": "8.0.0",
        "contentHash": "7mu9v0QDv66ar3DpGSZHg9NuNcxDaaAcnMULuZlaTpP9+hwXhrxNGsF5GmLkSHxFdb5bBc1TzeujsRgTrPWi+Q=="
      },
      "System.Windows.Extensions": {
        "type": "Transitive",
        "resolved": "6.0.0",
        "contentHash": "IXoJOXIqc39AIe+CIR7koBtRGMiCt/LPM3lI+PELtDIy9XdyeSrwXFdWV9dzJ2Awl0paLWUaknLxFQ5HpHZUog==",
        "dependencies": {
          "System.Drawing.Common": "6.0.0"
        }
      },
      "xunit.abstractions": {
        "type": "Transitive",
        "resolved": "2.0.3",
        "contentHash": "pot1I4YOxlWjIb5jmwvvQNbTrZ3lJQ+jUGkGjWE3hEFM0l5gOnBWS+H3qsex68s5cO52g+44vpGzhAt+42vwKg=="
      },
      "xunit.analyzers": {
        "type": "Transitive",
        "resolved": "1.18.0",
        "contentHash": "OtFMHN8yqIcYP9wcVIgJrq01AfTxijjAqVDy/WeQVSyrDC1RzBWeQPztL49DN2syXRah8TYnfvk035s7L95EZQ=="
      },
      "xunit.assert": {
        "type": "Transitive",
        "resolved": "2.9.3",
        "contentHash": "/Kq28fCE7MjOV42YLVRAJzRF0WmEqsmflm0cfpMjGtzQ2lR5mYVj1/i0Y8uDAOLczkL3/jArrwehfMD0YogMAA=="
      },
      "xunit.core": {
        "type": "Transitive",
        "resolved": "2.9.3",
        "contentHash": "BiAEvqGvyme19wE0wTKdADH+NloYqikiU0mcnmiNyXaF9HyHmE6sr/3DC5vnBkgsWaE6yPyWszKSPSApWdRVeQ==",
        "dependencies": {
          "xunit.extensibility.core": "[2.9.3]",
          "xunit.extensibility.execution": "[2.9.3]"
        }
      },
      "xunit.extensibility.core": {
        "type": "Transitive",
        "resolved": "2.9.3",
        "contentHash": "kf3si0YTn2a8J8eZNb+zFpwfoyvIrQ7ivNk5ZYA5yuYk1bEtMe4DxJ2CF/qsRgmEnDr7MnW1mxylBaHTZ4qErA==",
        "dependencies": {
          "xunit.abstractions": "2.0.3"
        }
      },
      "xunit.extensibility.execution": {
        "type": "Transitive",
        "resolved": "2.9.3",
        "contentHash": "yMb6vMESlSrE3Wfj7V6cjQ3S4TXdXpRqYeNEI3zsX31uTsGMJjEw6oD5F5u1cHnMptjhEECnmZSsPxB6ChZHDQ==",
        "dependencies": {
          "xunit.extensibility.core": "[2.9.3]"
        }
      },
      "litebus.commands": {
        "type": "Project",
        "dependencies": {
          "LiteBus.Commands.Abstractions": "[6.1.0, )",
          "LiteBus.Messaging": "[6.1.0, )",
          "LiteBus.Runtime.Abstractions": "[6.1.0, )"
        }
      },
      "litebus.commands.abstractions": {
        "type": "Project",
        "dependencies": {
          "LiteBus.Messaging.Abstractions": "[6.1.0, )"
        }
      },
      "litebus.commands.extensions.microsoft.dependencyinjection": {
        "type": "Project",
        "dependencies": {
          "LiteBus.Commands": "[6.1.0, )",
          "LiteBus.Runtime.Extensions.Microsoft.DependencyInjection": "[6.1.0, )"
        }
      },
      "litebus.durablemessaging.abstractions": {
        "type": "Project",
        "dependencies": {
          "LiteBus.Messaging.Abstractions": "[6.1.0, )",
          "LiteBus.Runtime.Abstractions": "[6.1.0, )"
        }
      },
      "litebus.events": {
        "type": "Project",
        "dependencies": {
          "LiteBus.Events.Abstractions": "[6.1.0, )",
          "LiteBus.Messaging": "[6.1.0, )",
          "LiteBus.Messaging.Abstractions": "[6.1.0, )",
          "LiteBus.Runtime.Abstractions": "[6.1.0, )"
        }
      },
      "litebus.events.abstractions": {
        "type": "Project",
        "dependencies": {
          "LiteBus.Messaging.Abstractions": "[6.1.0, )"
        }
      },
      "litebus.events.extensions.microsoft.dependencyinjection": {
        "type": "Project",
        "dependencies": {
          "LiteBus.Events": "[6.1.0, )",
          "LiteBus.Runtime.Extensions.Microsoft.DependencyInjection": "[6.1.0, )"
        }
      },
      "litebus.extensions.microsoft.dependencyinjection": {
        "type": "Project",
        "dependencies": {
          "LiteBus.Commands.Extensions.Microsoft.DependencyInjection": "[6.1.0, )",
          "LiteBus.Events.Extensions.Microsoft.DependencyInjection": "[6.1.0, )",
          "LiteBus.Messaging.Extensions.Microsoft.DependencyInjection": "[6.1.0, )",
          "LiteBus.Queries.Extensions.Microsoft.DependencyInjection": "[6.1.0, )"
        }
      },
      "litebus.inbox": {
        "type": "Project",
        "dependencies": {
          "LiteBus.DurableMessaging.Abstractions": "[6.1.0, )",
          "LiteBus.Inbox.Abstractions": "[6.1.0, )",
          "LiteBus.Messaging": "[6.1.0, )",
          "LiteBus.Runtime.Abstractions": "[6.1.0, )",
          "Microsoft.Extensions.Logging.Abstractions": "[10.0.11, )"
        }
      },
      "litebus.inbox.abstractions": {
        "type": "Project",
        "dependencies": {
          "LiteBus.DurableMessaging.Abstractions": "[6.1.0, )",
          "LiteBus.Messaging.Abstractions": "[6.1.0, )",
          "LiteBus.Runtime.Abstractions": "[6.1.0, )"
        }
      },
      "litebus.inbox.dispatch": {
        "type": "Project",
        "dependencies": {
          "LiteBus.Inbox.Abstractions": "[6.1.0, )",
          "LiteBus.Messaging": "[6.1.0, )",
          "LiteBus.Runtime.Abstractions": "[6.1.0, )",
          "LiteBus.Transport": "[6.1.0, )",
          "LiteBus.Transport.Abstractions": "[6.1.0, )"
        }
      },
      "litebus.inbox.dispatch.amqp": {
        "type": "Project",
        "dependencies": {
          "LiteBus.Inbox": "[6.1.0, )",
          "LiteBus.Inbox.Abstractions": "[6.1.0, )",
          "LiteBus.Inbox.Dispatch": "[6.1.0, )",
          "LiteBus.Transport.Amqp": "[6.1.0, )"
        }
      },
      "litebus.inbox.dispatch.inprocess": {
        "type": "Project",
        "dependencies": {
          "LiteBus.Commands": "[6.1.0, )",
          "LiteBus.Commands.Abstractions": "[6.1.0, )",
          "LiteBus.Inbox": "[6.1.0, )",
          "LiteBus.Inbox.Abstractions": "[6.1.0, )",
          "LiteBus.Messaging": "[6.1.0, )",
          "LiteBus.Runtime.Abstractions": "[6.1.0, )"
        }
      },
      "litebus.inbox.ingress": {
        "type": "Project",
        "dependencies": {
          "LiteBus.Inbox.Abstractions": "[6.1.0, )",
          "LiteBus.Messaging.Abstractions": "[6.1.0, )",
          "LiteBus.Runtime.Abstractions": "[6.1.0, )",
          "LiteBus.Transport": "[6.1.0, )",
          "LiteBus.Transport.Abstractions": "[6.1.0, )",
          "Microsoft.Extensions.Logging.Abstractions": "[10.0.11, )"
        }
      },
      "litebus.inbox.ingress.amqp": {
        "type": "Project",
        "dependencies": {
          "LiteBus.Inbox": "[6.1.0, )",
          "LiteBus.Inbox.Abstractions": "[6.1.0, )",
          "LiteBus.Inbox.Ingress": "[6.1.0, )",
          "LiteBus.Messaging.Abstractions": "[6.1.0, )",
          "LiteBus.Runtime.Abstractions": "[6.1.0, )",
          "LiteBus.Transport.Amqp": "[6.1.0, )",
          "Microsoft.Extensions.Logging.Abstractions": "[10.0.11, )"
        }
      },
      "litebus.inbox.storage.entityframeworkcore": {
        "type": "Project",
        "dependencies": {
          "LiteBus.Inbox": "[6.1.0, )",
          "LiteBus.Inbox.Abstractions": "[6.1.0, )",
          "LiteBus.Runtime.Abstractions": "[6.1.0, )",
          "LiteBus.Storage.EntityFrameworkCore": "[6.1.0, )",
          "Microsoft.EntityFrameworkCore": "[9.0.19, )",
          "Microsoft.EntityFrameworkCore.Relational": "[9.0.19, )"
        }
      },
      "litebus.inbox.storage.inmemory": {
        "type": "Project",
        "dependencies": {
          "LiteBus.Inbox": "[6.1.0, )",
          "LiteBus.Inbox.Abstractions": "[6.1.0, )",
          "LiteBus.Runtime.Abstractions": "[6.1.0, )"
        }
      },
      "litebus.inbox.storage.postgresql": {
        "type": "Project",
        "dependencies": {
          "LiteBus.Inbox": "[6.1.0, )",
          "LiteBus.Inbox.Abstractions": "[6.1.0, )",
          "LiteBus.Runtime.Abstractions": "[6.1.0, )",
          "LiteBus.Storage.PostgreSql": "[6.1.0, )",
          "Npgsql": "[9.0.5, )"
        }
      },
      "litebus.messaging": {
        "type": "Project",
        "dependencies": {
          "LiteBus.DurableMessaging.Abstractions": "[6.1.0, )",
          "LiteBus.Messaging.Abstractions": "[6.1.0, )",
          "LiteBus.Runtime.Abstractions": "[6.1.0, )",
          "Microsoft.Extensions.Logging.Abstractions": "[10.0.11, )"
        }
      },
      "litebus.messaging.abstractions": {
        "type": "Project",
        "dependencies": {
          "LiteBus.Runtime.Abstractions": "[6.1.0, )"
        }
      },
      "litebus.messaging.extensions.microsoft.dependencyinjection": {
        "type": "Project",
        "dependencies": {
          "LiteBus.Messaging": "[6.1.0, )",
          "LiteBus.Runtime.Extensions.Microsoft.DependencyInjection": "[6.1.0, )"
        }
      },
      "litebus.outbox": {
        "type": "Project",
        "dependencies": {
          "LiteBus.DurableMessaging.Abstractions": "[6.1.0, )",
          "LiteBus.Messaging": "[6.1.0, )",
          "LiteBus.Outbox.Abstractions": "[6.1.0, )",
          "LiteBus.Runtime.Abstractions": "[6.1.0, )",
          "Microsoft.Extensions.Logging.Abstractions": "[10.0.11, )"
        }
      },
      "litebus.outbox.abstractions": {
        "type": "Project",
        "dependencies": {
          "LiteBus.DurableMessaging.Abstractions": "[6.1.0, )",
          "LiteBus.Messaging.Abstractions": "[6.1.0, )",
          "LiteBus.Runtime.Abstractions": "[6.1.0, )"
        }
      },
      "litebus.outbox.dispatch": {
        "type": "Project",
        "dependencies": {
          "LiteBus.Messaging": "[6.1.0, )",
          "LiteBus.Outbox.Abstractions": "[6.1.0, )",
          "LiteBus.Runtime.Abstractions": "[6.1.0, )",
          "LiteBus.Transport": "[6.1.0, )",
          "LiteBus.Transport.Abstractions": "[6.1.0, )"
        }
      },
      "litebus.outbox.dispatch.amqp": {
        "type": "Project",
        "dependencies": {
          "LiteBus.Outbox": "[6.1.0, )",
          "LiteBus.Outbox.Abstractions": "[6.1.0, )",
          "LiteBus.Outbox.Dispatch": "[6.1.0, )",
          "LiteBus.Transport.Amqp": "[6.1.0, )"
        }
      },
      "litebus.outbox.dispatch.inprocess": {
        "type": "Project",
        "dependencies": {
          "LiteBus.Events": "[6.1.0, )",
          "LiteBus.Events.Abstractions": "[6.1.0, )",
          "LiteBus.Messaging": "[6.1.0, )",
          "LiteBus.Outbox": "[6.1.0, )",
          "LiteBus.Outbox.Abstractions": "[6.1.0, )",
          "LiteBus.Runtime.Abstractions": "[6.1.0, )"
        }
      },
      "litebus.outbox.storage.entityframeworkcore": {
        "type": "Project",
        "dependencies": {
          "LiteBus.Outbox": "[6.1.0, )",
          "LiteBus.Outbox.Abstractions": "[6.1.0, )",
          "LiteBus.Runtime.Abstractions": "[6.1.0, )",
          "LiteBus.Storage.EntityFrameworkCore": "[6.1.0, )",
          "Microsoft.EntityFrameworkCore": "[9.0.19, )",
          "Microsoft.EntityFrameworkCore.Relational": "[9.0.19, )"
        }
      },
      "litebus.outbox.storage.inmemory": {
        "type": "Project",
        "dependencies": {
          "LiteBus.Outbox": "[6.1.0, )",
          "LiteBus.Outbox.Abstractions": "[6.1.0, )",
          "LiteBus.Runtime.Abstractions": "[6.1.0, )"
        }
      },
      "litebus.outbox.storage.postgresql": {
        "type": "Project",
        "dependencies": {
          "LiteBus.Outbox": "[6.1.0, )",
          "LiteBus.Outbox.Abstractions": "[6.1.0, )",
          "LiteBus.Runtime.Abstractions": "[6.1.0, )",
          "LiteBus.Storage.PostgreSql": "[6.1.0, )",
          "Npgsql": "[9.0.5, )"
        }
      },
      "litebus.queries": {
        "type": "Project",
        "dependencies": {
          "LiteBus.Messaging": "[6.1.0, )",
          "LiteBus.Queries.Abstractions": "[6.1.0, )",
          "LiteBus.Runtime.Abstractions": "[6.1.0, )"
        }
      },
      "litebus.queries.abstractions": {
        "type": "Project",
        "dependencies": {
          "LiteBus.Messaging.Abstractions": "[6.1.0, )"
        }
      },
      "litebus.queries.extensions.microsoft.dependencyinjection": {
        "type": "Project",
        "dependencies": {
          "LiteBus.Queries": "[6.1.0, )",
          "LiteBus.Runtime.Extensions.Microsoft.DependencyInjection": "[6.1.0, )"
        }
      },
      "litebus.runtime": {
        "type": "Project",
        "dependencies": {
          "LiteBus.Runtime.Abstractions": "[6.1.0, )"
        }
      },
      "litebus.runtime.abstractions": {
        "type": "Project"
      },
      "litebus.runtime.extensions.hosting": {
        "type": "Project",
        "dependencies": {
          "LiteBus.Runtime.Abstractions": "[6.1.0, )",
          "Microsoft.Extensions.Hosting.Abstractions": "[10.0.11, )"
        }
      },
      "litebus.runtime.extensions.microsoft.dependencyinjection": {
        "type": "Project",
        "dependencies": {
          "LiteBus.Runtime": "[6.1.0, )",
          "LiteBus.Runtime.Extensions.Microsoft.Hosting": "[6.1.0, )",
          "Microsoft.Extensions.DependencyInjection.Abstractions": "[10.0.11, )"
        }
      },
      "litebus.runtime.extensions.microsoft.hosting": {
        "type": "Project",
        "dependencies": {
          "LiteBus.Runtime.Extensions.Hosting": "[6.1.0, )",
          "Microsoft.Extensions.DependencyInjection.Abstractions": "[10.0.11, )",
          "Microsoft.Extensions.Hosting.Abstractions": "[10.0.11, )"
        }
      },
      "litebus.saga": {
        "type": "Project",
        "dependencies": {
          "LiteBus.DurableMessaging.Abstractions": "[6.1.0, )",
          "LiteBus.Messaging.Abstractions": "[6.1.0, )",
          "LiteBus.Runtime.Abstractions": "[6.1.0, )",
          "LiteBus.Saga.Abstractions": "[6.1.0, )",
          "Microsoft.Extensions.Logging.Abstractions": "[10.0.11, )"
        }
      },
      "litebus.saga.abstractions": {
        "type": "Project",
        "dependencies": {
          "LiteBus.Commands.Abstractions": "[6.1.0, )",
          "LiteBus.Messaging.Abstractions": "[6.1.0, )",
          "LiteBus.Runtime.Abstractions": "[6.1.0, )"
        }
      },
      "litebus.saga.inboxintegration": {
        "type": "Project",
        "dependencies": {
          "LiteBus.Commands.Abstractions": "[6.1.0, )",
          "LiteBus.Inbox": "[6.1.0, )",
          "LiteBus.Inbox.Abstractions": "[6.1.0, )",
          "LiteBus.Messaging": "[6.1.0, )",
          "LiteBus.Saga": "[6.1.0, )"
        }
      },
      "litebus.saga.storage.postgresql": {
        "type": "Project",
        "dependencies": {
          "LiteBus.Messaging.Abstractions": "[6.1.0, )",
          "LiteBus.Runtime.Abstractions": "[6.1.0, )",
          "LiteBus.Saga": "[6.1.0, )",
          "LiteBus.Saga.Abstractions": "[6.1.0, )",
          "LiteBus.Storage.PostgreSql": "[6.1.0, )",
          "Npgsql": "[9.0.5, )"
        }
      },
      "litebus.storage.entityframeworkcore": {
        "type": "Project",
        "dependencies": {
          "LiteBus.DurableMessaging.Abstractions": "[6.1.0, )",
          "LiteBus.Messaging.Abstractions": "[6.1.0, )",
          "Microsoft.EntityFrameworkCore": "[9.0.19, )",
          "Microsoft.EntityFrameworkCore.Relational": "[9.0.19, )"
        }
      },
      "litebus.storage.integrationtests": {
        "type": "Project",
        "dependencies": {
          "AwesomeAssertions": "[9.6.0, )",
          "LiteBus.Commands": "[6.1.0, )",
          "LiteBus.Events": "[6.1.0, )",
          "LiteBus.Extensions.Microsoft.DependencyInjection": "[6.1.0, )",
          "LiteBus.Inbox": "[6.1.0, )",
          "LiteBus.Inbox.Dispatch.Amqp": "[6.1.0, )",
          "LiteBus.Inbox.Dispatch.InProcess": "[6.1.0, )",
          "LiteBus.Inbox.Ingress.Amqp": "[6.1.0, )",
          "LiteBus.Inbox.Storage.EntityFrameworkCore": "[6.1.0, )",
          "LiteBus.Inbox.Storage.InMemory": "[6.1.0, )",
          "LiteBus.Inbox.Storage.PostgreSql": "[6.1.0, )",
          "LiteBus.Messaging": "[6.1.0, )",
          "LiteBus.Outbox": "[6.1.0, )",
          "LiteBus.Outbox.Dispatch.Amqp": "[6.1.0, )",
          "LiteBus.Outbox.Dispatch.InProcess": "[6.1.0, )",
          "LiteBus.Outbox.Storage.EntityFrameworkCore": "[6.1.0, )",
          "LiteBus.Outbox.Storage.PostgreSql": "[6.1.0, )",
          "LiteBus.Saga": "[6.1.0, )",
          "LiteBus.Saga.InboxIntegration": "[6.1.0, )",
          "LiteBus.Saga.Storage.PostgreSql": "[6.1.0, )",
          "LiteBus.Storage.PostgreSql": "[6.1.0, )",
          "LiteBus.Storage.Testing": "[6.0.2, )",
          "LiteBus.Testing": "[6.1.0, )",
          "LiteBus.Testing.Hosting": "[6.1.0, )",
          "LiteBus.Transport.Amqp": "[6.1.0, )",
          "Microsoft.EntityFrameworkCore": "[9.0.19, )",
          "Microsoft.EntityFrameworkCore.SqlServer": "[9.0.19, )",
          "Microsoft.EntityFrameworkCore.Sqlite": "[9.0.19, )",
          "Microsoft.Extensions.DependencyInjection": "[10.0.11, )",
          "Microsoft.Extensions.Hosting.Abstractions": "[10.0.11, )",
          "Microsoft.NET.Test.Sdk": "[18.9.0, )",
          "Npgsql": "[9.0.5, )",
          "Npgsql.EntityFrameworkCore.PostgreSQL": "[9.0.4, )",
          "Pomelo.EntityFrameworkCore.MySql": "[9.0.0, )",
          "RabbitMQ.Client": "[7.2.2, )",
          "SQLitePCLRaw.bundle_e_sqlite3": "[2.1.13, )",
          "Testcontainers": "[4.14.0, )",
          "Testcontainers.MsSql": "[4.14.0, )",
          "Testcontainers.MySql": "[4.14.0, )",
          "Testcontainers.PostgreSql": "[4.14.0, )",
          "Testcontainers.RabbitMq": "[4.14.0, )",
          "xunit": "[2.9.3, )"
        }
      },
      "litebus.storage.postgresql": {
        "type": "Project",
        "dependencies": {
          "LiteBus.DurableMessaging.Abstractions": "[6.1.0, )",
          "LiteBus.Messaging.Abstractions": "[6.1.0, )",
          "Npgsql": "[9.0.5, )"
        }
      },
      "litebus.storage.testing": {
        "type": "Project",
        "dependencies": {
          "AwesomeAssertions": "[9.6.0, )",
          "LiteBus.Inbox.Abstractions": "[6.1.0, )",
          "LiteBus.Outbox.Abstractions": "[6.1.0, )",
          "xunit": "[2.9.3, )"
        }
      },
      "litebus.testing": {
        "type": "Project"
      },
      "litebus.testing.hosting": {
        "type": "Project",
        "dependencies": {
          "LiteBus.Inbox": "[6.1.0, )",
          "LiteBus.Runtime.Abstractions": "[6.1.0, )",
          "LiteBus.Runtime.Extensions.Microsoft.Hosting": "[6.1.0, )",
          "Microsoft.Extensions.DependencyInjection": "[10.0.11, )",
          "Microsoft.Extensions.Hosting.Abstractions": "[10.0.11, )"
        }
      },
      "litebus.transport": {
        "type": "Project",
        "dependencies": {
          "LiteBus.Runtime.Abstractions": "[6.1.0, )",
          "LiteBus.Transport.Abstractions": "[6.1.0, )"
        }
      },
      "litebus.transport.abstractions": {
        "type": "Project"
      },
      "litebus.transport.amqp": {
        "type": "Project",
        "dependencies": {
          "LiteBus.Runtime.Abstractions": "[6.1.0, )",
          "LiteBus.Transport": "[6.1.0, )",
          "LiteBus.Transport.Abstractions": "[6.1.0, )",
          "RabbitMQ.Client": "[7.2.2, )"
        }
      },
      "Microsoft.EntityFrameworkCore": {
        "type": "CentralTransitive",
        "requested": "[9.0.19, )",
        "resolved": "9.0.19",
        "contentHash": "qWqqxrfEDfi3C/z0S/ACIA2gUnreRPHX74WE/dVnesbztNesYO4NLy76lE6FV/zDP4vH/pkvDr8h3Mq9+cFv/w==",
        "dependencies": {
          "Microsoft.EntityFrameworkCore.Abstractions": "9.0.19",
          "Microsoft.EntityFrameworkCore.Analyzers": "9.0.19",
          "Microsoft.Extensions.Caching.Memory": "9.0.19",
          "Microsoft.Extensions.Logging": "9.0.19"
        }
      },
      "Microsoft.EntityFrameworkCore.Sqlite": {
        "type": "CentralTransitive",
        "requested": "[9.0.19, )",
        "resolved": "9.0.19",
        "contentHash": "Icxd0qGY5B9biPEgcsM45KyFrK3xlutOzuR6Fw4/Q+dcEU4JJiyaHBclwf01nxqflFfY8od1TtCov6ES00JINw==",
        "dependencies": {
          "Microsoft.EntityFrameworkCore.Sqlite.Core": "9.0.19",
          "Microsoft.Extensions.Caching.Memory": "9.0.19",
          "Microsoft.Extensions.Configuration.Abstractions": "9.0.19",
          "Microsoft.Extensions.DependencyModel": "9.0.19",
          "Microsoft.Extensions.Logging": "9.0.19",
          "SQLitePCLRaw.bundle_e_sqlite3": "2.1.12",
          "SQLitePCLRaw.core": "2.1.12"
        }
      },
      "Microsoft.EntityFrameworkCore.SqlServer": {
        "type": "CentralTransitive",
        "requested": "[9.0.19, )",
        "resolved": "9.0.19",
        "contentHash": "2i+gG5yBuKj3XhAXjsBo2T0W5rQXkJS2TszX2Sq8xZkHemPre1hyGz2bbFoF7OpVtWMrNlE7MEIAqPmEBY6KAg==",
        "dependencies": {
          "Microsoft.Data.SqlClient": "5.1.6",
          "Microsoft.EntityFrameworkCore.Relational": "9.0.19",
          "Microsoft.Extensions.Caching.Memory": "9.0.19",
          "Microsoft.Extensions.Configuration.Abstractions": "9.0.19",
          "Microsoft.Extensions.Logging": "9.0.19"
        }
      },
      "Microsoft.Extensions.DependencyInjection.Abstractions": {
        "type": "CentralTransitive",
        "requested": "[10.0.11, )",
        "resolved": "10.0.11",
        "contentHash": "/a1aJz4m7ylhEDf25ugQChLQoN5XwoGjWw/BoR/ZWWKsO1v4DdJElS1uyngahz4B/eOzjFk1KNTkarRLE5wsIg=="
      },
      "Microsoft.Extensions.Hosting.Abstractions": {
        "type": "CentralTransitive",
        "requested": "[10.0.11, )",
        "resolved": "10.0.11",
        "contentHash": "pwtpF7iF/NNaOBcX+pvMZ7y2+JAVbH5KkNrH9uMZtuVxVJsFTDiWiCR7Tk3HVptsAijaetipUZVRVK2LLq+nvA==",
        "dependencies": {
          "Microsoft.Extensions.Configuration.Abstractions": "10.0.11",
          "Microsoft.Extensions.DependencyInjection.Abstractions": "10.0.11",
          "Microsoft.Extensions.Diagnostics.Abstractions": "10.0.11",
          "Microsoft.Extensions.FileProviders.Abstractions": "10.0.11",
          "Microsoft.Extensions.Logging.Abstractions": "10.0.11"
        }
      },
      "Microsoft.Extensions.Logging": {
        "type": "CentralTransitive",
        "requested": "[10.0.11, )",
        "resolved": "9.0.19",
        "contentHash": "3cnWzJ/FLEhLiW+TJTWtTjVj6fwlsP8OrbJqgOP4J9feAKjmT77vmClakHlej+jnzBgpnVU0+SZwtEIOr+KS6A==",
        "dependencies": {
          "Microsoft.Extensions.DependencyInjection": "9.0.19",
          "Microsoft.Extensions.Logging.Abstractions": "9.0.19",
          "Microsoft.Extensions.Options": "9.0.19"
        }
      },
      "Npgsql": {
        "type": "CentralTransitive",
        "requested": "[9.0.5, )",
        "resolved": "9.0.5",
        "contentHash": "NRZkUlTUh06f7f14wriEoO+BrJcyw/agh3xozXLM3ii7C/08SyXqcI89EMfZJuHkOcfDU8W0enGcZ8RGNVOw0w==",
        "dependencies": {
          "Microsoft.Extensions.Logging.Abstractions": "8.0.2"
        }
      },
      "Npgsql.EntityFrameworkCore.PostgreSQL": {
        "type": "CentralTransitive",
        "requested": "[9.0.4, )",
        "resolved": "9.0.4",
        "contentHash": "mw5vcY2IEc7L+IeGrxpp/J5OSnCcjkjAgJYCm/eD52wpZze8zsSifdqV7zXslSMmfJG2iIUGZyo3KuDtEFKwMQ==",
        "dependencies": {
          "Microsoft.EntityFrameworkCore": "[9.0.1, 10.0.0)",
          "Microsoft.EntityFrameworkCore.Relational": "[9.0.1, 10.0.0)",
          "Npgsql": "9.0.3"
        }
      },
      "Pomelo.EntityFrameworkCore.MySql": {
        "type": "CentralTransitive",
        "requested": "[9.0.0, )",
        "resolved": "9.0.0",
        "contentHash": "cl7S4s6CbJno0LjNxrBHNc2xxmCliR5i40ATPZk/eTywVaAbHCbdc9vbGc3QThvwGjHqrDHT8vY9m1VF/47o0g==",
        "dependencies": {
          "Microsoft.EntityFrameworkCore.Relational": "[9.0.0, 9.0.999]",
          "MySqlConnector": "2.4.0"
        }
      },
      "RabbitMQ.Client": {
        "type": "CentralTransitive",
        "requested": "[7.2.2, )",
        "resolved": "7.2.2",
        "contentHash": "k4b6RnTXpLbsF96V93ooNYxgPMnoA2tEm24B6AXNJr1mG8wwNYdA1XJtgU66L5xqeGyveS7SJriRzlX3cbqQNA==",
        "dependencies": {
          "System.Threading.RateLimiting": "8.0.0"
        }
      },
      "SQLitePCLRaw.bundle_e_sqlite3": {
        "type": "CentralTransitive",
        "requested": "[2.1.13, )",
        "resolved": "2.1.13",
        "contentHash": "NlDixlC7uHmo+ojXRgkNvN0tQtVGpLDZ3x2OpgNj+G07VHh5cXSszFDrAiC4BpUiPwkcaeuQkMV9WQ123xVtmQ==",
        "dependencies": {
          "SQLitePCLRaw.lib.e_sqlite3": "2.1.13",
          "SQLitePCLRaw.provider.e_sqlite3": "2.1.13"
        }
      },
      "Testcontainers": {
        "type": "CentralTransitive",
        "requested": "[4.14.0, )",
        "resolved": "4.14.0",
        "contentHash": "ojuBi91xcMsR6vnFuNsQDWU9tlZlrtmqy95VPNWVVnh24GiwFL/WMnVmb6bRv8LqovtnKPJN9cpmH1k02Z4ZoA==",
        "dependencies": {
          "Docker.DotNet.Enhanced": "4.3.3",
          "Docker.DotNet.Enhanced.X509": "4.3.3",
          "Microsoft.Extensions.Logging.Abstractions": "8.0.3",
          "SSH.NET": "2026.0.0",
          "SharpZipLib": "1.4.2"
        }
      },
      "Testcontainers.MsSql": {
        "type": "CentralTransitive",
        "requested": "[4.14.0, )",
        "resolved": "4.14.0",
        "contentHash": "RNKuun0TUJahHUdxClEp4t4vUrZETHfgpXoicDMS5Wf04oaAYkjz2xCSvo0tzWFpcyGyB1obNusI9P4A4zVDyQ==",
        "dependencies": {
          "Testcontainers": "4.14.0"
        }
      },
      "Testcontainers.MySql": {
        "type": "CentralTransitive",
        "requested": "[4.14.0, )",
        "resolved": "4.14.0",
        "contentHash": "8Fzl3JTS0DwnTHSuPiynNcAOIpyn0sd3u6qFiZgmPl0tzWOWYoKVthciXtMOD/QJCc6s+XSSRKVbz0q/VUupog==",
        "dependencies": {
          "Testcontainers": "4.14.0"
        }
      },
      "Testcontainers.RabbitMq": {
        "type": "CentralTransitive",
        "requested": "[4.14.0, )",
        "resolved": "4.14.0",
        "contentHash": "NUUrGSZEW3XpDDY7OSAjeJdl9fNLd8f29CdQ7s8AiBODl035mawyTAu+JicWfGGXaGsLqdcUUlEFTc0b1WtmQA==",
        "dependencies": {
          "Testcontainers": "4.14.0"
        }
      }
    }
  }
}