{
  "version": 2,
  "dependencies": {
    "net10.0": {
      "AwesomeAssertions": {
        "type": "Direct",
        "requested": "[9.4.0, )",
        "resolved": "9.4.0",
        "contentHash": "dJxkWiQ8D+xT6Gr2sSL83+Mar+Vpy2JTcUPxFcckpPJ8VYBfSgnk+zqpS6t7kcGnjz8NLyF14qfuoL4bKzzoew=="
      },
      "coverlet.collector": {
        "type": "Direct",
        "requested": "[10.0.1, )",
        "resolved": "10.0.1",
        "contentHash": "27jXSV/0DbVqF5jDrAxuQFZ9oaz6gmG03p8ttxAFk+X0M4woFYj7MoWDLCna5EGLb0CE6OE7X6ZH3Wt5smTtaA=="
      },
      "Microsoft.NET.Test.Sdk": {
        "type": "Direct",
        "requested": "[18.5.1, )",
        "resolved": "18.5.1",
        "contentHash": "SfqVaLiIqAbRWuPg5BP4QFwBIirQj/YIL8Dhxl6zntBKbXp0cQykoV480SmwG+yRMiWptxEI6NbHQuGSZ8b97w==",
        "dependencies": {
          "Microsoft.CodeCoverage": "18.5.1",
          "Microsoft.TestPlatform.TestHost": "18.5.1"
        }
      },
      "Testcontainers": {
        "type": "Direct",
        "requested": "[4.11.0, )",
        "resolved": "4.11.0",
        "contentHash": "9pBNaK9Ra3GVnr5h6gaDJOBH0txA5G3Juho5WANPuyu38l5xyr2lCvf11oA5/uSd+Lh4Wtng34nKp3nMiea02g==",
        "dependencies": {
          "Docker.DotNet.Enhanced": "3.131.1",
          "Docker.DotNet.Enhanced.X509": "3.131.1",
          "Microsoft.Extensions.Logging.Abstractions": "8.0.3",
          "SSH.NET": "2025.1.0",
          "SharpZipLib": "1.4.2"
        }
      },
      "Testcontainers.RabbitMq": {
        "type": "Direct",
        "requested": "[4.11.0, )",
        "resolved": "4.11.0",
        "contentHash": "+4rDOXdjwwDx11vUpSAAK/gDOPtZ/LC+qj02RiulHtIMEAzC4KjyP5hEactvwSuGfcomFnmtJqYn1Pwyh+pPDw==",
        "dependencies": {
          "Testcontainers": "4.11.0"
        }
      },
      "xunit": {
        "type": "Direct",
        "requested": "[2.9.3, )",
        "resolved": "2.9.3",
        "contentHash": "TlXQBinK35LpOPKHAqbLY4xlEen9TBafjs0V5KnA4wZsoQLQJiirCR4CbIXvOH8NzkW4YeJKP5P/Bnrodm0h9Q==",
        "dependencies": {
          "xunit.analyzers": "1.18.0",
          "xunit.assert": "2.9.3",
          "xunit.core": "[2.9.3]"
        }
      },
      "xunit.runner.visualstudio": {
        "type": "Direct",
        "requested": "[3.1.5, )",
        "resolved": "3.1.5",
        "contentHash": "tKi7dSTwP4m5m9eXPM2Ime4Kn7xNf4x4zT9sdLO/G4hZVnQCRiMTWoSZqI/pYTVeI27oPPqHBKYI/DjJ9GsYgA=="
      },
      "AWSSDK.Core": {
        "type": "Transitive",
        "resolved": "3.7.402.24",
        "contentHash": "xcUx7ntQE7DYcdlL0/IPb4DXPpQfH/OL11M9Swcm6iDPhX1S/Hu0neWVf5gBuRe58Sei0cX24qKjol+mDhcNwA=="
      },
      "Azure.Core": {
        "type": "Transitive",
        "resolved": "1.44.1",
        "contentHash": "YyznXLQZCregzHvioip07/BkzjuWNXogJEVz9T5W6TwjNr17ax41YGzYMptlo2G10oLCuVPoyva62y0SIRDixg==",
        "dependencies": {
          "Microsoft.Bcl.AsyncInterfaces": "6.0.0",
          "System.ClientModel": "1.1.0",
          "System.Memory.Data": "6.0.0"
        }
      },
      "Azure.Core.Amqp": {
        "type": "Transitive",
        "resolved": "1.3.1",
        "contentHash": "AY1ZM4WwLBb9L2WwQoWs7wS2XKYg83tp3yVVdgySdebGN0FuIszuEqCy3Nhv6qHpbkjx/NGuOTsUbF/oNGBgwA==",
        "dependencies": {
          "Microsoft.Azure.Amqp": "2.6.7",
          "System.Memory.Data": "1.0.2"
        }
      },
      "BouncyCastle.Cryptography": {
        "type": "Transitive",
        "resolved": "2.6.2",
        "contentHash": "7oWOcvnntmMKNzDLsdxAYqApt+AjpRpP2CShjMfIa3umZ42UQMvH0tl1qAliYPNYO6vTdcGMqnRrCPmsfzTI1w=="
      },
      "Docker.DotNet.Enhanced": {
        "type": "Transitive",
        "resolved": "3.131.1",
        "contentHash": "hGLHCNUsQbT2Ab/HUznRnNqYZQs40zInXa3eLwYjeNyfUYbw1pqqDGqcOLl5uGepS8IuigEYakEdAcVT/2ezYg==",
        "dependencies": {
          "Microsoft.Extensions.Logging.Abstractions": "8.0.3"
        }
      },
      "Docker.DotNet.Enhanced.X509": {
        "type": "Transitive",
        "resolved": "3.131.1",
        "contentHash": "8FU7zmttFQzp0xb0EPupxQ0nGtC2cTpukgh3jMxMT8luj5TSDyzIKTnroDpXCjpg9P2fV+6JIvC+IetsMEfyBA==",
        "dependencies": {
          "Docker.DotNet.Enhanced": "3.131.1"
        }
      },
      "librdkafka.redist": {
        "type": "Transitive",
        "resolved": "2.8.0",
        "contentHash": "Gg8nPjn9+Sp6X+O1g9duKarCteFQjpkCVJS06ihVQf4PVnR/jPXkN3vwvWe5zP4L47xiEfU+6wIp4pbIvaQ6rQ=="
      },
      "Microsoft.Azure.Amqp": {
        "type": "Transitive",
        "resolved": "2.6.9",
        "contentHash": "5i9XzfqxK1H5IBl+OuOV1jwJdrOvi5RUwsZgVOryZm0GCzcM9NWPNRxzPAbsSeaR2T6+1gGvdT3vR+Vbha6KFQ=="
      },
      "Microsoft.Bcl.AsyncInterfaces": {
        "type": "Transitive",
        "resolved": "6.0.0",
        "contentHash": "UcSjPsst+DfAdJGVDsu346FX0ci0ah+lw3WRtn18NUwEqRt70HaOQ7lI72vy3+1LxtqI3T5GWwV39rQSrCzAeg=="
      },
      "Microsoft.CodeCoverage": {
        "type": "Transitive",
        "resolved": "18.5.1",
        "contentHash": "vMFDR1ZjqzzgKmM0zrPie7Gv9Y+ZppjODB5Quzu9Eq0TlIusUfUCYFPEawO91zQuqwzvdFbJSU7WHNtjStffJQ=="
      },
      "Microsoft.Extensions.Configuration.Abstractions": {
        "type": "Transitive",
        "resolved": "10.0.0",
        "contentHash": "d2kDKnCsJvY7mBVhcjPSp9BkJk48DsaHPg5u+Oy4f8XaOqnEedRy/USyvnpHL92wpJ6DrTPy7htppUUzskbCXQ==",
        "dependencies": {
          "Microsoft.Extensions.Primitives": "10.0.0"
        }
      },
      "Microsoft.Extensions.Diagnostics.Abstractions": {
        "type": "Transitive",
        "resolved": "10.0.0",
        "contentHash": "SfK89ytD61S7DgzorFljSkUeluC1ncn6dtZgwc0ot39f/BEYWBl5jpgvodxduoYAs1d9HG8faCDRZxE95UMo2A==",
        "dependencies": {
          "Microsoft.Extensions.DependencyInjection.Abstractions": "10.0.0",
          "Microsoft.Extensions.Options": "10.0.0"
        }
      },
      "Microsoft.Extensions.FileProviders.Abstractions": {
        "type": "Transitive",
        "resolved": "10.0.0",
        "contentHash": "/ppSdehKk3fuXjlqCDgSOtjRK/pSHU8eWgzSHfHdwVm5BP4Dgejehkw+PtxKG2j98qTDEHDst2Y99aNsmJldmw==",
        "dependencies": {
          "Microsoft.Extensions.Primitives": "10.0.0"
        }
      },
      "Microsoft.Extensions.Logging.Abstractions": {
        "type": "Transitive",
        "resolved": "10.0.8",
        "contentHash": "fdVadZmsC8jRP0KvKy8mO8f6GV/HyBvElfcSxEhd+5FM5boAw/01iSaCto5G3G37ApJira4A3pNaVvBv8cUiLQ==",
        "dependencies": {
          "Microsoft.Extensions.DependencyInjection.Abstractions": "10.0.8"
        }
      },
      "Microsoft.Extensions.Options": {
        "type": "Transitive",
        "resolved": "10.0.0",
        "contentHash": "8oCAgXOow5XDrY9HaXX1QmH3ORsyZO/ANVHBlhLyCeWTH5Sg4UuqZeOTWJi6484M+LqSx0RqQXDJtdYy2BNiLQ==",
        "dependencies": {
          "Microsoft.Extensions.DependencyInjection.Abstractions": "10.0.0",
          "Microsoft.Extensions.Primitives": "10.0.0"
        }
      },
      "Microsoft.Extensions.Primitives": {
        "type": "Transitive",
        "resolved": "10.0.0",
        "contentHash": "inRnbpCS0nwO/RuoZIAqxQUuyjaknOOnCEZB55KSMMjRhl0RQDttSmLSGsUJN3RQ3ocf5NDLFd2mOQViHqMK5w=="
      },
      "Microsoft.TestPlatform.ObjectModel": {
        "type": "Transitive",
        "resolved": "18.5.1",
        "contentHash": "KNZd+M0S0rz5eNAln0pbZX+A/RbokYZCbGKx4fN4CkhtWhkz6nSJDO+9LGYjRE4d0WPVriJ2JnVubkjt3+PpMg=="
      },
      "Microsoft.TestPlatform.TestHost": {
        "type": "Transitive",
        "resolved": "18.5.1",
        "contentHash": "RM+3JNHEoHOCFXzVntUcIiYxzPjzBN0N8wto6HYXi76YyBTZ/3CeRL8U+Pk5zx3AUrOmHxDvKJwGUCdElU9bJg==",
        "dependencies": {
          "Microsoft.TestPlatform.ObjectModel": "18.5.1",
          "Newtonsoft.Json": "13.0.3"
        }
      },
      "Newtonsoft.Json": {
        "type": "Transitive",
        "resolved": "13.0.3",
        "contentHash": "HrC5BXdl00IP9zeV+0Z848QWPAoCr9P3bDEZguI+gkLcBKAOxix/tLEAAHC+UvDNPv4a2d18lOReHMOagPa+zQ=="
      },
      "SharpZipLib": {
        "type": "Transitive",
        "resolved": "1.4.2",
        "contentHash": "yjj+3zgz8zgXpiiC3ZdF/iyTBbz2fFvMxZFEBPUcwZjIvXOf37Ylm+K58hqMfIBt5JgU/Z2uoUS67JmTLe973A=="
      },
      "SSH.NET": {
        "type": "Transitive",
        "resolved": "2025.1.0",
        "contentHash": "jrnbtf0ItVaXAe6jE8X/kSLa6uC+0C+7W1vepcnRQB/rD88qy4IxG7Lf1FIbWmkoc4iVXv0pKrz+Wc6J4ngmHw==",
        "dependencies": {
          "BouncyCastle.Cryptography": "2.6.2",
          "Microsoft.Extensions.Logging.Abstractions": "8.0.3"
        }
      },
      "System.ClientModel": {
        "type": "Transitive",
        "resolved": "1.1.0",
        "contentHash": "UocOlCkxLZrG2CKMAAImPcldJTxeesHnHGHwhJ0pNlZEvEXcWKuQvVOER2/NiOkJGRJk978SNdw3j6/7O9H1lg==",
        "dependencies": {
          "System.Memory.Data": "1.0.2"
        }
      },
      "System.Memory.Data": {
        "type": "Transitive",
        "resolved": "6.0.0",
        "contentHash": "ntFHArH3I4Lpjf5m4DCXQHJuGwWPNVJPaAvM95Jy/u+2Yzt2ryiyIN04LAogkjP9DeRcEOiviAjQotfmPq/FrQ=="
      },
      "System.Threading.RateLimiting": {
        "type": "Transitive",
        "resolved": "8.0.0",
        "contentHash": "7mu9v0QDv66ar3DpGSZHg9NuNcxDaaAcnMULuZlaTpP9+hwXhrxNGsF5GmLkSHxFdb5bBc1TzeujsRgTrPWi+Q=="
      },
      "Validation": {
        "type": "Transitive",
        "resolved": "2.5.51",
        "contentHash": "g/Aug7PVWaenlJ0QUyt/mEetngkQNsMCuNeRVXbcJED1nZS7JcK+GTU4kz3jcQ7bFuKfi8PF4ExXH7XSFNuSLQ=="
      },
      "xunit.abstractions": {
        "type": "Transitive",
        "resolved": "2.0.3",
        "contentHash": "pot1I4YOxlWjIb5jmwvvQNbTrZ3lJQ+jUGkGjWE3hEFM0l5gOnBWS+H3qsex68s5cO52g+44vpGzhAt+42vwKg=="
      },
      "xunit.analyzers": {
        "type": "Transitive",
        "resolved": "1.18.0",
        "contentHash": "OtFMHN8yqIcYP9wcVIgJrq01AfTxijjAqVDy/WeQVSyrDC1RzBWeQPztL49DN2syXRah8TYnfvk035s7L95EZQ=="
      },
      "xunit.assert": {
        "type": "Transitive",
        "resolved": "2.9.3",
        "contentHash": "/Kq28fCE7MjOV42YLVRAJzRF0WmEqsmflm0cfpMjGtzQ2lR5mYVj1/i0Y8uDAOLczkL3/jArrwehfMD0YogMAA=="
      },
      "xunit.core": {
        "type": "Transitive",
        "resolved": "2.9.3",
        "contentHash": "BiAEvqGvyme19wE0wTKdADH+NloYqikiU0mcnmiNyXaF9HyHmE6sr/3DC5vnBkgsWaE6yPyWszKSPSApWdRVeQ==",
        "dependencies": {
          "xunit.extensibility.core": "[2.9.3]",
          "xunit.extensibility.execution": "[2.9.3]"
        }
      },
      "xunit.extensibility.core": {
        "type": "Transitive",
        "resolved": "2.9.3",
        "contentHash": "kf3si0YTn2a8J8eZNb+zFpwfoyvIrQ7ivNk5ZYA5yuYk1bEtMe4DxJ2CF/qsRgmEnDr7MnW1mxylBaHTZ4qErA==",
        "dependencies": {
          "xunit.abstractions": "2.0.3"
        }
      },
      "xunit.extensibility.execution": {
        "type": "Transitive",
        "resolved": "2.9.3",
        "contentHash": "yMb6vMESlSrE3Wfj7V6cjQ3S4TXdXpRqYeNEI3zsX31uTsGMJjEw6oD5F5u1cHnMptjhEECnmZSsPxB6ChZHDQ==",
        "dependencies": {
          "xunit.extensibility.core": "[2.9.3]"
        }
      },
      "litebus.commands": {
        "type": "Project",
        "dependencies": {
          "LiteBus.Commands.Abstractions": "[1.0.0, )",
          "LiteBus.Messaging": "[1.0.0, )",
          "LiteBus.Runtime.Abstractions": "[1.0.0, )"
        }
      },
      "litebus.commands.abstractions": {
        "type": "Project",
        "dependencies": {
          "LiteBus.Messaging.Abstractions": "[1.0.0, )"
        }
      },
      "litebus.commands.extensions.microsoft.dependencyinjection": {
        "type": "Project",
        "dependencies": {
          "LiteBus.Commands": "[1.0.0, )",
          "LiteBus.Runtime.Extensions.Microsoft.DependencyInjection": "[1.0.0, )"
        }
      },
      "litebus.durablemessaging.abstractions": {
        "type": "Project",
        "dependencies": {
          "LiteBus.Messaging.Abstractions": "[1.0.0, )",
          "LiteBus.Runtime.Abstractions": "[1.0.0, )"
        }
      },
      "litebus.events": {
        "type": "Project",
        "dependencies": {
          "LiteBus.Events.Abstractions": "[1.0.0, )",
          "LiteBus.Messaging": "[1.0.0, )",
          "LiteBus.Messaging.Abstractions": "[1.0.0, )",
          "LiteBus.Runtime.Abstractions": "[1.0.0, )"
        }
      },
      "litebus.events.abstractions": {
        "type": "Project",
        "dependencies": {
          "LiteBus.Messaging.Abstractions": "[1.0.0, )"
        }
      },
      "litebus.events.extensions.microsoft.dependencyinjection": {
        "type": "Project",
        "dependencies": {
          "LiteBus.Events": "[1.0.0, )",
          "LiteBus.Runtime.Extensions.Microsoft.DependencyInjection": "[1.0.0, )"
        }
      },
      "litebus.extensions.microsoft.dependencyinjection": {
        "type": "Project",
        "dependencies": {
          "LiteBus.Commands.Extensions.Microsoft.DependencyInjection": "[1.0.0, )",
          "LiteBus.Events.Extensions.Microsoft.DependencyInjection": "[1.0.0, )",
          "LiteBus.Messaging.Extensions.Microsoft.DependencyInjection": "[1.0.0, )",
          "LiteBus.Queries.Extensions.Microsoft.DependencyInjection": "[1.0.0, )"
        }
      },
      "litebus.inbox": {
        "type": "Project",
        "dependencies": {
          "LiteBus.DurableMessaging.Abstractions": "[1.0.0, )",
          "LiteBus.Inbox.Abstractions": "[1.0.0, )",
          "LiteBus.Messaging": "[1.0.0, )",
          "LiteBus.Runtime.Abstractions": "[1.0.0, )",
          "Microsoft.Extensions.Logging.Abstractions": "[10.0.8, )"
        }
      },
      "litebus.inbox.abstractions": {
        "type": "Project",
        "dependencies": {
          "LiteBus.DurableMessaging.Abstractions": "[1.0.0, )",
          "LiteBus.Messaging.Abstractions": "[1.0.0, )",
          "LiteBus.Runtime.Abstractions": "[1.0.0, )"
        }
      },
      "litebus.inbox.dispatch.inprocess": {
        "type": "Project",
        "dependencies": {
          "LiteBus.Commands": "[1.0.0, )",
          "LiteBus.Commands.Abstractions": "[1.0.0, )",
          "LiteBus.Inbox": "[1.0.0, )",
          "LiteBus.Inbox.Abstractions": "[1.0.0, )",
          "LiteBus.Messaging": "[1.0.0, )",
          "LiteBus.Runtime.Abstractions": "[1.0.0, )"
        }
      },
      "litebus.inbox.ingress": {
        "type": "Project",
        "dependencies": {
          "LiteBus.Inbox.Abstractions": "[1.0.0, )",
          "LiteBus.Messaging.Abstractions": "[1.0.0, )",
          "LiteBus.Runtime.Abstractions": "[1.0.0, )",
          "LiteBus.Transport": "[1.0.0, )",
          "LiteBus.Transport.Abstractions": "[1.0.0, )",
          "Microsoft.Extensions.Logging.Abstractions": "[10.0.8, )"
        }
      },
      "litebus.inbox.ingress.kafka": {
        "type": "Project",
        "dependencies": {
          "LiteBus.Inbox": "[1.0.0, )",
          "LiteBus.Inbox.Abstractions": "[1.0.0, )",
          "LiteBus.Inbox.Ingress": "[1.0.0, )",
          "LiteBus.Messaging.Abstractions": "[1.0.0, )",
          "LiteBus.Runtime.Abstractions": "[1.0.0, )",
          "LiteBus.Transport.Kafka": "[1.0.0, )"
        }
      },
      "litebus.inbox.storage.inmemory": {
        "type": "Project",
        "dependencies": {
          "LiteBus.Inbox": "[1.0.0, )",
          "LiteBus.Inbox.Abstractions": "[1.0.0, )",
          "LiteBus.Runtime.Abstractions": "[1.0.0, )"
        }
      },
      "litebus.messaging": {
        "type": "Project",
        "dependencies": {
          "LiteBus.DurableMessaging.Abstractions": "[1.0.0, )",
          "LiteBus.Messaging.Abstractions": "[1.0.0, )",
          "LiteBus.Runtime.Abstractions": "[1.0.0, )",
          "Microsoft.Extensions.Logging.Abstractions": "[10.0.8, )"
        }
      },
      "litebus.messaging.abstractions": {
        "type": "Project",
        "dependencies": {
          "LiteBus.Runtime.Abstractions": "[1.0.0, )"
        }
      },
      "litebus.messaging.extensions.microsoft.dependencyinjection": {
        "type": "Project",
        "dependencies": {
          "LiteBus.Messaging": "[1.0.0, )",
          "LiteBus.Runtime.Extensions.Microsoft.DependencyInjection": "[1.0.0, )"
        }
      },
      "litebus.outbox": {
        "type": "Project",
        "dependencies": {
          "LiteBus.DurableMessaging.Abstractions": "[1.0.0, )",
          "LiteBus.Messaging": "[1.0.0, )",
          "LiteBus.Outbox.Abstractions": "[1.0.0, )",
          "LiteBus.Runtime.Abstractions": "[1.0.0, )",
          "Microsoft.Extensions.Logging.Abstractions": "[10.0.8, )"
        }
      },
      "litebus.outbox.abstractions": {
        "type": "Project",
        "dependencies": {
          "LiteBus.DurableMessaging.Abstractions": "[1.0.0, )",
          "LiteBus.Messaging.Abstractions": "[1.0.0, )",
          "LiteBus.Runtime.Abstractions": "[1.0.0, )"
        }
      },
      "litebus.outbox.dispatch.inprocess": {
        "type": "Project",
        "dependencies": {
          "LiteBus.Events": "[1.0.0, )",
          "LiteBus.Events.Abstractions": "[1.0.0, )",
          "LiteBus.Messaging": "[1.0.0, )",
          "LiteBus.Outbox": "[1.0.0, )",
          "LiteBus.Outbox.Abstractions": "[1.0.0, )",
          "LiteBus.Runtime.Abstractions": "[1.0.0, )"
        }
      },
      "litebus.outbox.storage.inmemory": {
        "type": "Project",
        "dependencies": {
          "LiteBus.Outbox": "[1.0.0, )",
          "LiteBus.Outbox.Abstractions": "[1.0.0, )",
          "LiteBus.Runtime.Abstractions": "[1.0.0, )"
        }
      },
      "litebus.queries": {
        "type": "Project",
        "dependencies": {
          "LiteBus.Messaging": "[1.0.0, )",
          "LiteBus.Queries.Abstractions": "[1.0.0, )",
          "LiteBus.Runtime.Abstractions": "[1.0.0, )"
        }
      },
      "litebus.queries.abstractions": {
        "type": "Project",
        "dependencies": {
          "LiteBus.Messaging.Abstractions": "[1.0.0, )"
        }
      },
      "litebus.queries.extensions.microsoft.dependencyinjection": {
        "type": "Project",
        "dependencies": {
          "LiteBus.Queries": "[1.0.0, )",
          "LiteBus.Runtime.Extensions.Microsoft.DependencyInjection": "[1.0.0, )"
        }
      },
      "litebus.runtime": {
        "type": "Project",
        "dependencies": {
          "LiteBus.Runtime.Abstractions": "[1.0.0, )"
        }
      },
      "litebus.runtime.abstractions": {
        "type": "Project"
      },
      "litebus.runtime.extensions.hosting": {
        "type": "Project",
        "dependencies": {
          "LiteBus.Runtime.Abstractions": "[1.0.0, )",
          "Microsoft.Extensions.Hosting.Abstractions": "[10.0.0, )"
        }
      },
      "litebus.runtime.extensions.microsoft.dependencyinjection": {
        "type": "Project",
        "dependencies": {
          "LiteBus.Runtime": "[1.0.0, )",
          "LiteBus.Runtime.Extensions.Microsoft.Hosting": "[1.0.0, )",
          "Microsoft.Extensions.DependencyInjection.Abstractions": "[10.0.8, )"
        }
      },
      "litebus.runtime.extensions.microsoft.hosting": {
        "type": "Project",
        "dependencies": {
          "LiteBus.Runtime.Extensions.Hosting": "[1.0.0, )",
          "Microsoft.Extensions.DependencyInjection.Abstractions": "[10.0.8, )",
          "Microsoft.Extensions.Hosting.Abstractions": "[10.0.0, )"
        }
      },
      "litebus.testing": {
        "type": "Project"
      },
      "litebus.testing.hosting": {
        "type": "Project",
        "dependencies": {
          "LiteBus.Inbox": "[1.0.0, )",
          "LiteBus.Runtime.Abstractions": "[1.0.0, )",
          "LiteBus.Runtime.Extensions.Microsoft.Hosting": "[1.0.0, )",
          "Microsoft.Extensions.DependencyInjection": "[10.0.8, )",
          "Microsoft.Extensions.Hosting.Abstractions": "[10.0.0, )"
        }
      },
      "litebus.transport": {
        "type": "Project",
        "dependencies": {
          "LiteBus.Runtime.Abstractions": "[1.0.0, )",
          "LiteBus.Transport.Abstractions": "[1.0.0, )"
        }
      },
      "litebus.transport.abstractions": {
        "type": "Project"
      },
      "litebus.transport.amqp": {
        "type": "Project",
        "dependencies": {
          "LiteBus.Runtime.Abstractions": "[1.0.0, )",
          "LiteBus.Transport": "[1.0.0, )",
          "LiteBus.Transport.Abstractions": "[1.0.0, )",
          "RabbitMQ.Client": "[7.1.2, )"
        }
      },
      "litebus.transport.awssqs": {
        "type": "Project",
        "dependencies": {
          "AWSSDK.SQS": "[3.7.400.118, )",
          "LiteBus.Runtime.Abstractions": "[1.0.0, )",
          "LiteBus.Transport": "[1.0.0, )",
          "LiteBus.Transport.Abstractions": "[1.0.0, )"
        }
      },
      "litebus.transport.azureservicebus": {
        "type": "Project",
        "dependencies": {
          "Azure.Messaging.ServiceBus": "[7.18.4, )",
          "LiteBus.Runtime.Abstractions": "[1.0.0, )",
          "LiteBus.Transport": "[1.0.0, )",
          "LiteBus.Transport.Abstractions": "[1.0.0, )",
          "Microsoft.Extensions.Logging.Abstractions": "[10.0.8, )"
        }
      },
      "litebus.transport.inmemory": {
        "type": "Project",
        "dependencies": {
          "LiteBus.Runtime.Abstractions": "[1.0.0, )",
          "LiteBus.Transport": "[1.0.0, )",
          "LiteBus.Transport.Abstractions": "[1.0.0, )"
        }
      },
      "litebus.transport.integrationtesting": {
        "type": "Project",
        "dependencies": {
          "AWSSDK.SQS": "[3.7.400.118, )",
          "Azure.Messaging.ServiceBus": "[7.18.4, )",
          "Confluent.Kafka": "[2.8.0, )",
          "LiteBus.Extensions.Microsoft.DependencyInjection": "[1.0.0, )",
          "LiteBus.Inbox": "[1.0.0, )",
          "LiteBus.Inbox.Abstractions": "[1.0.0, )",
          "LiteBus.Inbox.Dispatch.InProcess": "[1.0.0, )",
          "LiteBus.Inbox.Ingress.Kafka": "[1.0.0, )",
          "LiteBus.Inbox.Storage.InMemory": "[1.0.0, )",
          "LiteBus.Messaging": "[1.0.0, )",
          "LiteBus.Outbox": "[1.0.0, )",
          "LiteBus.Outbox.Abstractions": "[1.0.0, )",
          "LiteBus.Outbox.Dispatch.InProcess": "[1.0.0, )",
          "LiteBus.Outbox.Storage.InMemory": "[1.0.0, )",
          "LiteBus.Runtime.Abstractions": "[1.0.0, )",
          "LiteBus.Testing": "[1.0.0, )",
          "LiteBus.Testing.Hosting": "[1.0.0, )",
          "LiteBus.Transport.Abstractions": "[1.0.0, )",
          "LiteBus.Transport.AwsSqs": "[1.0.0, )",
          "LiteBus.Transport.AzureServiceBus": "[1.0.0, )",
          "LiteBus.Transport.InMemory": "[1.0.0, )",
          "LiteBus.Transport.Kafka": "[1.0.0, )",
          "Microsoft.Extensions.DependencyInjection": "[10.0.8, )",
          "Microsoft.Extensions.Hosting.Abstractions": "[10.0.0, )",
          "Testcontainers": "[4.11.0, )",
          "Testcontainers.Kafka": "[4.11.0, )",
          "Testcontainers.LocalStack": "[4.11.0, )",
          "Testcontainers.Redpanda": "[4.11.0, )",
          "Testcontainers.ServiceBus": "[4.11.0, )",
          "Xunit.SkippableFact": "[1.5.23, )",
          "xunit": "[2.9.3, )"
        }
      },
      "litebus.transport.kafka": {
        "type": "Project",
        "dependencies": {
          "Confluent.Kafka": "[2.8.0, )",
          "LiteBus.Runtime.Abstractions": "[1.0.0, )",
          "LiteBus.Transport": "[1.0.0, )",
          "LiteBus.Transport.Abstractions": "[1.0.0, )"
        }
      },
      "litebus.transport.testing": {
        "type": "Project",
        "dependencies": {
          "LiteBus.Transport.Abstractions": "[1.0.0, )",
          "xunit": "[2.9.3, )"
        }
      },
      "AWSSDK.SQS": {
        "type": "CentralTransitive",
        "requested": "[3.7.400.118, )",
        "resolved": "3.7.400.118",
        "contentHash": "5rPHshkyrzt/Dnm9mXPGFR88xGA5qeG5xA7YN+72mOOb6zM6T/97LIh2mvSYIM4/IBqY65njnx79RwZqV0qvag==",
        "dependencies": {
          "AWSSDK.Core": "[3.7.402.24, 4.0.0)"
        }
      },
      "Azure.Messaging.ServiceBus": {
        "type": "CentralTransitive",
        "requested": "[7.18.4, )",
        "resolved": "7.18.4",
        "contentHash": "p407IN0ubqKMijByGYxNz3lnW7G8n2joZHQUfwzm5tu/Hrf8ys3SvKmU0cot00c9Y0jqxxg/le/qjoxltHF8gw==",
        "dependencies": {
          "Azure.Core": "1.44.1",
          "Azure.Core.Amqp": "1.3.1",
          "Microsoft.Azure.Amqp": "2.6.9",
          "Microsoft.Bcl.AsyncInterfaces": "6.0.0",
          "System.Memory.Data": "6.0.0"
        }
      },
      "Confluent.Kafka": {
        "type": "CentralTransitive",
        "requested": "[2.8.0, )",
        "resolved": "2.8.0",
        "contentHash": "i5Qb5BPthGXmLRSZWXVLPVNfo9Mxt+UieC+E/ZTFmlGIuPPd57g7Sxp8QP7fYp7qEBXs561jvWDLGaCZqV9ycg==",
        "dependencies": {
          "librdkafka.redist": "2.8.0"
        }
      },
      "Microsoft.Extensions.DependencyInjection": {
        "type": "CentralTransitive",
        "requested": "[10.0.8, )",
        "resolved": "10.0.8",
        "contentHash": "daf62xHIrq8pnE709hgaZZN9tSam9TGGepWe1+bE6V3GEuVwJiMs6ib+38lfMCyAJAHiX0vapxBhsuMSV7U+cg==",
        "dependencies": {
          "Microsoft.Extensions.DependencyInjection.Abstractions": "10.0.8"
        }
      },
      "Microsoft.Extensions.DependencyInjection.Abstractions": {
        "type": "CentralTransitive",
        "requested": "[10.0.8, )",
        "resolved": "10.0.8",
        "contentHash": "21nbDV60SRPWGIivsyl6lqBeEJNG1sginhhfWgRrr3Ais7aQ12To25OAHQxgoiJkjqy1aQ6RxpZBGYuTi7Ge6A=="
      },
      "Microsoft.Extensions.Hosting.Abstractions": {
        "type": "CentralTransitive",
        "requested": "[10.0.0, )",
        "resolved": "10.0.0",
        "contentHash": "KrN6TGFwCwqOkLLk/idW/XtDQh+8In+CL9T4M1Dx+5ScsjTq4TlVbal8q532m82UYrMr6RiQJF2HvYCN0QwVsA==",
        "dependencies": {
          "Microsoft.Extensions.Configuration.Abstractions": "10.0.0",
          "Microsoft.Extensions.DependencyInjection.Abstractions": "10.0.0",
          "Microsoft.Extensions.Diagnostics.Abstractions": "10.0.0",
          "Microsoft.Extensions.FileProviders.Abstractions": "10.0.0",
          "Microsoft.Extensions.Logging.Abstractions": "10.0.0"
        }
      },
      "RabbitMQ.Client": {
        "type": "CentralTransitive",
        "requested": "[7.1.2, )",
        "resolved": "7.1.2",
        "contentHash": "y3c6ulgULScWthHw5PLM1ShHRLhxg0vCtzX/hh61gRgNecL3ZC3WoBW2HYHoXOVRqTl99Br9E7CZEytGZEsCyQ==",
        "dependencies": {
          "System.Threading.RateLimiting": "8.0.0"
        }
      },
      "Testcontainers.Kafka": {
        "type": "CentralTransitive",
        "requested": "[4.11.0, )",
        "resolved": "4.11.0",
        "contentHash": "akpJ35K/ZP99AkOoJRTi3ABu9zjtW/Uoak+9MDZyg3NPbKWqt1AA7P8OM/Eac4GQQkVV4NoHrKSINhs24yVpPQ==",
        "dependencies": {
          "Testcontainers": "4.11.0"
        }
      },
      "Testcontainers.LocalStack": {
        "type": "CentralTransitive",
        "requested": "[4.11.0, )",
        "resolved": "4.11.0",
        "contentHash": "Tf3KXejYqGu5gGKQdLlTNZgpmFxtRR/+tRHZTyoI4LhDfgfPj3C+Bful4qXMZlotucWskOJoXpAq6Gy1Xbg2AQ==",
        "dependencies": {
          "Testcontainers": "4.11.0"
        }
      },
      "Testcontainers.MsSql": {
        "type": "CentralTransitive",
        "requested": "[4.11.0, )",
        "resolved": "4.11.0",
        "contentHash": "fXpcLKg6MgryR/e0FCF8KbhpOyDOkMjryKLRhp0zUIvJNckxXvqCuARZyTm7mO0FnhXObjVP5xyIo2fi8axFCg==",
        "dependencies": {
          "Testcontainers": "4.11.0"
        }
      },
      "Testcontainers.Redpanda": {
        "type": "CentralTransitive",
        "requested": "[4.11.0, )",
        "resolved": "4.11.0",
        "contentHash": "Cm21dA7t0gk0QIjyL150TjtSgNHMSrwQJuZ9vm/imhiZxvXF5kfc9OsUYam/X9XLXsYlDdQd0Kv+WTstKo8tAw==",
        "dependencies": {
          "Testcontainers": "4.11.0"
        }
      },
      "Testcontainers.ServiceBus": {
        "type": "CentralTransitive",
        "requested": "[4.11.0, )",
        "resolved": "4.11.0",
        "contentHash": "0ab/6NFLJXb/jQp4lz+0KqnvTlz2wn6ml3up+5EIJMFLhqOGAU/hW/Y+g0SZDm+OvCEy9vf3o8CHtu/sWdPJ3A==",
        "dependencies": {
          "Testcontainers": "4.11.0",
          "Testcontainers.MsSql": "4.11.0"
        }
      },
      "Xunit.SkippableFact": {
        "type": "CentralTransitive",
        "requested": "[1.5.23, )",
        "resolved": "1.5.23",
        "contentHash": "JlKobLTlsGcuJ8OtoodxL63bUagHSVBnF+oQ2GgnkwNqK+XYjeYyhQasULi5Ebx1MNDGNbOMplQYr89mR+nItQ==",
        "dependencies": {
          "Validation": "2.5.51",
          "xunit.extensibility.execution": "2.4.0"
        }
      }
    }
  }
}