
Microsoft Visual Studio Solution File, Format Version 12.00
Project("{2150E333-8FDC-42A3-9474-1A3956D46DE8}") = "src", "src", "{0C972F3F-001F-41B5-9DE5-6F70DBDC342D}"
EndProject
Project("{2150E333-8FDC-42A3-9474-1A3956D46DE8}") = "tests", "tests", "{0EFE2493-E2D3-499C-BB05-B9794298273D}"
EndProject
Project("{FAE04EC0-301F-11D3-BF4B-00C04F79EFBC}") = "LiteBus", "src\LiteBus\LiteBus.csproj", "{B1FDAB62-C743-4D41-A8F6-727FEFCA882D}"
EndProject
Project("{FAE04EC0-301F-11D3-BF4B-00C04F79EFBC}") = "LiteBus.Extensions.MicrosoftDependencyInjection", "src\LiteBus.Extensions.MicrosoftDependencyInjection\LiteBus.Extensions.MicrosoftDependencyInjection.csproj", "{BC8DA8CC-56FE-47EC-B8EB-693A3C218382}"
EndProject
Project("{2150E333-8FDC-42A3-9474-1A3956D46DE8}") = "samples", "samples", "{598AE9AB-FD1F-4648-B5CF-EA282C443851}"
EndProject
Project("{FAE04EC0-301F-11D3-BF4B-00C04F79EFBC}") = "LiteBus.WebApi", "samples\LiteBus.WebApi\LiteBus.WebApi.csproj", "{0E44005E-D117-4952-9295-37C58B5F15AD}"
EndProject
Project("{2150E333-8FDC-42A3-9474-1A3956D46DE8}") = "Solution Items", "Solution Items", "{52BF0EB2-FFF5-4976-8404-546EE35E5EAB}"
ProjectSection(SolutionItems) = preProject
	.gitignore = .gitignore
	LICENSE = LICENSE
	README.md = README.md
	global.json = global.json
	Directory.Build.props = Directory.Build.props
EndProjectSection
EndProject
Project("{FAE04EC0-301F-11D3-BF4B-00C04F79EFBC}") = "LiteBus.Messaging.Abstractions", "src\LiteBus.Messaging.Abstractions\LiteBus.Messaging.Abstractions.csproj", "{6FB3AC81-0C18-4CCC-8C05-06AC881C5F14}"
EndProject
Project("{FAE04EC0-301F-11D3-BF4B-00C04F79EFBC}") = "LiteBus.Commands.Abstractions", "src\LiteBus.Commands.Abstractions\LiteBus.Commands.Abstractions.csproj", "{CDE98E55-82E9-44FC-9E18-030CD6C72322}"
EndProject
Project("{FAE04EC0-301F-11D3-BF4B-00C04F79EFBC}") = "LiteBus.Commands", "src\LiteBus.Commands\LiteBus.Commands.csproj", "{67B8F4B0-507A-43A8-90AF-D47E21A765A1}"
EndProject
Project("{FAE04EC0-301F-11D3-BF4B-00C04F79EFBC}") = "LiteBus.Events.Abstractions", "src\LiteBus.Events.Abstractions\LiteBus.Events.Abstractions.csproj", "{A420602C-0A96-4339-A84F-69708C943A5C}"
EndProject
Project("{FAE04EC0-301F-11D3-BF4B-00C04F79EFBC}") = "LiteBus.Events", "src\LiteBus.Events\LiteBus.Events.csproj", "{DB836B64-1A4C-45B7-BF43-1FECFE704DEA}"
EndProject
Project("{FAE04EC0-301F-11D3-BF4B-00C04F79EFBC}") = "LiteBus.Queries.Abstractions", "src\LiteBus.Queries.Abstractions\LiteBus.Queries.Abstractions.csproj", "{4A7688E8-9272-4FF1-A53C-E78968799717}"
EndProject
Project("{FAE04EC0-301F-11D3-BF4B-00C04F79EFBC}") = "LiteBus.Queries", "src\LiteBus.Queries\LiteBus.Queries.csproj", "{5A37FD18-2EE2-4170-9000-28E66485555E}"
EndProject
Project("{FAE04EC0-301F-11D3-BF4B-00C04F79EFBC}") = "LiteBus.Commands.Extensions.MicrosoftDependencyInjection", "src\LiteBus.Commands.Extensions.MicrosoftDependencyInjection\LiteBus.Commands.Extensions.MicrosoftDependencyInjection.csproj", "{83E199BD-34B6-4769-B59B-21844EF0AC11}"
EndProject
Project("{FAE04EC0-301F-11D3-BF4B-00C04F79EFBC}") = "LiteBus.Events.Extensions.MicrosoftDependencyInjection", "src\LiteBus.Events.Extensions.MicrosoftDependencyInjection\LiteBus.Events.Extensions.MicrosoftDependencyInjection.csproj", "{FFE8D329-02A1-478F-8579-E5DC4884F301}"
EndProject
Project("{FAE04EC0-301F-11D3-BF4B-00C04F79EFBC}") = "LiteBus.Queries.Extensions.MicrosoftDependencyInjection", "src\LiteBus.Queries.Extensions.MicrosoftDependencyInjection\LiteBus.Queries.Extensions.MicrosoftDependencyInjection.csproj", "{4F82020C-7E22-4CEB-9273-FDD309FBBAE4}"
EndProject
Project("{FAE04EC0-301F-11D3-BF4B-00C04F79EFBC}") = "LiteBus.Messaging.Extensions.MicrosoftDependencyInjection", "src\LiteBus.Messaging.Extensions.MicrosoftDependencyInjection\LiteBus.Messaging.Extensions.MicrosoftDependencyInjection.csproj", "{901335C8-4F10-489E-9046-1C36DF04BC4B}"
EndProject
Project("{FAE04EC0-301F-11D3-BF4B-00C04F79EFBC}") = "LiteBus.Messaging", "src\LiteBus.Messaging\LiteBus.Messaging.csproj", "{5304A13D-7C9E-4B79-8CCA-885266EAD744}"
EndProject
Project("{FAE04EC0-301F-11D3-BF4B-00C04F79EFBC}") = "LiteBus.UnitTests", "tests\LiteBus.UnitTests\LiteBus.UnitTests.csproj", "{927C34A3-67E0-4CFB-882D-2C3D2604CFF4}"
EndProject
Project("{2150E333-8FDC-42A3-9474-1A3956D46DE8}") = ".github", ".github", "{4F94FB13-B936-4AD4-A609-70ED7A1158E9}"
EndProject
Project("{2150E333-8FDC-42A3-9474-1A3956D46DE8}") = "workflows", "workflows", "{6DDDBFD2-8D06-4620-9BA4-1666FCA0524E}"
	ProjectSection(SolutionItems) = preProject
		.github\workflows\dotnet-core.yml = .github\workflows\dotnet-core.yml
		.github\workflows\publish-packages.yml = .github\workflows\publish-packages.yml
	EndProjectSection
EndProject
Global
	GlobalSection(SolutionConfigurationPlatforms) = preSolution
		Debug|Any CPU = Debug|Any CPU
		Release|Any CPU = Release|Any CPU
	EndGlobalSection
	GlobalSection(NestedProjects) = preSolution
		{B1FDAB62-C743-4D41-A8F6-727FEFCA882D} = {0C972F3F-001F-41B5-9DE5-6F70DBDC342D}
		{BC8DA8CC-56FE-47EC-B8EB-693A3C218382} = {0C972F3F-001F-41B5-9DE5-6F70DBDC342D}
		{0E44005E-D117-4952-9295-37C58B5F15AD} = {598AE9AB-FD1F-4648-B5CF-EA282C443851}
		{6FB3AC81-0C18-4CCC-8C05-06AC881C5F14} = {0C972F3F-001F-41B5-9DE5-6F70DBDC342D}
		{CDE98E55-82E9-44FC-9E18-030CD6C72322} = {0C972F3F-001F-41B5-9DE5-6F70DBDC342D}
		{67B8F4B0-507A-43A8-90AF-D47E21A765A1} = {0C972F3F-001F-41B5-9DE5-6F70DBDC342D}
		{A420602C-0A96-4339-A84F-69708C943A5C} = {0C972F3F-001F-41B5-9DE5-6F70DBDC342D}
		{DB836B64-1A4C-45B7-BF43-1FECFE704DEA} = {0C972F3F-001F-41B5-9DE5-6F70DBDC342D}
		{4A7688E8-9272-4FF1-A53C-E78968799717} = {0C972F3F-001F-41B5-9DE5-6F70DBDC342D}
		{5A37FD18-2EE2-4170-9000-28E66485555E} = {0C972F3F-001F-41B5-9DE5-6F70DBDC342D}
		{83E199BD-34B6-4769-B59B-21844EF0AC11} = {0C972F3F-001F-41B5-9DE5-6F70DBDC342D}
		{FFE8D329-02A1-478F-8579-E5DC4884F301} = {0C972F3F-001F-41B5-9DE5-6F70DBDC342D}
		{4F82020C-7E22-4CEB-9273-FDD309FBBAE4} = {0C972F3F-001F-41B5-9DE5-6F70DBDC342D}
		{901335C8-4F10-489E-9046-1C36DF04BC4B} = {0C972F3F-001F-41B5-9DE5-6F70DBDC342D}
		{5304A13D-7C9E-4B79-8CCA-885266EAD744} = {0C972F3F-001F-41B5-9DE5-6F70DBDC342D}
		{927C34A3-67E0-4CFB-882D-2C3D2604CFF4} = {0EFE2493-E2D3-499C-BB05-B9794298273D}
		{4F94FB13-B936-4AD4-A609-70ED7A1158E9} = {52BF0EB2-FFF5-4976-8404-546EE35E5EAB}
		{6DDDBFD2-8D06-4620-9BA4-1666FCA0524E} = {4F94FB13-B936-4AD4-A609-70ED7A1158E9}
	EndGlobalSection
	GlobalSection(ProjectConfigurationPlatforms) = postSolution
		{B1FDAB62-C743-4D41-A8F6-727FEFCA882D}.Debug|Any CPU.ActiveCfg = Debug|Any CPU
		{B1FDAB62-C743-4D41-A8F6-727FEFCA882D}.Debug|Any CPU.Build.0 = Debug|Any CPU
		{B1FDAB62-C743-4D41-A8F6-727FEFCA882D}.Release|Any CPU.ActiveCfg = Release|Any CPU
		{B1FDAB62-C743-4D41-A8F6-727FEFCA882D}.Release|Any CPU.Build.0 = Release|Any CPU
		{BC8DA8CC-56FE-47EC-B8EB-693A3C218382}.Debug|Any CPU.ActiveCfg = Debug|Any CPU
		{BC8DA8CC-56FE-47EC-B8EB-693A3C218382}.Debug|Any CPU.Build.0 = Debug|Any CPU
		{BC8DA8CC-56FE-47EC-B8EB-693A3C218382}.Release|Any CPU.ActiveCfg = Release|Any CPU
		{BC8DA8CC-56FE-47EC-B8EB-693A3C218382}.Release|Any CPU.Build.0 = Release|Any CPU
		{0E44005E-D117-4952-9295-37C58B5F15AD}.Debug|Any CPU.ActiveCfg = Debug|Any CPU
		{0E44005E-D117-4952-9295-37C58B5F15AD}.Debug|Any CPU.Build.0 = Debug|Any CPU
		{0E44005E-D117-4952-9295-37C58B5F15AD}.Release|Any CPU.ActiveCfg = Release|Any CPU
		{0E44005E-D117-4952-9295-37C58B5F15AD}.Release|Any CPU.Build.0 = Release|Any CPU
		{6FB3AC81-0C18-4CCC-8C05-06AC881C5F14}.Debug|Any CPU.ActiveCfg = Debug|Any CPU
		{6FB3AC81-0C18-4CCC-8C05-06AC881C5F14}.Debug|Any CPU.Build.0 = Debug|Any CPU
		{6FB3AC81-0C18-4CCC-8C05-06AC881C5F14}.Release|Any CPU.ActiveCfg = Release|Any CPU
		{6FB3AC81-0C18-4CCC-8C05-06AC881C5F14}.Release|Any CPU.Build.0 = Release|Any CPU
		{CDE98E55-82E9-44FC-9E18-030CD6C72322}.Debug|Any CPU.ActiveCfg = Debug|Any CPU
		{CDE98E55-82E9-44FC-9E18-030CD6C72322}.Debug|Any CPU.Build.0 = Debug|Any CPU
		{CDE98E55-82E9-44FC-9E18-030CD6C72322}.Release|Any CPU.ActiveCfg = Release|Any CPU
		{CDE98E55-82E9-44FC-9E18-030CD6C72322}.Release|Any CPU.Build.0 = Release|Any CPU
		{67B8F4B0-507A-43A8-90AF-D47E21A765A1}.Debug|Any CPU.ActiveCfg = Debug|Any CPU
		{67B8F4B0-507A-43A8-90AF-D47E21A765A1}.Debug|Any CPU.Build.0 = Debug|Any CPU
		{67B8F4B0-507A-43A8-90AF-D47E21A765A1}.Release|Any CPU.ActiveCfg = Release|Any CPU
		{67B8F4B0-507A-43A8-90AF-D47E21A765A1}.Release|Any CPU.Build.0 = Release|Any CPU
		{A420602C-0A96-4339-A84F-69708C943A5C}.Debug|Any CPU.ActiveCfg = Debug|Any CPU
		{A420602C-0A96-4339-A84F-69708C943A5C}.Debug|Any CPU.Build.0 = Debug|Any CPU
		{A420602C-0A96-4339-A84F-69708C943A5C}.Release|Any CPU.ActiveCfg = Release|Any CPU
		{A420602C-0A96-4339-A84F-69708C943A5C}.Release|Any CPU.Build.0 = Release|Any CPU
		{DB836B64-1A4C-45B7-BF43-1FECFE704DEA}.Debug|Any CPU.ActiveCfg = Debug|Any CPU
		{DB836B64-1A4C-45B7-BF43-1FECFE704DEA}.Debug|Any CPU.Build.0 = Debug|Any CPU
		{DB836B64-1A4C-45B7-BF43-1FECFE704DEA}.Release|Any CPU.ActiveCfg = Release|Any CPU
		{DB836B64-1A4C-45B7-BF43-1FECFE704DEA}.Release|Any CPU.Build.0 = Release|Any CPU
		{4A7688E8-9272-4FF1-A53C-E78968799717}.Debug|Any CPU.ActiveCfg = Debug|Any CPU
		{4A7688E8-9272-4FF1-A53C-E78968799717}.Debug|Any CPU.Build.0 = Debug|Any CPU
		{4A7688E8-9272-4FF1-A53C-E78968799717}.Release|Any CPU.ActiveCfg = Release|Any CPU
		{4A7688E8-9272-4FF1-A53C-E78968799717}.Release|Any CPU.Build.0 = Release|Any CPU
		{5A37FD18-2EE2-4170-9000-28E66485555E}.Debug|Any CPU.ActiveCfg = Debug|Any CPU
		{5A37FD18-2EE2-4170-9000-28E66485555E}.Debug|Any CPU.Build.0 = Debug|Any CPU
		{5A37FD18-2EE2-4170-9000-28E66485555E}.Release|Any CPU.ActiveCfg = Release|Any CPU
		{5A37FD18-2EE2-4170-9000-28E66485555E}.Release|Any CPU.Build.0 = Release|Any CPU
		{83E199BD-34B6-4769-B59B-21844EF0AC11}.Debug|Any CPU.ActiveCfg = Debug|Any CPU
		{83E199BD-34B6-4769-B59B-21844EF0AC11}.Debug|Any CPU.Build.0 = Debug|Any CPU
		{83E199BD-34B6-4769-B59B-21844EF0AC11}.Release|Any CPU.ActiveCfg = Release|Any CPU
		{83E199BD-34B6-4769-B59B-21844EF0AC11}.Release|Any CPU.Build.0 = Release|Any CPU
		{FFE8D329-02A1-478F-8579-E5DC4884F301}.Debug|Any CPU.ActiveCfg = Debug|Any CPU
		{FFE8D329-02A1-478F-8579-E5DC4884F301}.Debug|Any CPU.Build.0 = Debug|Any CPU
		{FFE8D329-02A1-478F-8579-E5DC4884F301}.Release|Any CPU.ActiveCfg = Release|Any CPU
		{FFE8D329-02A1-478F-8579-E5DC4884F301}.Release|Any CPU.Build.0 = Release|Any CPU
		{4F82020C-7E22-4CEB-9273-FDD309FBBAE4}.Debug|Any CPU.ActiveCfg = Debug|Any CPU
		{4F82020C-7E22-4CEB-9273-FDD309FBBAE4}.Debug|Any CPU.Build.0 = Debug|Any CPU
		{4F82020C-7E22-4CEB-9273-FDD309FBBAE4}.Release|Any CPU.ActiveCfg = Release|Any CPU
		{4F82020C-7E22-4CEB-9273-FDD309FBBAE4}.Release|Any CPU.Build.0 = Release|Any CPU
		{901335C8-4F10-489E-9046-1C36DF04BC4B}.Debug|Any CPU.ActiveCfg = Debug|Any CPU
		{901335C8-4F10-489E-9046-1C36DF04BC4B}.Debug|Any CPU.Build.0 = Debug|Any CPU
		{901335C8-4F10-489E-9046-1C36DF04BC4B}.Release|Any CPU.ActiveCfg = Release|Any CPU
		{901335C8-4F10-489E-9046-1C36DF04BC4B}.Release|Any CPU.Build.0 = Release|Any CPU
		{5304A13D-7C9E-4B79-8CCA-885266EAD744}.Debug|Any CPU.ActiveCfg = Debug|Any CPU
		{5304A13D-7C9E-4B79-8CCA-885266EAD744}.Debug|Any CPU.Build.0 = Debug|Any CPU
		{5304A13D-7C9E-4B79-8CCA-885266EAD744}.Release|Any CPU.ActiveCfg = Release|Any CPU
		{5304A13D-7C9E-4B79-8CCA-885266EAD744}.Release|Any CPU.Build.0 = Release|Any CPU
		{927C34A3-67E0-4CFB-882D-2C3D2604CFF4}.Debug|Any CPU.ActiveCfg = Debug|Any CPU
		{927C34A3-67E0-4CFB-882D-2C3D2604CFF4}.Debug|Any CPU.Build.0 = Debug|Any CPU
		{927C34A3-67E0-4CFB-882D-2C3D2604CFF4}.Release|Any CPU.ActiveCfg = Release|Any CPU
		{927C34A3-67E0-4CFB-882D-2C3D2604CFF4}.Release|Any CPU.Build.0 = Release|Any CPU
	EndGlobalSection
EndGlobal
