<Solution>
    <Configurations>
        <Platform Name="Any CPU"/>
        <Platform Name="x64"/>
        <Platform Name="x86"/>
    </Configurations>
    <Folder Name="/.github/scripts/">
        <File Path=".github/scripts/generate-release-notes.sh"/>
    </Folder>
    <Folder Name="/.github/workflows/">
        <File Path=".github/workflows/build-and-test.yml"/>
        <File Path=".github/workflows/manual-test-and-coverage.yml"/>
        <File Path=".github/workflows/release.yml"/>
    </Folder>
    <Folder Name="/solution-items/">
        <File Path=".gitignore"/>
        <File Path="Changelog.md"/>
        <File Path="GitVersion.yml"/>
        <File Path="global.json"/>
        <File Path="LICENSE"/>
        <File Path="README.md"/>
    </Folder>
    <Folder Name="/src/">
        <File Path="src/Directory.Build.props"/>
        <File Path="src/Directory.Packages.props"/>
        <Project Path="src/LiteBus.Transport.Abstractions/LiteBus.Transport.Abstractions.csproj"/>
        <Project Path="src/LiteBus.Transport/LiteBus.Transport.csproj"/>
        <Project Path="src/LiteBus.Transport.Amqp/LiteBus.Transport.Amqp.csproj"/>
        <Project Path="src/LiteBus.Transport.AzureServiceBus/LiteBus.Transport.AzureServiceBus.csproj"/>
        <Project Path="src/LiteBus.Transport.AwsSqs/LiteBus.Transport.AwsSqs.csproj"/>
        <Project Path="src/LiteBus.Transport.InMemory/LiteBus.Transport.InMemory.csproj"/>
        <Project Path="src/LiteBus.Transport.Kafka/LiteBus.Transport.Kafka.csproj"/>
        <Project Path="src/LiteBus.DurableMessaging.Abstractions/LiteBus.DurableMessaging.Abstractions.csproj"/>
        <Project Path="src/LiteBus.Saga.Abstractions/LiteBus.Saga.Abstractions.csproj"/>
        <Project Path="src/LiteBus.Saga/LiteBus.Saga.csproj"/>
        <Project Path="src/LiteBus.Saga.InboxIntegration/LiteBus.Saga.InboxIntegration.csproj"/>
        <Project Path="src/LiteBus.Saga.Storage.PostgreSql/LiteBus.Saga.Storage.PostgreSql.csproj"/>
        <Project Path="src/LiteBus.Extensions.AspNetCore/LiteBus.Extensions.AspNetCore.csproj"/>
        <Project
                Path="src/LiteBus.Extensions.Diagnostics.HealthChecks/LiteBus.Extensions.Diagnostics.HealthChecks.csproj"/>
        <Project Path="src/LiteBus.Analyzers/LiteBus.Analyzers.csproj"/>
        <Project Path="src/LiteBus.Commands.Abstractions/LiteBus.Commands.Abstractions.csproj"/>
        <Project Path="src/LiteBus.Commands.Extensions.Autofac/LiteBus.Commands.Extensions.Autofac.csproj"/>
        <Project
                Path="src/LiteBus.Commands.Extensions.Microsoft.DependencyInjection/LiteBus.Commands.Extensions.Microsoft.DependencyInjection.csproj"/>
        <Project Path="src/LiteBus.Commands/LiteBus.Commands.csproj"/>
        <Project Path="src/LiteBus.Events.Abstractions/LiteBus.Events.Abstractions.csproj"/>
        <Project Path="src/LiteBus.Events.Extensions.Autofac/LiteBus.Events.Extensions.Autofac.csproj"/>
        <Project
                Path="src/LiteBus.Events.Extensions.Microsoft.DependencyInjection/LiteBus.Events.Extensions.Microsoft.DependencyInjection.csproj"/>
        <Project Path="src/LiteBus.Events/LiteBus.Events.csproj"/>
        <Project
                Path="src/LiteBus.Extensions.Microsoft.DependencyInjection/LiteBus.Extensions.Microsoft.DependencyInjection.csproj"/>
        <Project Path="src/LiteBus.Inbox.Extensions.OpenTelemetry/LiteBus.Inbox.Extensions.OpenTelemetry.csproj"/>
        <Project Path="src/LiteBus.Outbox.Extensions.OpenTelemetry/LiteBus.Outbox.Extensions.OpenTelemetry.csproj"/>
        <Project
                Path="src/LiteBus.Transport.Extensions.OpenTelemetry/LiteBus.Transport.Extensions.OpenTelemetry.csproj"/>
        <Project
                Path="src/LiteBus.Transport.Amqp.Extensions.OpenTelemetry/LiteBus.Transport.Amqp.Extensions.OpenTelemetry.csproj"/>
        <Project Path="src/LiteBus.Inbox.Abstractions/LiteBus.Inbox.Abstractions.csproj"/>
        <Project Path="src/LiteBus.Inbox.Dispatch/LiteBus.Inbox.Dispatch.csproj"/>
        <Project Path="src/LiteBus.Inbox.Dispatch.Amqp/LiteBus.Inbox.Dispatch.Amqp.csproj"/>
        <Project Path="src/LiteBus.Inbox.Dispatch.AwsSqs/LiteBus.Inbox.Dispatch.AwsSqs.csproj"/>
        <Project Path="src/LiteBus.Inbox.Dispatch.AzureServiceBus/LiteBus.Inbox.Dispatch.AzureServiceBus.csproj"/>
        <Project Path="src/LiteBus.Inbox.Dispatch.InMemory/LiteBus.Inbox.Dispatch.InMemory.csproj"/>
        <Project Path="src/LiteBus.Inbox.Dispatch.Kafka/LiteBus.Inbox.Dispatch.Kafka.csproj"/>
        <Project Path="src/LiteBus.Inbox.Dispatch.InProcess/LiteBus.Inbox.Dispatch.InProcess.csproj"/>
        <Project Path="src/LiteBus.Inbox.Ingress/LiteBus.Inbox.Ingress.csproj"/>
        <Project Path="src/LiteBus.Inbox.Ingress.Amqp/LiteBus.Inbox.Ingress.Amqp.csproj"/>
        <Project Path="src/LiteBus.Inbox.Ingress.AwsSqs/LiteBus.Inbox.Ingress.AwsSqs.csproj"/>
        <Project Path="src/LiteBus.Inbox.Ingress.AzureServiceBus/LiteBus.Inbox.Ingress.AzureServiceBus.csproj"/>
        <Project Path="src/LiteBus.Inbox.Ingress.InMemory/LiteBus.Inbox.Ingress.InMemory.csproj"/>
        <Project Path="src/LiteBus.Inbox.Ingress.Kafka/LiteBus.Inbox.Ingress.Kafka.csproj"/>
        <Project Path="src/LiteBus.Inbox.Storage.EntityFrameworkCore/LiteBus.Inbox.Storage.EntityFrameworkCore.csproj"/>
        <Project Path="src/LiteBus.Inbox.Storage.InMemory/LiteBus.Inbox.Storage.InMemory.csproj"/>
        <Project Path="src/LiteBus.Inbox.Storage.PostgreSql/LiteBus.Inbox.Storage.PostgreSql.csproj"/>
        <Project Path="src/LiteBus.Inbox/LiteBus.Inbox.csproj"/>
        <Project Path="src/LiteBus.Messaging.Abstractions/LiteBus.Messaging.Abstractions.csproj"/>
        <Project Path="src/LiteBus.Messaging.Extensions.Autofac/LiteBus.Messaging.Extensions.Autofac.csproj"/>
        <Project
                Path="src/LiteBus.Messaging.Extensions.Microsoft.DependencyInjection/LiteBus.Messaging.Extensions.Microsoft.DependencyInjection.csproj"/>
        <Project Path="src/LiteBus.Messaging/LiteBus.Messaging.csproj"/>
        <Project Path="src/LiteBus.Outbox.Abstractions/LiteBus.Outbox.Abstractions.csproj"/>
        <Project Path="src/LiteBus.Outbox.Dispatch/LiteBus.Outbox.Dispatch.csproj"/>
        <Project Path="src/LiteBus.Outbox.Dispatch.Amqp/LiteBus.Outbox.Dispatch.Amqp.csproj"/>
        <Project Path="src/LiteBus.Outbox.Dispatch.AwsSqs/LiteBus.Outbox.Dispatch.AwsSqs.csproj"/>
        <Project Path="src/LiteBus.Outbox.Dispatch.AzureServiceBus/LiteBus.Outbox.Dispatch.AzureServiceBus.csproj"/>
        <Project Path="src/LiteBus.Outbox.Dispatch.InMemory/LiteBus.Outbox.Dispatch.InMemory.csproj"/>
        <Project Path="src/LiteBus.Outbox.Dispatch.Kafka/LiteBus.Outbox.Dispatch.Kafka.csproj"/>
        <Project Path="src/LiteBus.Outbox.Dispatch.InProcess/LiteBus.Outbox.Dispatch.InProcess.csproj"/>
        <Project
                Path="src/LiteBus.Outbox.Storage.EntityFrameworkCore/LiteBus.Outbox.Storage.EntityFrameworkCore.csproj"/>
        <Project Path="src/LiteBus.Outbox.Storage.InMemory/LiteBus.Outbox.Storage.InMemory.csproj"/>
        <Project Path="src/LiteBus.Outbox.Storage.PostgreSql/LiteBus.Outbox.Storage.PostgreSql.csproj"/>
        <Project Path="src/LiteBus.Outbox/LiteBus.Outbox.csproj"/>
        <Project Path="src/LiteBus.Queries.Abstractions/LiteBus.Queries.Abstractions.csproj"/>
        <Project Path="src/LiteBus.Queries.Extensions.Autofac/LiteBus.Queries.Extensions.Autofac.csproj"/>
        <Project
                Path="src/LiteBus.Queries.Extensions.Microsoft.DependencyInjection/LiteBus.Queries.Extensions.Microsoft.DependencyInjection.csproj"/>
        <Project Path="src/LiteBus.Queries/LiteBus.Queries.csproj"/>
        <Project Path="src/LiteBus.Runtime.Abstractions/LiteBus.Runtime.Abstractions.csproj"/>
        <Project Path="src/LiteBus.Runtime.Extensions.Hosting/LiteBus.Runtime.Extensions.Hosting.csproj"/>
        <Project Path="src/LiteBus.Runtime.Extensions.Autofac/LiteBus.Runtime.Extensions.Autofac.csproj"/>
        <Project
                Path="src/LiteBus.Runtime.Extensions.Autofac.Hosting/LiteBus.Runtime.Extensions.Autofac.Hosting.csproj"/>
        <Project
                Path="src/LiteBus.Runtime.Extensions.Microsoft.DependencyInjection/LiteBus.Runtime.Extensions.Microsoft.DependencyInjection.csproj"/>
        <Project
                Path="src/LiteBus.Runtime.Extensions.Microsoft.Hosting/LiteBus.Runtime.Extensions.Microsoft.Hosting.csproj"/>
        <Project Path="src/LiteBus.Runtime/LiteBus.Runtime.csproj"/>
        <Project Path="src/LiteBus.Storage.PostgreSql/LiteBus.Storage.PostgreSql.csproj"/>
        <Project Path="src/LiteBus.Storage.EntityFrameworkCore/LiteBus.Storage.EntityFrameworkCore.csproj"/>
        <Project Path="src/LiteBus.Testing/LiteBus.Testing.csproj"/>
        <Project Path="src/LiteBus/LiteBus.csproj"/>
    </Folder>
    <Folder Name="/benchmarks/">
        <File Path="benchmarks/Directory.Build.props"/>
        <File Path="benchmarks/Directory.Packages.props"/>
        <Project Path="benchmarks/LiteBus.Processor.Benchmarks/LiteBus.Processor.Benchmarks.csproj"/>
    </Folder>
    <Folder Name="/samples/">
        <File Path="samples/.editorconfig"/>
        <File Path="samples/Directory.Build.props"/>
        <Project Path="samples/LiteBus.Sample/LiteBus.Sample.csproj"/>
    </Folder>
    <Folder Name="/tests/">
        <File Path="tests/Directory.Build.props"/>
        <File Path="tests/Directory.Packages.props"/>
        <Project Path="tests/LiteBus.Analyzers.UnitTests/LiteBus.Analyzers.UnitTests.csproj"/>
        <Project Path="tests/LiteBus.Durable.IntegrationTests/LiteBus.Durable.IntegrationTests.csproj"/>
        <Project Path="tests/LiteBus.Enterprise.UnitTests/LiteBus.Enterprise.UnitTests.csproj"/>
        <Project Path="tests/LiteBus.Extensions.IntegrationTests/LiteBus.Extensions.IntegrationTests.csproj"/>
        <Project Path="tests/LiteBus.Extensions.UnitTests/LiteBus.Extensions.UnitTests.csproj"/>
        <Project Path="tests/LiteBus.Inbox.UnitTests/LiteBus.Inbox.UnitTests.csproj"/>
        <Project Path="tests/LiteBus.Mediator.UnitTests/LiteBus.Mediator.UnitTests.csproj"/>
        <Project Path="tests/LiteBus.Outbox.UnitTests/LiteBus.Outbox.UnitTests.csproj"/>
        <Project Path="tests/LiteBus.Runtime.UnitTests/LiteBus.Runtime.UnitTests.csproj"/>
        <Project Path="tests/LiteBus.Storage.IntegrationTests/LiteBus.Storage.IntegrationTests.csproj"/>
        <Project Path="tests/LiteBus.Storage.Testing/LiteBus.Storage.Testing.csproj"/>
        <Project Path="tests/LiteBus.Storage.UnitTests/LiteBus.Storage.UnitTests.csproj"/>
        <Project
                Path="tests/LiteBus.Transport.IntegrationTesting/LiteBus.Transport.IntegrationTesting.csproj"/>
        <Project Path="tests/LiteBus.Transport.IntegrationTests/LiteBus.Transport.IntegrationTests.csproj"/>
        <Project Path="tests/LiteBus.Transport.UnitTests/LiteBus.Transport.UnitTests.csproj"/>
    </Folder>
</Solution>
