{
  "version": 2,
  "dependencies": {
    "net10.0": {
      "AwesomeAssertions": {
        "type": "Direct",
        "requested": "[9.4.0, )",
        "resolved": "9.4.0",
        "contentHash": "dJxkWiQ8D+xT6Gr2sSL83+Mar+Vpy2JTcUPxFcckpPJ8VYBfSgnk+zqpS6t7kcGnjz8NLyF14qfuoL4bKzzoew=="
      },
      "coverlet.collector": {
        "type": "Direct",
        "requested": "[10.0.1, )",
        "resolved": "10.0.1",
        "contentHash": "27jXSV/0DbVqF5jDrAxuQFZ9oaz6gmG03p8ttxAFk+X0M4woFYj7MoWDLCna5EGLb0CE6OE7X6ZH3Wt5smTtaA=="
      },
      "Microsoft.EntityFrameworkCore": {
        "type": "Direct",
        "requested": "[9.0.4, )",
        "resolved": "9.0.4",
        "contentHash": "+5IAX0aicQYCRfN4pAjad+JPwdEYoVEM3Z1Cl8/EiEv3FVHQHdd8TJQpQIslQDDQS/UsUMb0MsOXwqOh+TJtRw==",
        "dependencies": {
          "Microsoft.EntityFrameworkCore.Abstractions": "9.0.4",
          "Microsoft.EntityFrameworkCore.Analyzers": "9.0.4",
          "Microsoft.Extensions.Caching.Memory": "9.0.4",
          "Microsoft.Extensions.Logging": "9.0.4"
        }
      },
      "Microsoft.EntityFrameworkCore.Sqlite": {
        "type": "Direct",
        "requested": "[9.0.4, )",
        "resolved": "9.0.4",
        "contentHash": "YruNASPuiCjLOVxO09lpQT4e2OYvpsoD0e5NGEQKOcPCu143RDzWTNlpzcxhArBgAS0FPwQ+OEGZOWhwgWHvOA==",
        "dependencies": {
          "Microsoft.EntityFrameworkCore.Sqlite.Core": "9.0.4",
          "Microsoft.Extensions.Caching.Memory": "9.0.4",
          "Microsoft.Extensions.Configuration.Abstractions": "9.0.4",
          "Microsoft.Extensions.DependencyModel": "9.0.4",
          "Microsoft.Extensions.Logging": "9.0.4",
          "SQLitePCLRaw.bundle_e_sqlite3": "2.1.10",
          "SQLitePCLRaw.core": "2.1.10"
        }
      },
      "Microsoft.EntityFrameworkCore.SqlServer": {
        "type": "Direct",
        "requested": "[9.0.4, )",
        "resolved": "9.0.4",
        "contentHash": "UCo6rRUIx2Rhl6xVkMPf1yL/97jcYkwrryOKB5e68YCZ7NdQyk+7wfXJzEDvkFcjTw45H5sy4/1vW6vXCs/Kag==",
        "dependencies": {
          "Microsoft.Data.SqlClient": "5.1.6",
          "Microsoft.EntityFrameworkCore.Relational": "9.0.4",
          "Microsoft.Extensions.Caching.Memory": "9.0.4",
          "Microsoft.Extensions.Configuration.Abstractions": "9.0.4",
          "Microsoft.Extensions.Logging": "9.0.4"
        }
      },
      "Microsoft.Extensions.DependencyInjection": {
        "type": "Direct",
        "requested": "[10.0.8, )",
        "resolved": "10.0.8",
        "contentHash": "daf62xHIrq8pnE709hgaZZN9tSam9TGGepWe1+bE6V3GEuVwJiMs6ib+38lfMCyAJAHiX0vapxBhsuMSV7U+cg==",
        "dependencies": {
          "Microsoft.Extensions.DependencyInjection.Abstractions": "10.0.8"
        }
      },
      "Microsoft.Extensions.Hosting.Abstractions": {
        "type": "Direct",
        "requested": "[10.0.0, )",
        "resolved": "10.0.0",
        "contentHash": "KrN6TGFwCwqOkLLk/idW/XtDQh+8In+CL9T4M1Dx+5ScsjTq4TlVbal8q532m82UYrMr6RiQJF2HvYCN0QwVsA==",
        "dependencies": {
          "Microsoft.Extensions.Configuration.Abstractions": "10.0.0",
          "Microsoft.Extensions.DependencyInjection.Abstractions": "10.0.0",
          "Microsoft.Extensions.Diagnostics.Abstractions": "10.0.0",
          "Microsoft.Extensions.FileProviders.Abstractions": "10.0.0",
          "Microsoft.Extensions.Logging.Abstractions": "10.0.0"
        }
      },
      "Microsoft.NET.Test.Sdk": {
        "type": "Direct",
        "requested": "[18.5.1, )",
        "resolved": "18.5.1",
        "contentHash": "SfqVaLiIqAbRWuPg5BP4QFwBIirQj/YIL8Dhxl6zntBKbXp0cQykoV480SmwG+yRMiWptxEI6NbHQuGSZ8b97w==",
        "dependencies": {
          "Microsoft.CodeCoverage": "18.5.1",
          "Microsoft.TestPlatform.TestHost": "18.5.1"
        }
      },
      "Npgsql": {
        "type": "Direct",
        "requested": "[9.0.4, )",
        "resolved": "9.0.4",
        "contentHash": "68BASXH0FAEuL/J4J0eRfYC8/3vzqQTmoW8zDzNf0JgaVxc7LZeEkS6jaG0ib3voFLxY5ZiCwJG+uQM+mzuu0Q==",
        "dependencies": {
          "Microsoft.Extensions.Logging.Abstractions": "8.0.2"
        }
      },
      "Npgsql.EntityFrameworkCore.PostgreSQL": {
        "type": "Direct",
        "requested": "[9.0.4, )",
        "resolved": "9.0.4",
        "contentHash": "mw5vcY2IEc7L+IeGrxpp/J5OSnCcjkjAgJYCm/eD52wpZze8zsSifdqV7zXslSMmfJG2iIUGZyo3KuDtEFKwMQ==",
        "dependencies": {
          "Microsoft.EntityFrameworkCore": "[9.0.1, 10.0.0)",
          "Microsoft.EntityFrameworkCore.Relational": "[9.0.1, 10.0.0)",
          "Npgsql": "9.0.3"
        }
      },
      "Pomelo.EntityFrameworkCore.MySql": {
        "type": "Direct",
        "requested": "[9.0.0, )",
        "resolved": "9.0.0",
        "contentHash": "cl7S4s6CbJno0LjNxrBHNc2xxmCliR5i40ATPZk/eTywVaAbHCbdc9vbGc3QThvwGjHqrDHT8vY9m1VF/47o0g==",
        "dependencies": {
          "Microsoft.EntityFrameworkCore.Relational": "[9.0.0, 9.0.999]",
          "MySqlConnector": "2.4.0"
        }
      },
      "RabbitMQ.Client": {
        "type": "Direct",
        "requested": "[7.1.2, )",
        "resolved": "7.1.2",
        "contentHash": "y3c6ulgULScWthHw5PLM1ShHRLhxg0vCtzX/hh61gRgNecL3ZC3WoBW2HYHoXOVRqTl99Br9E7CZEytGZEsCyQ==",
        "dependencies": {
          "System.Threading.RateLimiting": "8.0.0"
        }
      },
      "SQLitePCLRaw.bundle_e_sqlite3": {
        "type": "Direct",
        "requested": "[2.1.12, )",
        "resolved": "2.1.12",
        "contentHash": "mAgscpQMLw5/nfA1Q5oJVAT29yROUo1ifZGbbTpx/lwZpSxMUGoYbKfmvdm8oXER+RzxqBmmQzeBEVKfeHv2nw==",
        "dependencies": {
          "SQLitePCLRaw.lib.e_sqlite3": "2.1.12",
          "SQLitePCLRaw.provider.e_sqlite3": "2.1.12"
        }
      },
      "Testcontainers": {
        "type": "Direct",
        "requested": "[4.11.0, )",
        "resolved": "4.11.0",
        "contentHash": "9pBNaK9Ra3GVnr5h6gaDJOBH0txA5G3Juho5WANPuyu38l5xyr2lCvf11oA5/uSd+Lh4Wtng34nKp3nMiea02g==",
        "dependencies": {
          "Docker.DotNet.Enhanced": "3.131.1",
          "Docker.DotNet.Enhanced.X509": "3.131.1",
          "Microsoft.Extensions.Logging.Abstractions": "8.0.3",
          "SSH.NET": "2025.1.0",
          "SharpZipLib": "1.4.2"
        }
      },
      "Testcontainers.MsSql": {
        "type": "Direct",
        "requested": "[4.11.0, )",
        "resolved": "4.11.0",
        "contentHash": "fXpcLKg6MgryR/e0FCF8KbhpOyDOkMjryKLRhp0zUIvJNckxXvqCuARZyTm7mO0FnhXObjVP5xyIo2fi8axFCg==",
        "dependencies": {
          "Testcontainers": "4.11.0"
        }
      },
      "Testcontainers.MySql": {
        "type": "Direct",
        "requested": "[4.11.0, )",
        "resolved": "4.11.0",
        "contentHash": "O3UjdzI42pSpeOV+4IUoy1K+CcR4eUfJ2w5i7B4AG+aamczT2PGsMLpmU3wY5JFLNnfOOgjuyRc9Y5GPqOJZtQ==",
        "dependencies": {
          "Testcontainers": "4.11.0"
        }
      },
      "Testcontainers.PostgreSql": {
        "type": "Direct",
        "requested": "[4.11.0, )",
        "resolved": "4.11.0",
        "contentHash": "OWGi0Og+qFpr2OPDignA74aJSfUd0nvZOaXNGWXwMJR1BvpdzhCNHQB2h7yLSTb0a8JVmmQQ4mUpHAC9q27NLw==",
        "dependencies": {
          "Testcontainers": "4.11.0"
        }
      },
      "Testcontainers.RabbitMq": {
        "type": "Direct",
        "requested": "[4.11.0, )",
        "resolved": "4.11.0",
        "contentHash": "+4rDOXdjwwDx11vUpSAAK/gDOPtZ/LC+qj02RiulHtIMEAzC4KjyP5hEactvwSuGfcomFnmtJqYn1Pwyh+pPDw==",
        "dependencies": {
          "Testcontainers": "4.11.0"
        }
      },
      "xunit": {
        "type": "Direct",
        "requested": "[2.9.3, )",
        "resolved": "2.9.3",
        "contentHash": "TlXQBinK35LpOPKHAqbLY4xlEen9TBafjs0V5KnA4wZsoQLQJiirCR4CbIXvOH8NzkW4YeJKP5P/Bnrodm0h9Q==",
        "dependencies": {
          "xunit.analyzers": "1.18.0",
          "xunit.assert": "2.9.3",
          "xunit.core": "[2.9.3]"
        }
      },
      "xunit.runner.visualstudio": {
        "type": "Direct",
        "requested": "[3.1.5, )",
        "resolved": "3.1.5",
        "contentHash": "tKi7dSTwP4m5m9eXPM2Ime4Kn7xNf4x4zT9sdLO/G4hZVnQCRiMTWoSZqI/pYTVeI27oPPqHBKYI/DjJ9GsYgA=="
      },
      "Azure.Core": {
        "type": "Transitive",
        "resolved": "1.38.0",
        "contentHash": "IuEgCoVA0ef7E4pQtpC3+TkPbzaoQfa77HlfJDmfuaJUCVJmn7fT0izamZiryW5sYUFKizsftIxMkXKbgIcPMQ==",
        "dependencies": {
          "Microsoft.Bcl.AsyncInterfaces": "1.1.1",
          "System.ClientModel": "1.0.0",
          "System.Memory.Data": "1.0.2"
        }
      },
      "Azure.Identity": {
        "type": "Transitive",
        "resolved": "1.11.4",
        "contentHash": "Sf4BoE6Q3jTgFkgBkx7qztYOFELBCo+wQgpYDwal/qJ1unBH73ywPztIJKXBXORRzAeNijsuxhk94h0TIMvfYg==",
        "dependencies": {
          "Azure.Core": "1.38.0",
          "Microsoft.Identity.Client": "4.61.3",
          "Microsoft.Identity.Client.Extensions.Msal": "4.61.3",
          "System.Security.Cryptography.ProtectedData": "4.7.0"
        }
      },
      "BouncyCastle.Cryptography": {
        "type": "Transitive",
        "resolved": "2.6.2",
        "contentHash": "7oWOcvnntmMKNzDLsdxAYqApt+AjpRpP2CShjMfIa3umZ42UQMvH0tl1qAliYPNYO6vTdcGMqnRrCPmsfzTI1w=="
      },
      "Docker.DotNet.Enhanced": {
        "type": "Transitive",
        "resolved": "3.131.1",
        "contentHash": "hGLHCNUsQbT2Ab/HUznRnNqYZQs40zInXa3eLwYjeNyfUYbw1pqqDGqcOLl5uGepS8IuigEYakEdAcVT/2ezYg==",
        "dependencies": {
          "Microsoft.Extensions.Logging.Abstractions": "8.0.3"
        }
      },
      "Docker.DotNet.Enhanced.X509": {
        "type": "Transitive",
        "resolved": "3.131.1",
        "contentHash": "8FU7zmttFQzp0xb0EPupxQ0nGtC2cTpukgh3jMxMT8luj5TSDyzIKTnroDpXCjpg9P2fV+6JIvC+IetsMEfyBA==",
        "dependencies": {
          "Docker.DotNet.Enhanced": "3.131.1"
        }
      },
      "Microsoft.Bcl.AsyncInterfaces": {
        "type": "Transitive",
        "resolved": "1.1.1",
        "contentHash": "yuvf07qFWFqtK3P/MRkEKLhn5r2UbSpVueRziSqj0yJQIKFwG1pq9mOayK3zE5qZCTs0CbrwL9M6R8VwqyGy2w=="
      },
      "Microsoft.CodeCoverage": {
        "type": "Transitive",
        "resolved": "18.5.1",
        "contentHash": "vMFDR1ZjqzzgKmM0zrPie7Gv9Y+ZppjODB5Quzu9Eq0TlIusUfUCYFPEawO91zQuqwzvdFbJSU7WHNtjStffJQ=="
      },
      "Microsoft.Data.SqlClient": {
        "type": "Transitive",
        "resolved": "5.1.6",
        "contentHash": "+pz7gIPh5ydsBcQvivt4R98PwJXer86fyQBBToIBLxZ5kuhW4N13Ijz87s9WpuPtF1vh4JesYCgpDPAOgkMhdg==",
        "dependencies": {
          "Azure.Identity": "1.11.4",
          "Microsoft.Data.SqlClient.SNI.runtime": "5.1.1",
          "Microsoft.Identity.Client": "4.61.3",
          "Microsoft.IdentityModel.JsonWebTokens": "6.35.0",
          "Microsoft.IdentityModel.Protocols.OpenIdConnect": "6.35.0",
          "Microsoft.SqlServer.Server": "1.0.0",
          "System.Configuration.ConfigurationManager": "6.0.1",
          "System.Runtime.Caching": "6.0.0"
        }
      },
      "Microsoft.Data.SqlClient.SNI.runtime": {
        "type": "Transitive",
        "resolved": "5.1.1",
        "contentHash": "wNGM5ZTQCa2blc9ikXQouybGiyMd6IHPVJvAlBEPtr6JepZEOYeDxGyprYvFVeOxlCXs7avridZQ0nYkHzQWCQ=="
      },
      "Microsoft.Data.Sqlite.Core": {
        "type": "Transitive",
        "resolved": "9.0.4",
        "contentHash": "rnVGier1R0w9YEAzxOlUl8koFwq4QLwuYKiJN6NFqbCNCPrRLGW3f7x0OtL/Sp1KBMVhgffUIP6jWPppzhpa2Q==",
        "dependencies": {
          "SQLitePCLRaw.core": "2.1.10"
        }
      },
      "Microsoft.EntityFrameworkCore.Abstractions": {
        "type": "Transitive",
        "resolved": "9.0.4",
        "contentHash": "E0pkWzI0liqu2ogqJ1kohk2eGkYRhf5tI75HGF6IQDARsshY/0w+prGyLvNuUeV7B8I7vYQZ4CzAKYKxw7b9gQ=="
      },
      "Microsoft.EntityFrameworkCore.Analyzers": {
        "type": "Transitive",
        "resolved": "9.0.4",
        "contentHash": "cMsm1O7g9X5qbB2wjHf3BVVvGwkG+zeXQ+M91I1Bm6RfylFMImqBPzs0+vmuef7fPxr2yOzPhIfJ2wQJfmtaSw=="
      },
      "Microsoft.EntityFrameworkCore.Relational": {
        "type": "Transitive",
        "resolved": "9.0.4",
        "contentHash": "OjJ+xh/wQff5b0wiC3SPvoQqTA2boZeJQf+15+3+OJPtjBKzvxuwr25QRIu1p1t+K8ryQ8pzaoZ7eOpXfNzVGA==",
        "dependencies": {
          "Microsoft.EntityFrameworkCore": "9.0.4",
          "Microsoft.Extensions.Caching.Memory": "9.0.4",
          "Microsoft.Extensions.Configuration.Abstractions": "9.0.4",
          "Microsoft.Extensions.Logging": "9.0.4"
        }
      },
      "Microsoft.EntityFrameworkCore.Sqlite.Core": {
        "type": "Transitive",
        "resolved": "9.0.4",
        "contentHash": "96NFbmjcZsO9HkSdWAwh5tn/7LKIu7cLW+zubyGV1BR1w8xpcqPXZcTW4S/0eA0d9BxyFnH8tSDRjUerWGoU/Q==",
        "dependencies": {
          "Microsoft.Data.Sqlite.Core": "9.0.4",
          "Microsoft.EntityFrameworkCore.Relational": "9.0.4",
          "Microsoft.Extensions.Caching.Memory": "9.0.4",
          "Microsoft.Extensions.Configuration.Abstractions": "9.0.4",
          "Microsoft.Extensions.DependencyModel": "9.0.4",
          "Microsoft.Extensions.Logging": "9.0.4",
          "SQLitePCLRaw.core": "2.1.10"
        }
      },
      "Microsoft.Extensions.Caching.Abstractions": {
        "type": "Transitive",
        "resolved": "9.0.4",
        "contentHash": "imcZ5BGhBw5mNsWLepBbqqumWaFe0GtvyCvne2/2wsDIBRa2+Lhx4cU/pKt/4BwOizzUEOls2k1eOJQXHGMalg==",
        "dependencies": {
          "Microsoft.Extensions.Primitives": "9.0.4"
        }
      },
      "Microsoft.Extensions.Caching.Memory": {
        "type": "Transitive",
        "resolved": "9.0.4",
        "contentHash": "G5rEq1Qez5VJDTEyRsRUnewAspKjaY57VGsdZ8g8Ja6sXXzoiI3PpTd1t43HjHqNWD5A06MQveb2lscn+2CU+w==",
        "dependencies": {
          "Microsoft.Extensions.Caching.Abstractions": "9.0.4",
          "Microsoft.Extensions.DependencyInjection.Abstractions": "9.0.4",
          "Microsoft.Extensions.Logging.Abstractions": "9.0.4",
          "Microsoft.Extensions.Options": "9.0.4",
          "Microsoft.Extensions.Primitives": "9.0.4"
        }
      },
      "Microsoft.Extensions.Configuration.Abstractions": {
        "type": "Transitive",
        "resolved": "10.0.0",
        "contentHash": "d2kDKnCsJvY7mBVhcjPSp9BkJk48DsaHPg5u+Oy4f8XaOqnEedRy/USyvnpHL92wpJ6DrTPy7htppUUzskbCXQ==",
        "dependencies": {
          "Microsoft.Extensions.Primitives": "10.0.0"
        }
      },
      "Microsoft.Extensions.DependencyModel": {
        "type": "Transitive",
        "resolved": "9.0.4",
        "contentHash": "ACtnvl3H3M/f8Z42980JxsNu7V9PPbzys4vBs83ZewnsgKd7JeYK18OMPo0g+MxAHrpgMrjmlinXDiaSRPcVnA=="
      },
      "Microsoft.Extensions.Diagnostics.Abstractions": {
        "type": "Transitive",
        "resolved": "10.0.0",
        "contentHash": "SfK89ytD61S7DgzorFljSkUeluC1ncn6dtZgwc0ot39f/BEYWBl5jpgvodxduoYAs1d9HG8faCDRZxE95UMo2A==",
        "dependencies": {
          "Microsoft.Extensions.DependencyInjection.Abstractions": "10.0.0",
          "Microsoft.Extensions.Options": "10.0.0"
        }
      },
      "Microsoft.Extensions.FileProviders.Abstractions": {
        "type": "Transitive",
        "resolved": "10.0.0",
        "contentHash": "/ppSdehKk3fuXjlqCDgSOtjRK/pSHU8eWgzSHfHdwVm5BP4Dgejehkw+PtxKG2j98qTDEHDst2Y99aNsmJldmw==",
        "dependencies": {
          "Microsoft.Extensions.Primitives": "10.0.0"
        }
      },
      "Microsoft.Extensions.Logging.Abstractions": {
        "type": "Transitive",
        "resolved": "10.0.8",
        "contentHash": "fdVadZmsC8jRP0KvKy8mO8f6GV/HyBvElfcSxEhd+5FM5boAw/01iSaCto5G3G37ApJira4A3pNaVvBv8cUiLQ==",
        "dependencies": {
          "Microsoft.Extensions.DependencyInjection.Abstractions": "10.0.8"
        }
      },
      "Microsoft.Extensions.Options": {
        "type": "Transitive",
        "resolved": "10.0.0",
        "contentHash": "8oCAgXOow5XDrY9HaXX1QmH3ORsyZO/ANVHBlhLyCeWTH5Sg4UuqZeOTWJi6484M+LqSx0RqQXDJtdYy2BNiLQ==",
        "dependencies": {
          "Microsoft.Extensions.DependencyInjection.Abstractions": "10.0.0",
          "Microsoft.Extensions.Primitives": "10.0.0"
        }
      },
      "Microsoft.Extensions.Primitives": {
        "type": "Transitive",
        "resolved": "10.0.0",
        "contentHash": "inRnbpCS0nwO/RuoZIAqxQUuyjaknOOnCEZB55KSMMjRhl0RQDttSmLSGsUJN3RQ3ocf5NDLFd2mOQViHqMK5w=="
      },
      "Microsoft.Identity.Client": {
        "type": "Transitive",
        "resolved": "4.61.3",
        "contentHash": "naJo/Qm35Caaoxp5utcw+R8eU8ZtLz2ALh8S+gkekOYQ1oazfCQMWVT4NJ/FnHzdIJlm8dMz0oMpMGCabx5odA==",
        "dependencies": {
          "Microsoft.IdentityModel.Abstractions": "6.35.0"
        }
      },
      "Microsoft.Identity.Client.Extensions.Msal": {
        "type": "Transitive",
        "resolved": "4.61.3",
        "contentHash": "PWnJcznrSGr25MN8ajlc2XIDW4zCFu0U6FkpaNLEWLgd1NgFCp5uDY3mqLDgM8zCN8hqj8yo5wHYfLB2HjcdGw==",
        "dependencies": {
          "Microsoft.Identity.Client": "4.61.3",
          "System.Security.Cryptography.ProtectedData": "4.5.0"
        }
      },
      "Microsoft.IdentityModel.Abstractions": {
        "type": "Transitive",
        "resolved": "6.35.0",
        "contentHash": "xuR8E4Rd96M41CnUSCiOJ2DBh+z+zQSmyrYHdYhD6K4fXBcQGVnRCFQ0efROUYpP+p0zC1BLKr0JRpVuujTZSg=="
      },
      "Microsoft.IdentityModel.JsonWebTokens": {
        "type": "Transitive",
        "resolved": "6.35.0",
        "contentHash": "9wxai3hKgZUb4/NjdRKfQd0QJvtXKDlvmGMYACbEC8DFaicMFCFhQFZq9ZET1kJLwZahf2lfY5Gtcpsx8zYzbg==",
        "dependencies": {
          "Microsoft.IdentityModel.Tokens": "6.35.0"
        }
      },
      "Microsoft.IdentityModel.Logging": {
        "type": "Transitive",
        "resolved": "6.35.0",
        "contentHash": "jePrSfGAmqT81JDCNSY+fxVWoGuJKt9e6eJ+vT7+quVS55nWl//jGjUQn4eFtVKt4rt5dXaleZdHRB9J9AJZ7Q==",
        "dependencies": {
          "Microsoft.IdentityModel.Abstractions": "6.35.0"
        }
      },
      "Microsoft.IdentityModel.Protocols": {
        "type": "Transitive",
        "resolved": "6.35.0",
        "contentHash": "BPQhlDzdFvv1PzaUxNSk+VEPwezlDEVADIKmyxubw7IiELK18uJ06RQ9QKKkds30XI+gDu9n8j24XQ8w7fjWcg==",
        "dependencies": {
          "Microsoft.IdentityModel.Logging": "6.35.0",
          "Microsoft.IdentityModel.Tokens": "6.35.0"
        }
      },
      "Microsoft.IdentityModel.Protocols.OpenIdConnect": {
        "type": "Transitive",
        "resolved": "6.35.0",
        "contentHash": "LMtVqnECCCdSmyFoCOxIE5tXQqkOLrvGrL7OxHg41DIm1bpWtaCdGyVcTAfOQpJXvzND9zUKIN/lhngPkYR8vg==",
        "dependencies": {
          "Microsoft.IdentityModel.Protocols": "6.35.0",
          "System.IdentityModel.Tokens.Jwt": "6.35.0"
        }
      },
      "Microsoft.IdentityModel.Tokens": {
        "type": "Transitive",
        "resolved": "6.35.0",
        "contentHash": "RN7lvp7s3Boucg1NaNAbqDbxtlLj5Qeb+4uSS1TeK5FSBVM40P4DKaTKChT43sHyKfh7V0zkrMph6DdHvyA4bg==",
        "dependencies": {
          "Microsoft.IdentityModel.Logging": "6.35.0"
        }
      },
      "Microsoft.SqlServer.Server": {
        "type": "Transitive",
        "resolved": "1.0.0",
        "contentHash": "N4KeF3cpcm1PUHym1RmakkzfkEv3GRMyofVv40uXsQhCQeglr2OHNcUk2WOG51AKpGO8ynGpo9M/kFXSzghwug=="
      },
      "Microsoft.TestPlatform.ObjectModel": {
        "type": "Transitive",
        "resolved": "18.5.1",
        "contentHash": "KNZd+M0S0rz5eNAln0pbZX+A/RbokYZCbGKx4fN4CkhtWhkz6nSJDO+9LGYjRE4d0WPVriJ2JnVubkjt3+PpMg=="
      },
      "Microsoft.TestPlatform.TestHost": {
        "type": "Transitive",
        "resolved": "18.5.1",
        "contentHash": "RM+3JNHEoHOCFXzVntUcIiYxzPjzBN0N8wto6HYXi76YyBTZ/3CeRL8U+Pk5zx3AUrOmHxDvKJwGUCdElU9bJg==",
        "dependencies": {
          "Microsoft.TestPlatform.ObjectModel": "18.5.1",
          "Newtonsoft.Json": "13.0.3"
        }
      },
      "Microsoft.Win32.SystemEvents": {
        "type": "Transitive",
        "resolved": "6.0.0",
        "contentHash": "hqTM5628jSsQiv+HGpiq3WKBl2c8v1KZfby2J6Pr7pEPlK9waPdgEO6b8A/+/xn/yZ9ulv8HuqK71ONy2tg67A=="
      },
      "MySqlConnector": {
        "type": "Transitive",
        "resolved": "2.4.0",
        "contentHash": "78M+gVOjbdZEDIyXQqcA7EYlCGS3tpbUELHvn6638A2w0pkPI625ixnzsa5staAd3N9/xFmPJtkKDYwsXpFi/w==",
        "dependencies": {
          "Microsoft.Extensions.DependencyInjection.Abstractions": "8.0.2",
          "Microsoft.Extensions.Logging.Abstractions": "8.0.2"
        }
      },
      "Newtonsoft.Json": {
        "type": "Transitive",
        "resolved": "13.0.4",
        "contentHash": "pdgNNMai3zv51W5aq268sujXUyx7SNdE2bj1wZcWjAQrKMFZV260lbqYop1d2GM67JI1huLRwxo9ZqnfF/lC6A=="
      },
      "SharpZipLib": {
        "type": "Transitive",
        "resolved": "1.4.2",
        "contentHash": "yjj+3zgz8zgXpiiC3ZdF/iyTBbz2fFvMxZFEBPUcwZjIvXOf37Ylm+K58hqMfIBt5JgU/Z2uoUS67JmTLe973A=="
      },
      "SQLitePCLRaw.core": {
        "type": "Transitive",
        "resolved": "2.1.12",
        "contentHash": "ETpNw9DY3ckWLgRRAeCHj+GKOuPi61aeczkXhgHexUvqoZBAYg8RYESE2J7O1M7+o6QbdSEZwrw9bfqztUVWXg=="
      },
      "SQLitePCLRaw.lib.e_sqlite3": {
        "type": "Transitive",
        "resolved": "2.1.12",
        "contentHash": "fWi8Dbknuhgg72fWinIdjXVaqO1hHL4YBBwVLnr7e1c9TAZwJ0QE38j9syW1hwx6HaqEVTwI+O07WPdZn8Rp0w=="
      },
      "SQLitePCLRaw.provider.e_sqlite3": {
        "type": "Transitive",
        "resolved": "2.1.12",
        "contentHash": "W3oH4XIfCzFrgUSDKHhN6N+dgzA5YHOR2VxX8GB6Qy7CyrJJgxPEG8NirgYWlPQC5P2jz2knSsexWu4tDUL33g==",
        "dependencies": {
          "SQLitePCLRaw.core": "2.1.12"
        }
      },
      "SSH.NET": {
        "type": "Transitive",
        "resolved": "2025.1.0",
        "contentHash": "jrnbtf0ItVaXAe6jE8X/kSLa6uC+0C+7W1vepcnRQB/rD88qy4IxG7Lf1FIbWmkoc4iVXv0pKrz+Wc6J4ngmHw==",
        "dependencies": {
          "BouncyCastle.Cryptography": "2.6.2",
          "Microsoft.Extensions.Logging.Abstractions": "8.0.3"
        }
      },
      "System.ClientModel": {
        "type": "Transitive",
        "resolved": "1.0.0",
        "contentHash": "I3CVkvxeqFYjIVEP59DnjbeoGNfo/+SZrCLpRz2v/g0gpCHaEMPtWSY0s9k/7jR1rAsLNg2z2u1JRB76tPjnIw==",
        "dependencies": {
          "System.Memory.Data": "1.0.2"
        }
      },
      "System.Configuration.ConfigurationManager": {
        "type": "Transitive",
        "resolved": "6.0.1",
        "contentHash": "jXw9MlUu/kRfEU0WyTptAVueupqIeE3/rl0EZDMlf8pcvJnitQ8HeVEp69rZdaStXwTV72boi/Bhw8lOeO+U2w==",
        "dependencies": {
          "System.Security.Cryptography.ProtectedData": "6.0.0",
          "System.Security.Permissions": "6.0.0"
        }
      },
      "System.Drawing.Common": {
        "type": "Transitive",
        "resolved": "6.0.0",
        "contentHash": "NfuoKUiP2nUWwKZN6twGqXioIe1zVD0RIj2t976A+czLHr2nY454RwwXs6JU9Htc6mwqL6Dn/nEL3dpVf2jOhg==",
        "dependencies": {
          "Microsoft.Win32.SystemEvents": "6.0.0"
        }
      },
      "System.IdentityModel.Tokens.Jwt": {
        "type": "Transitive",
        "resolved": "6.35.0",
        "contentHash": "yxGIQd3BFK7F6S62/7RdZk3C/mfwyVxvh6ngd1VYMBmbJ1YZZA9+Ku6suylVtso0FjI0wbElpJ0d27CdsyLpBQ==",
        "dependencies": {
          "Microsoft.IdentityModel.JsonWebTokens": "6.35.0",
          "Microsoft.IdentityModel.Tokens": "6.35.0"
        }
      },
      "System.Memory.Data": {
        "type": "Transitive",
        "resolved": "1.0.2",
        "contentHash": "JGkzeqgBsiZwKJZ1IxPNsDFZDhUvuEdX8L8BDC8N3KOj+6zMcNU28CNN59TpZE/VJYy9cP+5M+sbxtWJx3/xtw=="
      },
      "System.Runtime.Caching": {
        "type": "Transitive",
        "resolved": "6.0.0",
        "contentHash": "E0e03kUp5X2k+UAoVl6efmI7uU7JRBWi5EIdlQ7cr0NpBGjHG4fWII35PgsBY9T4fJQ8E4QPsL0rKksU9gcL5A==",
        "dependencies": {
          "System.Configuration.ConfigurationManager": "6.0.0"
        }
      },
      "System.Security.Cryptography.ProtectedData": {
        "type": "Transitive",
        "resolved": "6.0.0",
        "contentHash": "rp1gMNEZpvx9vP0JW0oHLxlf8oSiQgtno77Y4PLUBjSiDYoD77Y8uXHr1Ea5XG4/pIKhqAdxZ8v8OTUtqo9PeQ=="
      },
      "System.Security.Permissions": {
        "type": "Transitive",
        "resolved": "6.0.0",
        "contentHash": "T/uuc7AklkDoxmcJ7LGkyX1CcSviZuLCa4jg3PekfJ7SU0niF0IVTXwUiNVP9DSpzou2PpxJ+eNY2IfDM90ZCg==",
        "dependencies": {
          "System.Windows.Extensions": "6.0.0"
        }
      },
      "System.Threading.RateLimiting": {
        "type": "Transitive",
        "resolved": "8.0.0",
        "contentHash": "7mu9v0QDv66ar3DpGSZHg9NuNcxDaaAcnMULuZlaTpP9+hwXhrxNGsF5GmLkSHxFdb5bBc1TzeujsRgTrPWi+Q=="
      },
      "System.Windows.Extensions": {
        "type": "Transitive",
        "resolved": "6.0.0",
        "contentHash": "IXoJOXIqc39AIe+CIR7koBtRGMiCt/LPM3lI+PELtDIy9XdyeSrwXFdWV9dzJ2Awl0paLWUaknLxFQ5HpHZUog==",
        "dependencies": {
          "System.Drawing.Common": "6.0.0"
        }
      },
      "xunit.abstractions": {
        "type": "Transitive",
        "resolved": "2.0.3",
        "contentHash": "pot1I4YOxlWjIb5jmwvvQNbTrZ3lJQ+jUGkGjWE3hEFM0l5gOnBWS+H3qsex68s5cO52g+44vpGzhAt+42vwKg=="
      },
      "xunit.analyzers": {
        "type": "Transitive",
        "resolved": "1.18.0",
        "contentHash": "OtFMHN8yqIcYP9wcVIgJrq01AfTxijjAqVDy/WeQVSyrDC1RzBWeQPztL49DN2syXRah8TYnfvk035s7L95EZQ=="
      },
      "xunit.assert": {
        "type": "Transitive",
        "resolved": "2.9.3",
        "contentHash": "/Kq28fCE7MjOV42YLVRAJzRF0WmEqsmflm0cfpMjGtzQ2lR5mYVj1/i0Y8uDAOLczkL3/jArrwehfMD0YogMAA=="
      },
      "xunit.core": {
        "type": "Transitive",
        "resolved": "2.9.3",
        "contentHash": "BiAEvqGvyme19wE0wTKdADH+NloYqikiU0mcnmiNyXaF9HyHmE6sr/3DC5vnBkgsWaE6yPyWszKSPSApWdRVeQ==",
        "dependencies": {
          "xunit.extensibility.core": "[2.9.3]",
          "xunit.extensibility.execution": "[2.9.3]"
        }
      },
      "xunit.extensibility.core": {
        "type": "Transitive",
        "resolved": "2.9.3",
        "contentHash": "kf3si0YTn2a8J8eZNb+zFpwfoyvIrQ7ivNk5ZYA5yuYk1bEtMe4DxJ2CF/qsRgmEnDr7MnW1mxylBaHTZ4qErA==",
        "dependencies": {
          "xunit.abstractions": "2.0.3"
        }
      },
      "xunit.extensibility.execution": {
        "type": "Transitive",
        "resolved": "2.9.3",
        "contentHash": "yMb6vMESlSrE3Wfj7V6cjQ3S4TXdXpRqYeNEI3zsX31uTsGMJjEw6oD5F5u1cHnMptjhEECnmZSsPxB6ChZHDQ==",
        "dependencies": {
          "xunit.extensibility.core": "[2.9.3]"
        }
      },
      "litebus.commands": {
        "type": "Project",
        "dependencies": {
          "LiteBus.Commands.Abstractions": "[1.0.0, )",
          "LiteBus.Messaging": "[1.0.0, )",
          "LiteBus.Runtime.Abstractions": "[1.0.0, )"
        }
      },
      "litebus.commands.abstractions": {
        "type": "Project",
        "dependencies": {
          "LiteBus.Messaging.Abstractions": "[1.0.0, )"
        }
      },
      "litebus.commands.extensions.microsoft.dependencyinjection": {
        "type": "Project",
        "dependencies": {
          "LiteBus.Commands": "[1.0.0, )",
          "LiteBus.Runtime.Extensions.Microsoft.DependencyInjection": "[1.0.0, )"
        }
      },
      "litebus.durablemessaging.abstractions": {
        "type": "Project",
        "dependencies": {
          "LiteBus.Messaging.Abstractions": "[1.0.0, )",
          "LiteBus.Runtime.Abstractions": "[1.0.0, )"
        }
      },
      "litebus.events": {
        "type": "Project",
        "dependencies": {
          "LiteBus.Events.Abstractions": "[1.0.0, )",
          "LiteBus.Messaging": "[1.0.0, )",
          "LiteBus.Messaging.Abstractions": "[1.0.0, )",
          "LiteBus.Runtime.Abstractions": "[1.0.0, )"
        }
      },
      "litebus.events.abstractions": {
        "type": "Project",
        "dependencies": {
          "LiteBus.Messaging.Abstractions": "[1.0.0, )"
        }
      },
      "litebus.events.extensions.microsoft.dependencyinjection": {
        "type": "Project",
        "dependencies": {
          "LiteBus.Events": "[1.0.0, )",
          "LiteBus.Runtime.Extensions.Microsoft.DependencyInjection": "[1.0.0, )"
        }
      },
      "litebus.extensions.microsoft.dependencyinjection": {
        "type": "Project",
        "dependencies": {
          "LiteBus.Commands.Extensions.Microsoft.DependencyInjection": "[1.0.0, )",
          "LiteBus.Events.Extensions.Microsoft.DependencyInjection": "[1.0.0, )",
          "LiteBus.Messaging.Extensions.Microsoft.DependencyInjection": "[1.0.0, )",
          "LiteBus.Queries.Extensions.Microsoft.DependencyInjection": "[1.0.0, )"
        }
      },
      "litebus.inbox": {
        "type": "Project",
        "dependencies": {
          "LiteBus.DurableMessaging.Abstractions": "[1.0.0, )",
          "LiteBus.Inbox.Abstractions": "[1.0.0, )",
          "LiteBus.Messaging": "[1.0.0, )",
          "LiteBus.Runtime.Abstractions": "[1.0.0, )",
          "Microsoft.Extensions.Logging.Abstractions": "[10.0.8, )"
        }
      },
      "litebus.inbox.abstractions": {
        "type": "Project",
        "dependencies": {
          "LiteBus.DurableMessaging.Abstractions": "[1.0.0, )",
          "LiteBus.Messaging.Abstractions": "[1.0.0, )",
          "LiteBus.Runtime.Abstractions": "[1.0.0, )"
        }
      },
      "litebus.inbox.dispatch": {
        "type": "Project",
        "dependencies": {
          "LiteBus.Inbox.Abstractions": "[1.0.0, )",
          "LiteBus.Messaging": "[1.0.0, )",
          "LiteBus.Runtime.Abstractions": "[1.0.0, )",
          "LiteBus.Transport": "[1.0.0, )",
          "LiteBus.Transport.Abstractions": "[1.0.0, )"
        }
      },
      "litebus.inbox.dispatch.amqp": {
        "type": "Project",
        "dependencies": {
          "LiteBus.Inbox": "[1.0.0, )",
          "LiteBus.Inbox.Abstractions": "[1.0.0, )",
          "LiteBus.Inbox.Dispatch": "[1.0.0, )",
          "LiteBus.Transport.Amqp": "[1.0.0, )"
        }
      },
      "litebus.inbox.dispatch.inprocess": {
        "type": "Project",
        "dependencies": {
          "LiteBus.Commands": "[1.0.0, )",
          "LiteBus.Commands.Abstractions": "[1.0.0, )",
          "LiteBus.Inbox": "[1.0.0, )",
          "LiteBus.Inbox.Abstractions": "[1.0.0, )",
          "LiteBus.Messaging": "[1.0.0, )",
          "LiteBus.Runtime.Abstractions": "[1.0.0, )"
        }
      },
      "litebus.inbox.ingress": {
        "type": "Project",
        "dependencies": {
          "LiteBus.Inbox.Abstractions": "[1.0.0, )",
          "LiteBus.Messaging.Abstractions": "[1.0.0, )",
          "LiteBus.Runtime.Abstractions": "[1.0.0, )",
          "LiteBus.Transport": "[1.0.0, )",
          "LiteBus.Transport.Abstractions": "[1.0.0, )",
          "Microsoft.Extensions.Logging.Abstractions": "[10.0.8, )"
        }
      },
      "litebus.inbox.ingress.amqp": {
        "type": "Project",
        "dependencies": {
          "LiteBus.Inbox": "[1.0.0, )",
          "LiteBus.Inbox.Abstractions": "[1.0.0, )",
          "LiteBus.Inbox.Ingress": "[1.0.0, )",
          "LiteBus.Messaging.Abstractions": "[1.0.0, )",
          "LiteBus.Runtime.Abstractions": "[1.0.0, )",
          "LiteBus.Transport.Amqp": "[1.0.0, )",
          "Microsoft.Extensions.Logging.Abstractions": "[10.0.8, )"
        }
      },
      "litebus.inbox.storage.entityframeworkcore": {
        "type": "Project",
        "dependencies": {
          "LiteBus.Inbox": "[1.0.0, )",
          "LiteBus.Inbox.Abstractions": "[1.0.0, )",
          "LiteBus.Runtime.Abstractions": "[1.0.0, )",
          "LiteBus.Storage.EntityFrameworkCore": "[1.0.0, )",
          "Microsoft.EntityFrameworkCore": "[9.0.4, )",
          "Microsoft.EntityFrameworkCore.Relational": "[9.0.4, )"
        }
      },
      "litebus.inbox.storage.inmemory": {
        "type": "Project",
        "dependencies": {
          "LiteBus.Inbox": "[1.0.0, )",
          "LiteBus.Inbox.Abstractions": "[1.0.0, )",
          "LiteBus.Runtime.Abstractions": "[1.0.0, )"
        }
      },
      "litebus.inbox.storage.postgresql": {
        "type": "Project",
        "dependencies": {
          "LiteBus.Inbox": "[1.0.0, )",
          "LiteBus.Inbox.Abstractions": "[1.0.0, )",
          "LiteBus.Runtime.Abstractions": "[1.0.0, )",
          "LiteBus.Storage.PostgreSql": "[1.0.0, )",
          "Npgsql": "[9.0.4, )"
        }
      },
      "litebus.messaging": {
        "type": "Project",
        "dependencies": {
          "LiteBus.DurableMessaging.Abstractions": "[1.0.0, )",
          "LiteBus.Messaging.Abstractions": "[1.0.0, )",
          "LiteBus.Runtime.Abstractions": "[1.0.0, )",
          "Microsoft.Extensions.Logging.Abstractions": "[10.0.8, )"
        }
      },
      "litebus.messaging.abstractions": {
        "type": "Project",
        "dependencies": {
          "LiteBus.Runtime.Abstractions": "[1.0.0, )"
        }
      },
      "litebus.messaging.extensions.microsoft.dependencyinjection": {
        "type": "Project",
        "dependencies": {
          "LiteBus.Messaging": "[1.0.0, )",
          "LiteBus.Runtime.Extensions.Microsoft.DependencyInjection": "[1.0.0, )"
        }
      },
      "litebus.outbox": {
        "type": "Project",
        "dependencies": {
          "LiteBus.DurableMessaging.Abstractions": "[1.0.0, )",
          "LiteBus.Messaging": "[1.0.0, )",
          "LiteBus.Outbox.Abstractions": "[1.0.0, )",
          "LiteBus.Runtime.Abstractions": "[1.0.0, )",
          "Microsoft.Extensions.Logging.Abstractions": "[10.0.8, )"
        }
      },
      "litebus.outbox.abstractions": {
        "type": "Project",
        "dependencies": {
          "LiteBus.DurableMessaging.Abstractions": "[1.0.0, )",
          "LiteBus.Messaging.Abstractions": "[1.0.0, )",
          "LiteBus.Runtime.Abstractions": "[1.0.0, )"
        }
      },
      "litebus.outbox.dispatch": {
        "type": "Project",
        "dependencies": {
          "LiteBus.Messaging": "[1.0.0, )",
          "LiteBus.Outbox.Abstractions": "[1.0.0, )",
          "LiteBus.Runtime.Abstractions": "[1.0.0, )",
          "LiteBus.Transport": "[1.0.0, )",
          "LiteBus.Transport.Abstractions": "[1.0.0, )"
        }
      },
      "litebus.outbox.dispatch.amqp": {
        "type": "Project",
        "dependencies": {
          "LiteBus.Outbox": "[1.0.0, )",
          "LiteBus.Outbox.Abstractions": "[1.0.0, )",
          "LiteBus.Outbox.Dispatch": "[1.0.0, )",
          "LiteBus.Transport.Amqp": "[1.0.0, )"
        }
      },
      "litebus.outbox.dispatch.inprocess": {
        "type": "Project",
        "dependencies": {
          "LiteBus.Events": "[1.0.0, )",
          "LiteBus.Events.Abstractions": "[1.0.0, )",
          "LiteBus.Messaging": "[1.0.0, )",
          "LiteBus.Outbox": "[1.0.0, )",
          "LiteBus.Outbox.Abstractions": "[1.0.0, )",
          "LiteBus.Runtime.Abstractions": "[1.0.0, )"
        }
      },
      "litebus.outbox.storage.entityframeworkcore": {
        "type": "Project",
        "dependencies": {
          "LiteBus.Outbox": "[1.0.0, )",
          "LiteBus.Outbox.Abstractions": "[1.0.0, )",
          "LiteBus.Runtime.Abstractions": "[1.0.0, )",
          "LiteBus.Storage.EntityFrameworkCore": "[1.0.0, )",
          "Microsoft.EntityFrameworkCore": "[9.0.4, )",
          "Microsoft.EntityFrameworkCore.Relational": "[9.0.4, )"
        }
      },
      "litebus.outbox.storage.inmemory": {
        "type": "Project",
        "dependencies": {
          "LiteBus.Outbox": "[1.0.0, )",
          "LiteBus.Outbox.Abstractions": "[1.0.0, )",
          "LiteBus.Runtime.Abstractions": "[1.0.0, )"
        }
      },
      "litebus.outbox.storage.postgresql": {
        "type": "Project",
        "dependencies": {
          "LiteBus.Outbox": "[1.0.0, )",
          "LiteBus.Outbox.Abstractions": "[1.0.0, )",
          "LiteBus.Runtime.Abstractions": "[1.0.0, )",
          "LiteBus.Storage.PostgreSql": "[1.0.0, )",
          "Npgsql": "[9.0.4, )"
        }
      },
      "litebus.queries": {
        "type": "Project",
        "dependencies": {
          "LiteBus.Messaging": "[1.0.0, )",
          "LiteBus.Queries.Abstractions": "[1.0.0, )",
          "LiteBus.Runtime.Abstractions": "[1.0.0, )"
        }
      },
      "litebus.queries.abstractions": {
        "type": "Project",
        "dependencies": {
          "LiteBus.Messaging.Abstractions": "[1.0.0, )"
        }
      },
      "litebus.queries.extensions.microsoft.dependencyinjection": {
        "type": "Project",
        "dependencies": {
          "LiteBus.Queries": "[1.0.0, )",
          "LiteBus.Runtime.Extensions.Microsoft.DependencyInjection": "[1.0.0, )"
        }
      },
      "litebus.runtime": {
        "type": "Project",
        "dependencies": {
          "LiteBus.Runtime.Abstractions": "[1.0.0, )"
        }
      },
      "litebus.runtime.abstractions": {
        "type": "Project"
      },
      "litebus.runtime.extensions.hosting": {
        "type": "Project",
        "dependencies": {
          "LiteBus.Runtime.Abstractions": "[1.0.0, )",
          "Microsoft.Extensions.Hosting.Abstractions": "[10.0.0, )"
        }
      },
      "litebus.runtime.extensions.microsoft.dependencyinjection": {
        "type": "Project",
        "dependencies": {
          "LiteBus.Runtime": "[1.0.0, )",
          "LiteBus.Runtime.Extensions.Microsoft.Hosting": "[1.0.0, )",
          "Microsoft.Extensions.DependencyInjection.Abstractions": "[10.0.8, )"
        }
      },
      "litebus.runtime.extensions.microsoft.hosting": {
        "type": "Project",
        "dependencies": {
          "LiteBus.Runtime.Extensions.Hosting": "[1.0.0, )",
          "Microsoft.Extensions.DependencyInjection.Abstractions": "[10.0.8, )",
          "Microsoft.Extensions.Hosting.Abstractions": "[10.0.0, )"
        }
      },
      "litebus.saga": {
        "type": "Project",
        "dependencies": {
          "LiteBus.DurableMessaging.Abstractions": "[1.0.0, )",
          "LiteBus.Messaging.Abstractions": "[1.0.0, )",
          "LiteBus.Runtime.Abstractions": "[1.0.0, )",
          "LiteBus.Saga.Abstractions": "[1.0.0, )",
          "Microsoft.Extensions.Logging.Abstractions": "[10.0.8, )"
        }
      },
      "litebus.saga.abstractions": {
        "type": "Project",
        "dependencies": {
          "LiteBus.Commands.Abstractions": "[1.0.0, )",
          "LiteBus.Messaging.Abstractions": "[1.0.0, )",
          "LiteBus.Runtime.Abstractions": "[1.0.0, )"
        }
      },
      "litebus.saga.inboxintegration": {
        "type": "Project",
        "dependencies": {
          "LiteBus.Commands.Abstractions": "[1.0.0, )",
          "LiteBus.Inbox": "[1.0.0, )",
          "LiteBus.Inbox.Abstractions": "[1.0.0, )",
          "LiteBus.Messaging": "[1.0.0, )",
          "LiteBus.Saga": "[1.0.0, )"
        }
      },
      "litebus.saga.storage.postgresql": {
        "type": "Project",
        "dependencies": {
          "LiteBus.Messaging.Abstractions": "[1.0.0, )",
          "LiteBus.Runtime.Abstractions": "[1.0.0, )",
          "LiteBus.Saga": "[1.0.0, )",
          "LiteBus.Saga.Abstractions": "[1.0.0, )",
          "LiteBus.Storage.PostgreSql": "[1.0.0, )",
          "Npgsql": "[9.0.4, )"
        }
      },
      "litebus.storage.entityframeworkcore": {
        "type": "Project",
        "dependencies": {
          "LiteBus.DurableMessaging.Abstractions": "[1.0.0, )",
          "LiteBus.Messaging.Abstractions": "[1.0.0, )",
          "Microsoft.EntityFrameworkCore": "[9.0.4, )",
          "Microsoft.EntityFrameworkCore.Relational": "[9.0.4, )"
        }
      },
      "litebus.storage.postgresql": {
        "type": "Project",
        "dependencies": {
          "LiteBus.DurableMessaging.Abstractions": "[1.0.0, )",
          "LiteBus.Messaging.Abstractions": "[1.0.0, )",
          "Npgsql": "[9.0.4, )"
        }
      },
      "litebus.storage.testing": {
        "type": "Project",
        "dependencies": {
          "AwesomeAssertions": "[9.4.0, )",
          "LiteBus.Inbox.Abstractions": "[1.0.0, )",
          "LiteBus.Outbox.Abstractions": "[1.0.0, )",
          "xunit": "[2.9.3, )"
        }
      },
      "litebus.testing": {
        "type": "Project",
        "dependencies": {
          "AwesomeAssertions": "[9.4.0, )",
          "LiteBus.Commands": "[1.0.0, )",
          "LiteBus.Commands.Abstractions": "[1.0.0, )",
          "LiteBus.Events": "[1.0.0, )",
          "LiteBus.Events.Abstractions": "[1.0.0, )",
          "LiteBus.Extensions.Microsoft.DependencyInjection": "[1.0.0, )",
          "LiteBus.Inbox": "[1.0.0, )",
          "LiteBus.Inbox.Abstractions": "[1.0.0, )",
          "LiteBus.Inbox.Storage.InMemory": "[1.0.0, )",
          "LiteBus.Messaging": "[1.0.0, )",
          "LiteBus.Messaging.Abstractions": "[1.0.0, )",
          "LiteBus.Outbox": "[1.0.0, )",
          "LiteBus.Outbox.Abstractions": "[1.0.0, )",
          "LiteBus.Outbox.Storage.InMemory": "[1.0.0, )",
          "LiteBus.Queries": "[1.0.0, )",
          "LiteBus.Queries.Abstractions": "[1.0.0, )",
          "LiteBus.Runtime.Abstractions": "[1.0.0, )",
          "LiteBus.Runtime.Extensions.Microsoft.Hosting": "[1.0.0, )",
          "LiteBus.Transport.Abstractions": "[1.0.0, )",
          "Microsoft.Extensions.DependencyInjection": "[10.0.8, )",
          "Microsoft.Extensions.Hosting.Abstractions": "[10.0.0, )",
          "Newtonsoft.Json": "[13.0.4, )"
        }
      },
      "litebus.transport": {
        "type": "Project",
        "dependencies": {
          "LiteBus.Runtime.Abstractions": "[1.0.0, )",
          "LiteBus.Transport.Abstractions": "[1.0.0, )"
        }
      },
      "litebus.transport.abstractions": {
        "type": "Project"
      },
      "litebus.transport.amqp": {
        "type": "Project",
        "dependencies": {
          "LiteBus.Runtime.Abstractions": "[1.0.0, )",
          "LiteBus.Transport": "[1.0.0, )",
          "LiteBus.Transport.Abstractions": "[1.0.0, )",
          "RabbitMQ.Client": "[7.1.2, )"
        }
      },
      "Microsoft.Extensions.DependencyInjection.Abstractions": {
        "type": "CentralTransitive",
        "requested": "[10.0.8, )",
        "resolved": "10.0.8",
        "contentHash": "21nbDV60SRPWGIivsyl6lqBeEJNG1sginhhfWgRrr3Ais7aQ12To25OAHQxgoiJkjqy1aQ6RxpZBGYuTi7Ge6A=="
      },
      "Microsoft.Extensions.Logging": {
        "type": "CentralTransitive",
        "requested": "[10.0.0, )",
        "resolved": "9.0.4",
        "contentHash": "xW6QPYsqhbuWBO9/1oA43g/XPKbohJx+7G8FLQgQXIriYvY7s+gxr2wjQJfRoPO900dvvv2vVH7wZovG+M1m6w==",
        "dependencies": {
          "Microsoft.Extensions.DependencyInjection": "9.0.4",
          "Microsoft.Extensions.Logging.Abstractions": "9.0.4",
          "Microsoft.Extensions.Options": "9.0.4"
        }
      }
    }
  }
}