{
  "version": 2,
  "dependencies": {
    "net10.0": {
      "AwesomeAssertions": {
        "type": "Direct",
        "requested": "[9.4.0, )",
        "resolved": "9.4.0",
        "contentHash": "dJxkWiQ8D+xT6Gr2sSL83+Mar+Vpy2JTcUPxFcckpPJ8VYBfSgnk+zqpS6t7kcGnjz8NLyF14qfuoL4bKzzoew=="
      },
      "coverlet.collector": {
        "type": "Direct",
        "requested": "[10.0.1, )",
        "resolved": "10.0.1",
        "contentHash": "27jXSV/0DbVqF5jDrAxuQFZ9oaz6gmG03p8ttxAFk+X0M4woFYj7MoWDLCna5EGLb0CE6OE7X6ZH3Wt5smTtaA=="
      },
      "Microsoft.Extensions.DependencyInjection": {
        "type": "Direct",
        "requested": "[10.0.8, )",
        "resolved": "10.0.8",
        "contentHash": "daf62xHIrq8pnE709hgaZZN9tSam9TGGepWe1+bE6V3GEuVwJiMs6ib+38lfMCyAJAHiX0vapxBhsuMSV7U+cg==",
        "dependencies": {
          "Microsoft.Extensions.DependencyInjection.Abstractions": "10.0.8"
        }
      },
      "Microsoft.Extensions.Hosting.Abstractions": {
        "type": "Direct",
        "requested": "[10.0.0, )",
        "resolved": "10.0.0",
        "contentHash": "KrN6TGFwCwqOkLLk/idW/XtDQh+8In+CL9T4M1Dx+5ScsjTq4TlVbal8q532m82UYrMr6RiQJF2HvYCN0QwVsA==",
        "dependencies": {
          "Microsoft.Extensions.Configuration.Abstractions": "10.0.0",
          "Microsoft.Extensions.DependencyInjection.Abstractions": "10.0.0",
          "Microsoft.Extensions.Diagnostics.Abstractions": "10.0.0",
          "Microsoft.Extensions.FileProviders.Abstractions": "10.0.0",
          "Microsoft.Extensions.Logging.Abstractions": "10.0.0"
        }
      },
      "Microsoft.NET.Test.Sdk": {
        "type": "Direct",
        "requested": "[18.5.1, )",
        "resolved": "18.5.1",
        "contentHash": "SfqVaLiIqAbRWuPg5BP4QFwBIirQj/YIL8Dhxl6zntBKbXp0cQykoV480SmwG+yRMiWptxEI6NbHQuGSZ8b97w==",
        "dependencies": {
          "Microsoft.CodeCoverage": "18.5.1",
          "Microsoft.TestPlatform.TestHost": "18.5.1"
        }
      },
      "xunit": {
        "type": "Direct",
        "requested": "[2.9.3, )",
        "resolved": "2.9.3",
        "contentHash": "TlXQBinK35LpOPKHAqbLY4xlEen9TBafjs0V5KnA4wZsoQLQJiirCR4CbIXvOH8NzkW4YeJKP5P/Bnrodm0h9Q==",
        "dependencies": {
          "xunit.analyzers": "1.18.0",
          "xunit.assert": "2.9.3",
          "xunit.core": "[2.9.3]"
        }
      },
      "xunit.runner.visualstudio": {
        "type": "Direct",
        "requested": "[3.1.5, )",
        "resolved": "3.1.5",
        "contentHash": "tKi7dSTwP4m5m9eXPM2Ime4Kn7xNf4x4zT9sdLO/G4hZVnQCRiMTWoSZqI/pYTVeI27oPPqHBKYI/DjJ9GsYgA=="
      },
      "AWSSDK.Core": {
        "type": "Transitive",
        "resolved": "3.7.402.24",
        "contentHash": "xcUx7ntQE7DYcdlL0/IPb4DXPpQfH/OL11M9Swcm6iDPhX1S/Hu0neWVf5gBuRe58Sei0cX24qKjol+mDhcNwA=="
      },
      "Microsoft.CodeCoverage": {
        "type": "Transitive",
        "resolved": "18.5.1",
        "contentHash": "vMFDR1ZjqzzgKmM0zrPie7Gv9Y+ZppjODB5Quzu9Eq0TlIusUfUCYFPEawO91zQuqwzvdFbJSU7WHNtjStffJQ=="
      },
      "Microsoft.Extensions.Configuration.Abstractions": {
        "type": "Transitive",
        "resolved": "10.0.0",
        "contentHash": "d2kDKnCsJvY7mBVhcjPSp9BkJk48DsaHPg5u+Oy4f8XaOqnEedRy/USyvnpHL92wpJ6DrTPy7htppUUzskbCXQ==",
        "dependencies": {
          "Microsoft.Extensions.Primitives": "10.0.0"
        }
      },
      "Microsoft.Extensions.Diagnostics.Abstractions": {
        "type": "Transitive",
        "resolved": "10.0.0",
        "contentHash": "SfK89ytD61S7DgzorFljSkUeluC1ncn6dtZgwc0ot39f/BEYWBl5jpgvodxduoYAs1d9HG8faCDRZxE95UMo2A==",
        "dependencies": {
          "Microsoft.Extensions.DependencyInjection.Abstractions": "10.0.0",
          "Microsoft.Extensions.Options": "10.0.0"
        }
      },
      "Microsoft.Extensions.FileProviders.Abstractions": {
        "type": "Transitive",
        "resolved": "10.0.0",
        "contentHash": "/ppSdehKk3fuXjlqCDgSOtjRK/pSHU8eWgzSHfHdwVm5BP4Dgejehkw+PtxKG2j98qTDEHDst2Y99aNsmJldmw==",
        "dependencies": {
          "Microsoft.Extensions.Primitives": "10.0.0"
        }
      },
      "Microsoft.Extensions.Logging.Abstractions": {
        "type": "Transitive",
        "resolved": "10.0.8",
        "contentHash": "fdVadZmsC8jRP0KvKy8mO8f6GV/HyBvElfcSxEhd+5FM5boAw/01iSaCto5G3G37ApJira4A3pNaVvBv8cUiLQ==",
        "dependencies": {
          "Microsoft.Extensions.DependencyInjection.Abstractions": "10.0.8"
        }
      },
      "Microsoft.Extensions.Options": {
        "type": "Transitive",
        "resolved": "10.0.0",
        "contentHash": "8oCAgXOow5XDrY9HaXX1QmH3ORsyZO/ANVHBlhLyCeWTH5Sg4UuqZeOTWJi6484M+LqSx0RqQXDJtdYy2BNiLQ==",
        "dependencies": {
          "Microsoft.Extensions.DependencyInjection.Abstractions": "10.0.0",
          "Microsoft.Extensions.Primitives": "10.0.0"
        }
      },
      "Microsoft.Extensions.Primitives": {
        "type": "Transitive",
        "resolved": "10.0.0",
        "contentHash": "inRnbpCS0nwO/RuoZIAqxQUuyjaknOOnCEZB55KSMMjRhl0RQDttSmLSGsUJN3RQ3ocf5NDLFd2mOQViHqMK5w=="
      },
      "Microsoft.TestPlatform.ObjectModel": {
        "type": "Transitive",
        "resolved": "18.5.1",
        "contentHash": "KNZd+M0S0rz5eNAln0pbZX+A/RbokYZCbGKx4fN4CkhtWhkz6nSJDO+9LGYjRE4d0WPVriJ2JnVubkjt3+PpMg=="
      },
      "Microsoft.TestPlatform.TestHost": {
        "type": "Transitive",
        "resolved": "18.5.1",
        "contentHash": "RM+3JNHEoHOCFXzVntUcIiYxzPjzBN0N8wto6HYXi76YyBTZ/3CeRL8U+Pk5zx3AUrOmHxDvKJwGUCdElU9bJg==",
        "dependencies": {
          "Microsoft.TestPlatform.ObjectModel": "18.5.1",
          "Newtonsoft.Json": "13.0.3"
        }
      },
      "Newtonsoft.Json": {
        "type": "Transitive",
        "resolved": "13.0.3",
        "contentHash": "HrC5BXdl00IP9zeV+0Z848QWPAoCr9P3bDEZguI+gkLcBKAOxix/tLEAAHC+UvDNPv4a2d18lOReHMOagPa+zQ=="
      },
      "System.Threading.RateLimiting": {
        "type": "Transitive",
        "resolved": "8.0.0",
        "contentHash": "7mu9v0QDv66ar3DpGSZHg9NuNcxDaaAcnMULuZlaTpP9+hwXhrxNGsF5GmLkSHxFdb5bBc1TzeujsRgTrPWi+Q=="
      },
      "xunit.abstractions": {
        "type": "Transitive",
        "resolved": "2.0.3",
        "contentHash": "pot1I4YOxlWjIb5jmwvvQNbTrZ3lJQ+jUGkGjWE3hEFM0l5gOnBWS+H3qsex68s5cO52g+44vpGzhAt+42vwKg=="
      },
      "xunit.analyzers": {
        "type": "Transitive",
        "resolved": "1.18.0",
        "contentHash": "OtFMHN8yqIcYP9wcVIgJrq01AfTxijjAqVDy/WeQVSyrDC1RzBWeQPztL49DN2syXRah8TYnfvk035s7L95EZQ=="
      },
      "xunit.assert": {
        "type": "Transitive",
        "resolved": "2.9.3",
        "contentHash": "/Kq28fCE7MjOV42YLVRAJzRF0WmEqsmflm0cfpMjGtzQ2lR5mYVj1/i0Y8uDAOLczkL3/jArrwehfMD0YogMAA=="
      },
      "xunit.core": {
        "type": "Transitive",
        "resolved": "2.9.3",
        "contentHash": "BiAEvqGvyme19wE0wTKdADH+NloYqikiU0mcnmiNyXaF9HyHmE6sr/3DC5vnBkgsWaE6yPyWszKSPSApWdRVeQ==",
        "dependencies": {
          "xunit.extensibility.core": "[2.9.3]",
          "xunit.extensibility.execution": "[2.9.3]"
        }
      },
      "xunit.extensibility.core": {
        "type": "Transitive",
        "resolved": "2.9.3",
        "contentHash": "kf3si0YTn2a8J8eZNb+zFpwfoyvIrQ7ivNk5ZYA5yuYk1bEtMe4DxJ2CF/qsRgmEnDr7MnW1mxylBaHTZ4qErA==",
        "dependencies": {
          "xunit.abstractions": "2.0.3"
        }
      },
      "xunit.extensibility.execution": {
        "type": "Transitive",
        "resolved": "2.9.3",
        "contentHash": "yMb6vMESlSrE3Wfj7V6cjQ3S4TXdXpRqYeNEI3zsX31uTsGMJjEw6oD5F5u1cHnMptjhEECnmZSsPxB6ChZHDQ==",
        "dependencies": {
          "xunit.extensibility.core": "[2.9.3]"
        }
      },
      "litebus.commands": {
        "type": "Project",
        "dependencies": {
          "LiteBus.Commands.Abstractions": "[1.0.0, )",
          "LiteBus.Messaging": "[1.0.0, )",
          "LiteBus.Runtime.Abstractions": "[1.0.0, )"
        }
      },
      "litebus.commands.abstractions": {
        "type": "Project",
        "dependencies": {
          "LiteBus.Messaging.Abstractions": "[1.0.0, )"
        }
      },
      "litebus.commands.extensions.microsoft.dependencyinjection": {
        "type": "Project",
        "dependencies": {
          "LiteBus.Commands": "[1.0.0, )",
          "LiteBus.Runtime.Extensions.Microsoft.DependencyInjection": "[1.0.0, )"
        }
      },
      "litebus.durablemessaging.abstractions": {
        "type": "Project",
        "dependencies": {
          "LiteBus.Messaging.Abstractions": "[1.0.0, )",
          "LiteBus.Runtime.Abstractions": "[1.0.0, )"
        }
      },
      "litebus.events": {
        "type": "Project",
        "dependencies": {
          "LiteBus.Events.Abstractions": "[1.0.0, )",
          "LiteBus.Messaging": "[1.0.0, )",
          "LiteBus.Messaging.Abstractions": "[1.0.0, )",
          "LiteBus.Runtime.Abstractions": "[1.0.0, )"
        }
      },
      "litebus.events.abstractions": {
        "type": "Project",
        "dependencies": {
          "LiteBus.Messaging.Abstractions": "[1.0.0, )"
        }
      },
      "litebus.events.extensions.microsoft.dependencyinjection": {
        "type": "Project",
        "dependencies": {
          "LiteBus.Events": "[1.0.0, )",
          "LiteBus.Runtime.Extensions.Microsoft.DependencyInjection": "[1.0.0, )"
        }
      },
      "litebus.extensions.microsoft.dependencyinjection": {
        "type": "Project",
        "dependencies": {
          "LiteBus.Commands.Extensions.Microsoft.DependencyInjection": "[1.0.0, )",
          "LiteBus.Events.Extensions.Microsoft.DependencyInjection": "[1.0.0, )",
          "LiteBus.Messaging.Extensions.Microsoft.DependencyInjection": "[1.0.0, )",
          "LiteBus.Queries.Extensions.Microsoft.DependencyInjection": "[1.0.0, )"
        }
      },
      "litebus.inbox": {
        "type": "Project",
        "dependencies": {
          "LiteBus.DurableMessaging.Abstractions": "[1.0.0, )",
          "LiteBus.Inbox.Abstractions": "[1.0.0, )",
          "LiteBus.Messaging": "[1.0.0, )",
          "LiteBus.Runtime.Abstractions": "[1.0.0, )",
          "Microsoft.Extensions.Logging.Abstractions": "[10.0.8, )"
        }
      },
      "litebus.inbox.abstractions": {
        "type": "Project",
        "dependencies": {
          "LiteBus.DurableMessaging.Abstractions": "[1.0.0, )",
          "LiteBus.Messaging.Abstractions": "[1.0.0, )",
          "LiteBus.Runtime.Abstractions": "[1.0.0, )"
        }
      },
      "litebus.inbox.dispatch": {
        "type": "Project",
        "dependencies": {
          "LiteBus.Inbox.Abstractions": "[1.0.0, )",
          "LiteBus.Messaging": "[1.0.0, )",
          "LiteBus.Runtime.Abstractions": "[1.0.0, )",
          "LiteBus.Transport": "[1.0.0, )",
          "LiteBus.Transport.Abstractions": "[1.0.0, )"
        }
      },
      "litebus.inbox.dispatch.awssqs": {
        "type": "Project",
        "dependencies": {
          "LiteBus.Inbox": "[1.0.0, )",
          "LiteBus.Inbox.Abstractions": "[1.0.0, )",
          "LiteBus.Inbox.Dispatch": "[1.0.0, )",
          "LiteBus.Transport.AwsSqs": "[1.0.0, )"
        }
      },
      "litebus.inbox.dispatch.inmemory": {
        "type": "Project",
        "dependencies": {
          "LiteBus.Inbox": "[1.0.0, )",
          "LiteBus.Inbox.Abstractions": "[1.0.0, )",
          "LiteBus.Inbox.Dispatch": "[1.0.0, )",
          "LiteBus.Transport.InMemory": "[1.0.0, )"
        }
      },
      "litebus.inbox.dispatch.inprocess": {
        "type": "Project",
        "dependencies": {
          "LiteBus.Commands": "[1.0.0, )",
          "LiteBus.Commands.Abstractions": "[1.0.0, )",
          "LiteBus.Inbox": "[1.0.0, )",
          "LiteBus.Inbox.Abstractions": "[1.0.0, )",
          "LiteBus.Messaging": "[1.0.0, )",
          "LiteBus.Runtime.Abstractions": "[1.0.0, )"
        }
      },
      "litebus.inbox.ingress": {
        "type": "Project",
        "dependencies": {
          "LiteBus.Inbox.Abstractions": "[1.0.0, )",
          "LiteBus.Messaging.Abstractions": "[1.0.0, )",
          "LiteBus.Runtime.Abstractions": "[1.0.0, )",
          "LiteBus.Transport": "[1.0.0, )",
          "LiteBus.Transport.Abstractions": "[1.0.0, )",
          "Microsoft.Extensions.Logging.Abstractions": "[10.0.8, )"
        }
      },
      "litebus.inbox.ingress.amqp": {
        "type": "Project",
        "dependencies": {
          "LiteBus.Inbox": "[1.0.0, )",
          "LiteBus.Inbox.Abstractions": "[1.0.0, )",
          "LiteBus.Inbox.Ingress": "[1.0.0, )",
          "LiteBus.Messaging.Abstractions": "[1.0.0, )",
          "LiteBus.Runtime.Abstractions": "[1.0.0, )",
          "LiteBus.Transport.Amqp": "[1.0.0, )",
          "Microsoft.Extensions.Logging.Abstractions": "[10.0.8, )"
        }
      },
      "litebus.inbox.storage.inmemory": {
        "type": "Project",
        "dependencies": {
          "LiteBus.Inbox": "[1.0.0, )",
          "LiteBus.Inbox.Abstractions": "[1.0.0, )",
          "LiteBus.Runtime.Abstractions": "[1.0.0, )"
        }
      },
      "litebus.messaging": {
        "type": "Project",
        "dependencies": {
          "LiteBus.DurableMessaging.Abstractions": "[1.0.0, )",
          "LiteBus.Messaging.Abstractions": "[1.0.0, )",
          "LiteBus.Runtime.Abstractions": "[1.0.0, )",
          "Microsoft.Extensions.Logging.Abstractions": "[10.0.8, )"
        }
      },
      "litebus.messaging.abstractions": {
        "type": "Project",
        "dependencies": {
          "LiteBus.Runtime.Abstractions": "[1.0.0, )"
        }
      },
      "litebus.messaging.extensions.microsoft.dependencyinjection": {
        "type": "Project",
        "dependencies": {
          "LiteBus.Messaging": "[1.0.0, )",
          "LiteBus.Runtime.Extensions.Microsoft.DependencyInjection": "[1.0.0, )"
        }
      },
      "litebus.queries": {
        "type": "Project",
        "dependencies": {
          "LiteBus.Messaging": "[1.0.0, )",
          "LiteBus.Queries.Abstractions": "[1.0.0, )",
          "LiteBus.Runtime.Abstractions": "[1.0.0, )"
        }
      },
      "litebus.queries.abstractions": {
        "type": "Project",
        "dependencies": {
          "LiteBus.Messaging.Abstractions": "[1.0.0, )"
        }
      },
      "litebus.queries.extensions.microsoft.dependencyinjection": {
        "type": "Project",
        "dependencies": {
          "LiteBus.Queries": "[1.0.0, )",
          "LiteBus.Runtime.Extensions.Microsoft.DependencyInjection": "[1.0.0, )"
        }
      },
      "litebus.runtime": {
        "type": "Project",
        "dependencies": {
          "LiteBus.Runtime.Abstractions": "[1.0.0, )"
        }
      },
      "litebus.runtime.abstractions": {
        "type": "Project"
      },
      "litebus.runtime.extensions.hosting": {
        "type": "Project",
        "dependencies": {
          "LiteBus.Runtime.Abstractions": "[1.0.0, )",
          "Microsoft.Extensions.Hosting.Abstractions": "[10.0.0, )"
        }
      },
      "litebus.runtime.extensions.microsoft.dependencyinjection": {
        "type": "Project",
        "dependencies": {
          "LiteBus.Runtime": "[1.0.0, )",
          "LiteBus.Runtime.Extensions.Microsoft.Hosting": "[1.0.0, )",
          "Microsoft.Extensions.DependencyInjection.Abstractions": "[10.0.8, )"
        }
      },
      "litebus.runtime.extensions.microsoft.hosting": {
        "type": "Project",
        "dependencies": {
          "LiteBus.Runtime.Extensions.Hosting": "[1.0.0, )",
          "Microsoft.Extensions.DependencyInjection.Abstractions": "[10.0.8, )",
          "Microsoft.Extensions.Hosting.Abstractions": "[10.0.0, )"
        }
      },
      "litebus.testing": {
        "type": "Project"
      },
      "litebus.testing.hosting": {
        "type": "Project",
        "dependencies": {
          "LiteBus.Inbox": "[1.0.0, )",
          "LiteBus.Runtime.Abstractions": "[1.0.0, )",
          "LiteBus.Runtime.Extensions.Microsoft.Hosting": "[1.0.0, )",
          "Microsoft.Extensions.DependencyInjection": "[10.0.8, )",
          "Microsoft.Extensions.Hosting.Abstractions": "[10.0.0, )"
        }
      },
      "litebus.testing.transport": {
        "type": "Project",
        "dependencies": {
          "LiteBus.Transport.Abstractions": "[1.0.0, )"
        }
      },
      "litebus.transport": {
        "type": "Project",
        "dependencies": {
          "LiteBus.Runtime.Abstractions": "[1.0.0, )",
          "LiteBus.Transport.Abstractions": "[1.0.0, )"
        }
      },
      "litebus.transport.abstractions": {
        "type": "Project"
      },
      "litebus.transport.amqp": {
        "type": "Project",
        "dependencies": {
          "LiteBus.Runtime.Abstractions": "[1.0.0, )",
          "LiteBus.Transport": "[1.0.0, )",
          "LiteBus.Transport.Abstractions": "[1.0.0, )",
          "RabbitMQ.Client": "[7.1.2, )"
        }
      },
      "litebus.transport.awssqs": {
        "type": "Project",
        "dependencies": {
          "AWSSDK.SQS": "[3.7.400.118, )",
          "LiteBus.Runtime.Abstractions": "[1.0.0, )",
          "LiteBus.Transport": "[1.0.0, )",
          "LiteBus.Transport.Abstractions": "[1.0.0, )"
        }
      },
      "litebus.transport.inmemory": {
        "type": "Project",
        "dependencies": {
          "LiteBus.Runtime.Abstractions": "[1.0.0, )",
          "LiteBus.Transport": "[1.0.0, )",
          "LiteBus.Transport.Abstractions": "[1.0.0, )"
        }
      },
      "AWSSDK.SQS": {
        "type": "CentralTransitive",
        "requested": "[3.7.400.118, )",
        "resolved": "3.7.400.118",
        "contentHash": "5rPHshkyrzt/Dnm9mXPGFR88xGA5qeG5xA7YN+72mOOb6zM6T/97LIh2mvSYIM4/IBqY65njnx79RwZqV0qvag==",
        "dependencies": {
          "AWSSDK.Core": "[3.7.402.24, 4.0.0)"
        }
      },
      "Microsoft.Extensions.DependencyInjection.Abstractions": {
        "type": "CentralTransitive",
        "requested": "[10.0.8, )",
        "resolved": "10.0.8",
        "contentHash": "21nbDV60SRPWGIivsyl6lqBeEJNG1sginhhfWgRrr3Ais7aQ12To25OAHQxgoiJkjqy1aQ6RxpZBGYuTi7Ge6A=="
      },
      "RabbitMQ.Client": {
        "type": "CentralTransitive",
        "requested": "[7.1.2, )",
        "resolved": "7.1.2",
        "contentHash": "y3c6ulgULScWthHw5PLM1ShHRLhxg0vCtzX/hh61gRgNecL3ZC3WoBW2HYHoXOVRqTl99Br9E7CZEytGZEsCyQ==",
        "dependencies": {
          "System.Threading.RateLimiting": "8.0.0"
        }
      }
    }
  }
}